
Microsoft Visual Studio Solution File, Format Version 12.00
# Visual Studio 15
VisualStudioVersion = 15.0.26228.12
MinimumVisualStudioVersion = 10.0.40219.1
Project("{FAE04EC0-301F-11D3-BF4B-00C04F79EFBC}") = "PracticeIntegerNumbers", "PracticeIntegerNumbers\PracticeIntegerNumbers.csproj", "{98CA75A8-322D-4517-9B55-A4541603B2F2}"
EndProject
Project("{FAE04EC0-301F-11D3-BF4B-00C04F79EFBC}") = "PracticeFloatingPoints", "PracticeFloatingPoints\PracticeFloatingPoints.csproj", "{9C120D83-DBF6-405F-8572-0B8CA7DB212F}"
EndProject
Project("{FAE04EC0-301F-11D3-BF4B-00C04F79EFBC}") = "PracticeCharsAndStrings", "PracticeCharsAndStrings\PracticeCharsAndStrings.csproj", "{71E4F82B-37C1-4334-B3A6-A2176539D7DC}"
EndProject
Project("{FAE04EC0-301F-11D3-BF4B-00C04F79EFBC}") = "VariableInHexadecimalFormat", "VariableInHexadecimalFormat\VariableInHexadecimalFormat.csproj", "{B9799A4B-46D7-43D7-B9A3-702F6353BED5}"
EndProject
Project("{FAE04EC0-301F-11D3-BF4B-00C04F79EFBC}") = "BooleanVariable", "BooleanVariable\BooleanVariable.csproj", "{FDC5CF58-4BAE-4982-857A-F040C88047F4}"
EndProject
Project("{FAE04EC0-301F-11D3-BF4B-00C04F79EFBC}") = "StringsAndObjects", "StringsAndObjects\StringsAndObjects.csproj", "{B8DA4429-1C1B-413F-9DAC-8DFF9E85C7D6}"
EndProject
Project("{FAE04EC0-301F-11D3-BF4B-00C04F79EFBC}") = "ExchangeVariableValues", "ExchangeVariableValues\ExchangeVariableValues.csproj", "{4680F4BE-D7C0-4E80-8641-F51FC0757746}"
EndProject
Project("{FAE04EC0-301F-11D3-BF4B-00C04F79EFBC}") = "EmployeeData", "EmployeeData\EmployeeData.csproj", "{0DFDCED3-8DFC-4D0A-87A0-5921A7429DDC}"
EndProject
Project("{FAE04EC0-301F-11D3-BF4B-00C04F79EFBC}") = "ReversedChars", "ReversedChars\ReversedChars.csproj", "{11FF6D70-C99D-462E-B500-8979A7845DA7}"
EndProject
Project("{FAE04EC0-301F-11D3-BF4B-00C04F79EFBC}") = "CenturiesToNanoseconds", "CenturiesToNanoseconds\CenturiesToNanoseconds.csproj", "{B3F19FF3-600D-4A91-A608-8A1118AC1679}"
EndProject
Project("{FAE04EC0-301F-11D3-BF4B-00C04F79EFBC}") = "ConvertSpeedUnits", "ConvertSpeedUnits\ConvertSpeedUnits.csproj", "{06133B0F-43A4-4977-93D1-EBB92EEF6369}"
EndProject
Project("{FAE04EC0-301F-11D3-BF4B-00C04F79EFBC}") = "RectangleProperties", "RectangleProperties\RectangleProperties.csproj", "{E2D7094A-97EC-41FC-8CA8-34DD9B970274}"
EndProject
Project("{FAE04EC0-301F-11D3-BF4B-00C04F79EFBC}") = "VowelOrDigit", "VowelOrDigit\VowelOrDigit.csproj", "{2B28290F-B46D-45C7-B556-A606D6B4B383}"
EndProject
Project("{FAE04EC0-301F-11D3-BF4B-00C04F79EFBC}") = "IntegerToHexAndBinary", "IntegerToHexAndBinary\IntegerToHexAndBinary.csproj", "{B826E5AC-DC67-4F96-A88B-2062E598A2C2}"
EndProject
Project("{FAE04EC0-301F-11D3-BF4B-00C04F79EFBC}") = "FastPrimeChecker-Refactor", "FastPrimeChecker-Refactor\FastPrimeChecker-Refactor.csproj", "{6A4FD317-32A0-4BBD-9E44-06C62F48E5E4}"
EndProject
Project("{FAE04EC0-301F-11D3-BF4B-00C04F79EFBC}") = "ComparingFloats", "ComparingFloats\ComparingFloats.csproj", "{F2189F5E-9884-4DCC-98C7-BEB85EE4BCE1}"
EndProject
Project("{FAE04EC0-301F-11D3-BF4B-00C04F79EFBC}") = "PrintPartOfTheASCIITable", "PrintPartOfTheASCIITable\PrintPartOfTheASCIITable.csproj", "{5984E3A9-E165-4C1D-BDE0-FE2411454DB6}"
EndProject
Project("{FAE04EC0-301F-11D3-BF4B-00C04F79EFBC}") = "DofferentIntegerSize", "DofferentIntegerSize\DofferentIntegerSize.csproj", "{098992BD-E166-4036-8056-860A7EA9E58D}"
EndProject
Project("{FAE04EC0-301F-11D3-BF4B-00C04F79EFBC}") = "TheaThePhotographer", "TheaThePhotographer\TheaThePhotographer.csproj", "{BEF67716-BA73-4FD8-B952-A4092C8A6754}"
EndProject
Global
	GlobalSection(SolutionConfigurationPlatforms) = preSolution
		Debug|Any CPU = Debug|Any CPU
		Release|Any CPU = Release|Any CPU
	EndGlobalSection
	GlobalSection(ProjectConfigurationPlatforms) = postSolution
		{98CA75A8-322D-4517-9B55-A4541603B2F2}.Debug|Any CPU.ActiveCfg = Debug|Any CPU
		{98CA75A8-322D-4517-9B55-A4541603B2F2}.Debug|Any CPU.Build.0 = Debug|Any CPU
		{98CA75A8-322D-4517-9B55-A4541603B2F2}.Release|Any CPU.ActiveCfg = Release|Any CPU
		{98CA75A8-322D-4517-9B55-A4541603B2F2}.Release|Any CPU.Build.0 = Release|Any CPU
		{9C120D83-DBF6-405F-8572-0B8CA7DB212F}.Debug|Any CPU.ActiveCfg = Debug|Any CPU
		{9C120D83-DBF6-405F-8572-0B8CA7DB212F}.Debug|Any CPU.Build.0 = Debug|Any CPU
		{9C120D83-DBF6-405F-8572-0B8CA7DB212F}.Release|Any CPU.ActiveCfg = Release|Any CPU
		{9C120D83-DBF6-405F-8572-0B8CA7DB212F}.Release|Any CPU.Build.0 = Release|Any CPU
		{71E4F82B-37C1-4334-B3A6-A2176539D7DC}.Debug|Any CPU.ActiveCfg = Debug|Any CPU
		{71E4F82B-37C1-4334-B3A6-A2176539D7DC}.Debug|Any CPU.Build.0 = Debug|Any CPU
		{71E4F82B-37C1-4334-B3A6-A2176539D7DC}.Release|Any CPU.ActiveCfg = Release|Any CPU
		{71E4F82B-37C1-4334-B3A6-A2176539D7DC}.Release|Any CPU.Build.0 = Release|Any CPU
		{B9799A4B-46D7-43D7-B9A3-702F6353BED5}.Debug|Any CPU.ActiveCfg = Debug|Any CPU
		{B9799A4B-46D7-43D7-B9A3-702F6353BED5}.Debug|Any CPU.Build.0 = Debug|Any CPU
		{B9799A4B-46D7-43D7-B9A3-702F6353BED5}.Release|Any CPU.ActiveCfg = Release|Any CPU
		{B9799A4B-46D7-43D7-B9A3-702F6353BED5}.Release|Any CPU.Build.0 = Release|Any CPU
		{FDC5CF58-4BAE-4982-857A-F040C88047F4}.Debug|Any CPU.ActiveCfg = Debug|Any CPU
		{FDC5CF58-4BAE-4982-857A-F040C88047F4}.Debug|Any CPU.Build.0 = Debug|Any CPU
		{FDC5CF58-4BAE-4982-857A-F040C88047F4}.Release|Any CPU.ActiveCfg = Release|Any CPU
		{FDC5CF58-4BAE-4982-857A-F040C88047F4}.Release|Any CPU.Build.0 = Release|Any CPU
		{B8DA4429-1C1B-413F-9DAC-8DFF9E85C7D6}.Debug|Any CPU.ActiveCfg = Debug|Any CPU
		{B8DA4429-1C1B-413F-9DAC-8DFF9E85C7D6}.Debug|Any CPU.Build.0 = Debug|Any CPU
		{B8DA4429-1C1B-413F-9DAC-8DFF9E85C7D6}.Release|Any CPU.ActiveCfg = Release|Any CPU
		{B8DA4429-1C1B-413F-9DAC-8DFF9E85C7D6}.Release|Any CPU.Build.0 = Release|Any CPU
		{4680F4BE-D7C0-4E80-8641-F51FC0757746}.Debug|Any CPU.ActiveCfg = Debug|Any CPU
		{4680F4BE-D7C0-4E80-8641-F51FC0757746}.Debug|Any CPU.Build.0 = Debug|Any CPU
		{4680F4BE-D7C0-4E80-8641-F51FC0757746}.Release|Any CPU.ActiveCfg = Release|Any CPU
		{4680F4BE-D7C0-4E80-8641-F51FC0757746}.Release|Any CPU.Build.0 = Release|Any CPU
		{0DFDCED3-8DFC-4D0A-87A0-5921A7429DDC}.Debug|Any CPU.ActiveCfg = Debug|Any CPU
		{0DFDCED3-8DFC-4D0A-87A0-5921A7429DDC}.Debug|Any CPU.Build.0 = Debug|Any CPU
		{0DFDCED3-8DFC-4D0A-87A0-5921A7429DDC}.Release|Any CPU.ActiveCfg = Release|Any CPU
		{0DFDCED3-8DFC-4D0A-87A0-5921A7429DDC}.Release|Any CPU.Build.0 = Release|Any CPU
		{11FF6D70-C99D-462E-B500-8979A7845DA7}.Debug|Any CPU.ActiveCfg = Debug|Any CPU
		{11FF6D70-C99D-462E-B500-8979A7845DA7}.Debug|Any CPU.Build.0 = Debug|Any CPU
		{11FF6D70-C99D-462E-B500-8979A7845DA7}.Release|Any CPU.ActiveCfg = Release|Any CPU
		{11FF6D70-C99D-462E-B500-8979A7845DA7}.Release|Any CPU.Build.0 = Release|Any CPU
		{B3F19FF3-600D-4A91-A608-8A1118AC1679}.Debug|Any CPU.ActiveCfg = Debug|Any CPU
		{B3F19FF3-600D-4A91-A608-8A1118AC1679}.Debug|Any CPU.Build.0 = Debug|Any CPU
		{B3F19FF3-600D-4A91-A608-8A1118AC1679}.Release|Any CPU.ActiveCfg = Release|Any CPU
		{B3F19FF3-600D-4A91-A608-8A1118AC1679}.Release|Any CPU.Build.0 = Release|Any CPU
		{06133B0F-43A4-4977-93D1-EBB92EEF6369}.Debug|Any CPU.ActiveCfg = Debug|Any CPU
		{06133B0F-43A4-4977-93D1-EBB92EEF6369}.Debug|Any CPU.Build.0 = Debug|Any CPU
		{06133B0F-43A4-4977-93D1-EBB92EEF6369}.Release|Any CPU.ActiveCfg = Release|Any CPU
		{06133B0F-43A4-4977-93D1-EBB92EEF6369}.Release|Any CPU.Build.0 = Release|Any CPU
		{E2D7094A-97EC-41FC-8CA8-34DD9B970274}.Debug|Any CPU.ActiveCfg = Debug|Any CPU
		{E2D7094A-97EC-41FC-8CA8-34DD9B970274}.Debug|Any CPU.Build.0 = Debug|Any CPU
		{E2D7094A-97EC-41FC-8CA8-34DD9B970274}.Release|Any CPU.ActiveCfg = Release|Any CPU
		{E2D7094A-97EC-41FC-8CA8-34DD9B970274}.Release|Any CPU.Build.0 = Release|Any CPU
		{2B28290F-B46D-45C7-B556-A606D6B4B383}.Debug|Any CPU.ActiveCfg = Debug|Any CPU
		{2B28290F-B46D-45C7-B556-A606D6B4B383}.Debug|Any CPU.Build.0 = Debug|Any CPU
		{2B28290F-B46D-45C7-B556-A606D6B4B383}.Release|Any CPU.ActiveCfg = Release|Any CPU
		{2B28290F-B46D-45C7-B556-A606D6B4B383}.Release|Any CPU.Build.0 = Release|Any CPU
		{B826E5AC-DC67-4F96-A88B-2062E598A2C2}.Debug|Any CPU.ActiveCfg = Debug|Any CPU
		{B826E5AC-DC67-4F96-A88B-2062E598A2C2}.Debug|Any CPU.Build.0 = Debug|Any CPU
		{B826E5AC-DC67-4F96-A88B-2062E598A2C2}.Release|Any CPU.ActiveCfg = Release|Any CPU
		{B826E5AC-DC67-4F96-A88B-2062E598A2C2}.Release|Any CPU.Build.0 = Release|Any CPU
		{6A4FD317-32A0-4BBD-9E44-06C62F48E5E4}.Debug|Any CPU.ActiveCfg = Debug|Any CPU
		{6A4FD317-32A0-4BBD-9E44-06C62F48E5E4}.Debug|Any CPU.Build.0 = Debug|Any CPU
		{6A4FD317-32A0-4BBD-9E44-06C62F48E5E4}.Release|Any CPU.ActiveCfg = Release|Any CPU
		{6A4FD317-32A0-4BBD-9E44-06C62F48E5E4}.Release|Any CPU.Build.0 = Release|Any CPU
		{F2189F5E-9884-4DCC-98C7-BEB85EE4BCE1}.Debug|Any CPU.ActiveCfg = Debug|Any CPU
		{F2189F5E-9884-4DCC-98C7-BEB85EE4BCE1}.Debug|Any CPU.Build.0 = Debug|Any CPU
		{F2189F5E-9884-4DCC-98C7-BEB85EE4BCE1}.Release|Any CPU.ActiveCfg = Release|Any CPU
		{F2189F5E-9884-4DCC-98C7-BEB85EE4BCE1}.Release|Any CPU.Build.0 = Release|Any CPU
		{5984E3A9-E165-4C1D-BDE0-FE2411454DB6}.Debug|Any CPU.ActiveCfg = Debug|Any CPU
		{5984E3A9-E165-4C1D-BDE0-FE2411454DB6}.Debug|Any CPU.Build.0 = Debug|Any CPU
		{5984E3A9-E165-4C1D-BDE0-FE2411454DB6}.Release|Any CPU.ActiveCfg = Release|Any CPU
		{5984E3A9-E165-4C1D-BDE0-FE2411454DB6}.Release|Any CPU.Build.0 = Release|Any CPU
		{098992BD-E166-4036-8056-860A7EA9E58D}.Debug|Any CPU.ActiveCfg = Debug|Any CPU
		{098992BD-E166-4036-8056-860A7EA9E58D}.Debug|Any CPU.Build.0 = Debug|Any CPU
		{098992BD-E166-4036-8056-860A7EA9E58D}.Release|Any CPU.ActiveCfg = Release|Any CPU
		{098992BD-E166-4036-8056-860A7EA9E58D}.Release|Any CPU.Build.0 = Release|Any CPU
		{BEF67716-BA73-4FD8-B952-A4092C8A6754}.Debug|Any CPU.ActiveCfg = Debug|Any CPU
		{BEF67716-BA73-4FD8-B952-A4092C8A6754}.Debug|Any CPU.Build.0 = Debug|Any CPU
		{BEF67716-BA73-4FD8-B952-A4092C8A6754}.Release|Any CPU.ActiveCfg = Release|Any CPU
		{BEF67716-BA73-4FD8-B952-A4092C8A6754}.Release|Any CPU.Build.0 = Release|Any CPU
	EndGlobalSection
	GlobalSection(SolutionProperties) = preSolution
		HideSolutionNode = FALSE
	EndGlobalSection
EndGlobal
