
Microsoft Visual Studio Solution File, Format Version 12.00
# Visual Studio 15
VisualStudioVersion = 15.0.27130.2024
MinimumVisualStudioVersion = 10.0.40219.1
Project("{FAE04EC0-301F-11D3-BF4B-00C04F79EFBC}") = "Demo", "Demo\Demo.csproj", "{11C43518-0932-4EA4-B4BB-6BE2FA5A4B1A}"
EndProject
Global
	GlobalSection(SolutionConfigurationPlatforms) = preSolution
		Debug|Any CPU = Debug|Any CPU
		Release|Any CPU = Release|Any CPU
	EndGlobalSection
	GlobalSection(ProjectConfigurationPlatforms) = postSolution
		{11C43518-0932-4EA4-B4BB-6BE2FA5A4B1A}.Debug|Any CPU.ActiveCfg = Debug|Any CPU
		{11C43518-0932-4EA4-B4BB-6BE2FA5A4B1A}.Debug|Any CPU.Build.0 = Debug|Any CPU
		{11C43518-0932-4EA4-B4BB-6BE2FA5A4B1A}.Release|Any CPU.ActiveCfg = Release|Any CPU
		{11C43518-0932-4EA4-B4BB-6BE2FA5A4B1A}.Release|Any CPU.Build.0 = Release|Any CPU
	EndGlobalSection
	GlobalSection(SolutionProperties) = preSolution
		HideSolutionNode = FALSE
	EndGlobalSection
	GlobalSection(ExtensibilityGlobals) = postSolution
		SolutionGuid = {15BE4D3B-A338-4A59-BB00-D24DADE66910}
	EndGlobalSection
EndGlobal
