
Microsoft Visual Studio Solution File, Format Version 12.00
# Visual Studio 15
VisualStudioVersion = 15.0.27130.2024
MinimumVisualStudioVersion = 10.0.40219.1
Project("{9A19103F-16F7-4668-BE54-9A1E7A4F7556}") = "Demo", "Demo\Demo.csproj", "{AD9323AC-E800-4541-ADC3-5D04209B0B6A}"
EndProject
Project("{9A19103F-16F7-4668-BE54-9A1E7A4F7556}") = "FuncDemo", "FuncDemo\FuncDemo.csproj", "{3D3F4ADA-7C29-4595-B94A-9196BB7E1E93}"
EndProject
Project("{9A19103F-16F7-4668-BE54-9A1E7A4F7556}") = "ActionDemo", "ActionDemo\ActionDemo.csproj", "{47E02334-D4EA-48D6-8F82-0169CBDF632C}"
EndProject
Project("{FAE04EC0-301F-11D3-BF4B-00C04F79EFBC}") = "SortEvenNumbers", "SortEvenNumbers\SortEvenNumbers.csproj", "{16B24B64-FD36-4C05-AA60-5B29A032708F}"
EndProject
Project("{FAE04EC0-301F-11D3-BF4B-00C04F79EFBC}") = "SumNumbers", "SumNumbers\SumNumbers.csproj", "{8DC669AC-5D2C-40BE-AC26-614FDEA0D84F}"
EndProject
Project("{FAE04EC0-301F-11D3-BF4B-00C04F79EFBC}") = "CountUpperCaseWords", "CountUpperCaseWords\CountUpperCaseWords.csproj", "{B079E43E-4462-4DDF-8841-3B3296316213}"
EndProject
Project("{FAE04EC0-301F-11D3-BF4B-00C04F79EFBC}") = "AddVAT", "AddVAT\AddVAT.csproj", "{E46E9D5A-1EC4-43F2-9D5E-DAFF09BAA9D0}"
EndProject
Project("{FAE04EC0-301F-11D3-BF4B-00C04F79EFBC}") = "FilterByAge", "FilterByAge\FilterByAge.csproj", "{D171B79F-D0A6-4F97-98FC-AE0858A1FB2F}"
EndProject
Global
	GlobalSection(SolutionConfigurationPlatforms) = preSolution
		Debug|Any CPU = Debug|Any CPU
		Release|Any CPU = Release|Any CPU
	EndGlobalSection
	GlobalSection(ProjectConfigurationPlatforms) = postSolution
		{AD9323AC-E800-4541-ADC3-5D04209B0B6A}.Debug|Any CPU.ActiveCfg = Debug|Any CPU
		{AD9323AC-E800-4541-ADC3-5D04209B0B6A}.Debug|Any CPU.Build.0 = Debug|Any CPU
		{AD9323AC-E800-4541-ADC3-5D04209B0B6A}.Release|Any CPU.ActiveCfg = Release|Any CPU
		{AD9323AC-E800-4541-ADC3-5D04209B0B6A}.Release|Any CPU.Build.0 = Release|Any CPU
		{3D3F4ADA-7C29-4595-B94A-9196BB7E1E93}.Debug|Any CPU.ActiveCfg = Debug|Any CPU
		{3D3F4ADA-7C29-4595-B94A-9196BB7E1E93}.Debug|Any CPU.Build.0 = Debug|Any CPU
		{3D3F4ADA-7C29-4595-B94A-9196BB7E1E93}.Release|Any CPU.ActiveCfg = Release|Any CPU
		{3D3F4ADA-7C29-4595-B94A-9196BB7E1E93}.Release|Any CPU.Build.0 = Release|Any CPU
		{47E02334-D4EA-48D6-8F82-0169CBDF632C}.Debug|Any CPU.ActiveCfg = Debug|Any CPU
		{47E02334-D4EA-48D6-8F82-0169CBDF632C}.Debug|Any CPU.Build.0 = Debug|Any CPU
		{47E02334-D4EA-48D6-8F82-0169CBDF632C}.Release|Any CPU.ActiveCfg = Release|Any CPU
		{47E02334-D4EA-48D6-8F82-0169CBDF632C}.Release|Any CPU.Build.0 = Release|Any CPU
		{16B24B64-FD36-4C05-AA60-5B29A032708F}.Debug|Any CPU.ActiveCfg = Debug|Any CPU
		{16B24B64-FD36-4C05-AA60-5B29A032708F}.Debug|Any CPU.Build.0 = Debug|Any CPU
		{16B24B64-FD36-4C05-AA60-5B29A032708F}.Release|Any CPU.ActiveCfg = Release|Any CPU
		{16B24B64-FD36-4C05-AA60-5B29A032708F}.Release|Any CPU.Build.0 = Release|Any CPU
		{8DC669AC-5D2C-40BE-AC26-614FDEA0D84F}.Debug|Any CPU.ActiveCfg = Debug|Any CPU
		{8DC669AC-5D2C-40BE-AC26-614FDEA0D84F}.Debug|Any CPU.Build.0 = Debug|Any CPU
		{8DC669AC-5D2C-40BE-AC26-614FDEA0D84F}.Release|Any CPU.ActiveCfg = Release|Any CPU
		{8DC669AC-5D2C-40BE-AC26-614FDEA0D84F}.Release|Any CPU.Build.0 = Release|Any CPU
		{B079E43E-4462-4DDF-8841-3B3296316213}.Debug|Any CPU.ActiveCfg = Debug|Any CPU
		{B079E43E-4462-4DDF-8841-3B3296316213}.Debug|Any CPU.Build.0 = Debug|Any CPU
		{B079E43E-4462-4DDF-8841-3B3296316213}.Release|Any CPU.ActiveCfg = Release|Any CPU
		{B079E43E-4462-4DDF-8841-3B3296316213}.Release|Any CPU.Build.0 = Release|Any CPU
		{E46E9D5A-1EC4-43F2-9D5E-DAFF09BAA9D0}.Debug|Any CPU.ActiveCfg = Debug|Any CPU
		{E46E9D5A-1EC4-43F2-9D5E-DAFF09BAA9D0}.Debug|Any CPU.Build.0 = Debug|Any CPU
		{E46E9D5A-1EC4-43F2-9D5E-DAFF09BAA9D0}.Release|Any CPU.ActiveCfg = Release|Any CPU
		{E46E9D5A-1EC4-43F2-9D5E-DAFF09BAA9D0}.Release|Any CPU.Build.0 = Release|Any CPU
		{D171B79F-D0A6-4F97-98FC-AE0858A1FB2F}.Debug|Any CPU.ActiveCfg = Debug|Any CPU
		{D171B79F-D0A6-4F97-98FC-AE0858A1FB2F}.Debug|Any CPU.Build.0 = Debug|Any CPU
		{D171B79F-D0A6-4F97-98FC-AE0858A1FB2F}.Release|Any CPU.ActiveCfg = Release|Any CPU
		{D171B79F-D0A6-4F97-98FC-AE0858A1FB2F}.Release|Any CPU.Build.0 = Release|Any CPU
	EndGlobalSection
	GlobalSection(SolutionProperties) = preSolution
		HideSolutionNode = FALSE
	EndGlobalSection
	GlobalSection(ExtensibilityGlobals) = postSolution
		SolutionGuid = {A9133C63-1A10-4561-85DA-1C1991D668C8}
	EndGlobalSection
EndGlobal
