
Microsoft Visual Studio Solution File, Format Version 12.00
# Visual Studio 15
VisualStudioVersion = 15.0.27130.2024
MinimumVisualStudioVersion = 10.0.40219.1
Project("{FAE04EC0-301F-11D3-BF4B-00C04F79EFBC}") = "01_KeyRevolver", "01_KeyRevolver\01_KeyRevolver.csproj", "{75C8E69A-92BE-4852-9125-97803188BCC1}"
EndProject
Project("{FAE04EC0-301F-11D3-BF4B-00C04F79EFBC}") = "P02_Seneeking", "P02_Seneeking\P02_Seneeking.csproj", "{7BB53495-B2B4-42F4-9B09-210DD3980DD7}"
EndProject
Project("{FAE04EC0-301F-11D3-BF4B-00C04F79EFBC}") = "P03_CryptoBlockchain", "P03_CryptoBlockchain\P03_CryptoBlockchain.csproj", "{1A21EFDA-ED1F-4B5D-BFB6-82ABE93BA7DC}"
EndProject
Global
	GlobalSection(SolutionConfigurationPlatforms) = preSolution
		Debug|Any CPU = Debug|Any CPU
		Release|Any CPU = Release|Any CPU
	EndGlobalSection
	GlobalSection(ProjectConfigurationPlatforms) = postSolution
		{75C8E69A-92BE-4852-9125-97803188BCC1}.Debug|Any CPU.ActiveCfg = Debug|Any CPU
		{75C8E69A-92BE-4852-9125-97803188BCC1}.Debug|Any CPU.Build.0 = Debug|Any CPU
		{75C8E69A-92BE-4852-9125-97803188BCC1}.Release|Any CPU.ActiveCfg = Release|Any CPU
		{75C8E69A-92BE-4852-9125-97803188BCC1}.Release|Any CPU.Build.0 = Release|Any CPU
		{7BB53495-B2B4-42F4-9B09-210DD3980DD7}.Debug|Any CPU.ActiveCfg = Debug|Any CPU
		{7BB53495-B2B4-42F4-9B09-210DD3980DD7}.Debug|Any CPU.Build.0 = Debug|Any CPU
		{7BB53495-B2B4-42F4-9B09-210DD3980DD7}.Release|Any CPU.ActiveCfg = Release|Any CPU
		{7BB53495-B2B4-42F4-9B09-210DD3980DD7}.Release|Any CPU.Build.0 = Release|Any CPU
		{1A21EFDA-ED1F-4B5D-BFB6-82ABE93BA7DC}.Debug|Any CPU.ActiveCfg = Debug|Any CPU
		{1A21EFDA-ED1F-4B5D-BFB6-82ABE93BA7DC}.Debug|Any CPU.Build.0 = Debug|Any CPU
		{1A21EFDA-ED1F-4B5D-BFB6-82ABE93BA7DC}.Release|Any CPU.ActiveCfg = Release|Any CPU
		{1A21EFDA-ED1F-4B5D-BFB6-82ABE93BA7DC}.Release|Any CPU.Build.0 = Release|Any CPU
	EndGlobalSection
	GlobalSection(SolutionProperties) = preSolution
		HideSolutionNode = FALSE
	EndGlobalSection
	GlobalSection(ExtensibilityGlobals) = postSolution
		SolutionGuid = {365FDB54-D977-4979-9B83-7787775966D5}
	EndGlobalSection
EndGlobal
