
Microsoft Visual Studio Solution File, Format Version 12.00
# Visual Studio 15
VisualStudioVersion = 15.0.27130.2024
MinimumVisualStudioVersion = 10.0.40219.1
Project("{9A19103F-16F7-4668-BE54-9A1E7A4F7556}") = "01-ReverseNumberWithAStack", "01-ReverseNumberWithAStack\01-ReverseNumberWithAStack.csproj", "{6794C8FD-1E43-4A66-A5B4-0FB6607F2AE9}"
EndProject
Project("{9A19103F-16F7-4668-BE54-9A1E7A4F7556}") = "02-BasicsStackOperations", "02-BasicsStackOperations\02-BasicsStackOperations.csproj", "{71C7802C-EAB2-4250-8895-FE4BF37262C4}"
EndProject
Project("{9A19103F-16F7-4668-BE54-9A1E7A4F7556}") = "03-MaximumElement", "03-MaximumElement\03-MaximumElement.csproj", "{300F19C7-0CE3-4C26-BF79-952DA8F8892B}"
EndProject
Project("{9A19103F-16F7-4668-BE54-9A1E7A4F7556}") = "04-BasicsQueueOperations", "04-BasicsQueueOperations\04-BasicsQueueOperations.csproj", "{514FAC6F-76F6-4C74-AD13-F5990EDA4980}"
EndProject
Project("{9A19103F-16F7-4668-BE54-9A1E7A4F7556}") = "05-CalculateSequenceWithQueue", "05-CalculateSequenceWithQueue\05-CalculateSequenceWithQueue.csproj", "{800B8280-5346-4BDA-A454-E76E4343E35D}"
EndProject
Project("{9A19103F-16F7-4668-BE54-9A1E7A4F7556}") = "06-TruckTour", "06-TruckTour\06-TruckTour.csproj", "{5089D515-DA52-4CFD-B6BD-00D94B181FE6}"
EndProject
Project("{9A19103F-16F7-4668-BE54-9A1E7A4F7556}") = "07-BalancedParetheses", "07-BalancedParetheses\07-BalancedParetheses.csproj", "{950B677F-4B35-4952-BB0A-77D8912A5F6B}"
EndProject
Project("{9A19103F-16F7-4668-BE54-9A1E7A4F7556}") = "03B-MaximumElement", "03B-MaximumElement\03B-MaximumElement.csproj", "{F107E32F-5933-40F9-833C-A080BA1CEA96}"
EndProject
Project("{9A19103F-16F7-4668-BE54-9A1E7A4F7556}") = "07B-BalancedParentheses", "07B-BalancedParentheses\07B-BalancedParentheses.csproj", "{337D94D8-1478-4A40-AA7F-9E553560C4FE}"
EndProject
Project("{9A19103F-16F7-4668-BE54-9A1E7A4F7556}") = "10B-SimpleTextEditor", "10B-SimpleTextEditor\10B-SimpleTextEditor.csproj", "{4FDA3550-CDE7-40F0-AB88-E2336159C75A}"
EndProject
Project("{FAE04EC0-301F-11D3-BF4B-00C04F79EFBC}") = "RecursiveFibonacci", "RecursiveFibonacci\RecursiveFibonacci.csproj", "{A39099B6-B4FB-4EC2-9224-75929315572E}"
EndProject
Project("{FAE04EC0-301F-11D3-BF4B-00C04F79EFBC}") = "05O-CalculateSequenceWithQueue", "05O-CalculateSequenceWithQueue\05O-CalculateSequenceWithQueue.csproj", "{CB038598-355D-4A83-9937-FD8432FB65D4}"
EndProject
Project("{FAE04EC0-301F-11D3-BF4B-00C04F79EFBC}") = "05M-CalculateSequence", "05M-CalculateSequence\05M-CalculateSequence.csproj", "{0F5C35FB-DF95-4776-82AD-14CC59DCBFA1}"
EndProject
Global
	GlobalSection(SolutionConfigurationPlatforms) = preSolution
		Debug|Any CPU = Debug|Any CPU
		Release|Any CPU = Release|Any CPU
	EndGlobalSection
	GlobalSection(ProjectConfigurationPlatforms) = postSolution
		{6794C8FD-1E43-4A66-A5B4-0FB6607F2AE9}.Debug|Any CPU.ActiveCfg = Debug|Any CPU
		{6794C8FD-1E43-4A66-A5B4-0FB6607F2AE9}.Debug|Any CPU.Build.0 = Debug|Any CPU
		{6794C8FD-1E43-4A66-A5B4-0FB6607F2AE9}.Release|Any CPU.ActiveCfg = Release|Any CPU
		{6794C8FD-1E43-4A66-A5B4-0FB6607F2AE9}.Release|Any CPU.Build.0 = Release|Any CPU
		{71C7802C-EAB2-4250-8895-FE4BF37262C4}.Debug|Any CPU.ActiveCfg = Debug|Any CPU
		{71C7802C-EAB2-4250-8895-FE4BF37262C4}.Debug|Any CPU.Build.0 = Debug|Any CPU
		{71C7802C-EAB2-4250-8895-FE4BF37262C4}.Release|Any CPU.ActiveCfg = Release|Any CPU
		{71C7802C-EAB2-4250-8895-FE4BF37262C4}.Release|Any CPU.Build.0 = Release|Any CPU
		{300F19C7-0CE3-4C26-BF79-952DA8F8892B}.Debug|Any CPU.ActiveCfg = Debug|Any CPU
		{300F19C7-0CE3-4C26-BF79-952DA8F8892B}.Debug|Any CPU.Build.0 = Debug|Any CPU
		{300F19C7-0CE3-4C26-BF79-952DA8F8892B}.Release|Any CPU.ActiveCfg = Release|Any CPU
		{300F19C7-0CE3-4C26-BF79-952DA8F8892B}.Release|Any CPU.Build.0 = Release|Any CPU
		{514FAC6F-76F6-4C74-AD13-F5990EDA4980}.Debug|Any CPU.ActiveCfg = Debug|Any CPU
		{514FAC6F-76F6-4C74-AD13-F5990EDA4980}.Debug|Any CPU.Build.0 = Debug|Any CPU
		{514FAC6F-76F6-4C74-AD13-F5990EDA4980}.Release|Any CPU.ActiveCfg = Release|Any CPU
		{514FAC6F-76F6-4C74-AD13-F5990EDA4980}.Release|Any CPU.Build.0 = Release|Any CPU
		{800B8280-5346-4BDA-A454-E76E4343E35D}.Debug|Any CPU.ActiveCfg = Debug|Any CPU
		{800B8280-5346-4BDA-A454-E76E4343E35D}.Debug|Any CPU.Build.0 = Debug|Any CPU
		{800B8280-5346-4BDA-A454-E76E4343E35D}.Release|Any CPU.ActiveCfg = Release|Any CPU
		{800B8280-5346-4BDA-A454-E76E4343E35D}.Release|Any CPU.Build.0 = Release|Any CPU
		{5089D515-DA52-4CFD-B6BD-00D94B181FE6}.Debug|Any CPU.ActiveCfg = Debug|Any CPU
		{5089D515-DA52-4CFD-B6BD-00D94B181FE6}.Debug|Any CPU.Build.0 = Debug|Any CPU
		{5089D515-DA52-4CFD-B6BD-00D94B181FE6}.Release|Any CPU.ActiveCfg = Release|Any CPU
		{5089D515-DA52-4CFD-B6BD-00D94B181FE6}.Release|Any CPU.Build.0 = Release|Any CPU
		{950B677F-4B35-4952-BB0A-77D8912A5F6B}.Debug|Any CPU.ActiveCfg = Debug|Any CPU
		{950B677F-4B35-4952-BB0A-77D8912A5F6B}.Debug|Any CPU.Build.0 = Debug|Any CPU
		{950B677F-4B35-4952-BB0A-77D8912A5F6B}.Release|Any CPU.ActiveCfg = Release|Any CPU
		{950B677F-4B35-4952-BB0A-77D8912A5F6B}.Release|Any CPU.Build.0 = Release|Any CPU
		{F107E32F-5933-40F9-833C-A080BA1CEA96}.Debug|Any CPU.ActiveCfg = Debug|Any CPU
		{F107E32F-5933-40F9-833C-A080BA1CEA96}.Debug|Any CPU.Build.0 = Debug|Any CPU
		{F107E32F-5933-40F9-833C-A080BA1CEA96}.Release|Any CPU.ActiveCfg = Release|Any CPU
		{F107E32F-5933-40F9-833C-A080BA1CEA96}.Release|Any CPU.Build.0 = Release|Any CPU
		{337D94D8-1478-4A40-AA7F-9E553560C4FE}.Debug|Any CPU.ActiveCfg = Debug|Any CPU
		{337D94D8-1478-4A40-AA7F-9E553560C4FE}.Debug|Any CPU.Build.0 = Debug|Any CPU
		{337D94D8-1478-4A40-AA7F-9E553560C4FE}.Release|Any CPU.ActiveCfg = Release|Any CPU
		{337D94D8-1478-4A40-AA7F-9E553560C4FE}.Release|Any CPU.Build.0 = Release|Any CPU
		{4FDA3550-CDE7-40F0-AB88-E2336159C75A}.Debug|Any CPU.ActiveCfg = Debug|Any CPU
		{4FDA3550-CDE7-40F0-AB88-E2336159C75A}.Debug|Any CPU.Build.0 = Debug|Any CPU
		{4FDA3550-CDE7-40F0-AB88-E2336159C75A}.Release|Any CPU.ActiveCfg = Release|Any CPU
		{4FDA3550-CDE7-40F0-AB88-E2336159C75A}.Release|Any CPU.Build.0 = Release|Any CPU
		{A39099B6-B4FB-4EC2-9224-75929315572E}.Debug|Any CPU.ActiveCfg = Debug|Any CPU
		{A39099B6-B4FB-4EC2-9224-75929315572E}.Debug|Any CPU.Build.0 = Debug|Any CPU
		{A39099B6-B4FB-4EC2-9224-75929315572E}.Release|Any CPU.ActiveCfg = Release|Any CPU
		{A39099B6-B4FB-4EC2-9224-75929315572E}.Release|Any CPU.Build.0 = Release|Any CPU
		{CB038598-355D-4A83-9937-FD8432FB65D4}.Debug|Any CPU.ActiveCfg = Debug|Any CPU
		{CB038598-355D-4A83-9937-FD8432FB65D4}.Debug|Any CPU.Build.0 = Debug|Any CPU
		{CB038598-355D-4A83-9937-FD8432FB65D4}.Release|Any CPU.ActiveCfg = Release|Any CPU
		{CB038598-355D-4A83-9937-FD8432FB65D4}.Release|Any CPU.Build.0 = Release|Any CPU
		{0F5C35FB-DF95-4776-82AD-14CC59DCBFA1}.Debug|Any CPU.ActiveCfg = Debug|Any CPU
		{0F5C35FB-DF95-4776-82AD-14CC59DCBFA1}.Debug|Any CPU.Build.0 = Debug|Any CPU
		{0F5C35FB-DF95-4776-82AD-14CC59DCBFA1}.Release|Any CPU.ActiveCfg = Release|Any CPU
		{0F5C35FB-DF95-4776-82AD-14CC59DCBFA1}.Release|Any CPU.Build.0 = Release|Any CPU
	EndGlobalSection
	GlobalSection(SolutionProperties) = preSolution
		HideSolutionNode = FALSE
	EndGlobalSection
	GlobalSection(ExtensibilityGlobals) = postSolution
		SolutionGuid = {B786E32E-6640-44D5-AF15-A2ED43B71694}
	EndGlobalSection
EndGlobal
