
Microsoft Visual Studio Solution File, Format Version 12.00
# Visual Studio 15
VisualStudioVersion = 15.0.26228.12
MinimumVisualStudioVersion = 10.0.40219.1
Project("{FAE04EC0-301F-11D3-BF4B-00C04F79EFBC}") = "LiveDemo", "LiveDemo\LiveDemo.csproj", "{807FED59-54A9-4060-B859-0B172758FD1F}"
EndProject
Project("{FAE04EC0-301F-11D3-BF4B-00C04F79EFBC}") = "P01.MatchFullName", "P01.MatchFullName\P01.MatchFullName.csproj", "{6651CDE5-B176-45FE-97C6-D319D9B3103D}"
EndProject
Project("{FAE04EC0-301F-11D3-BF4B-00C04F79EFBC}") = "P01.1.MatchFullNames", "P01.1.MatchFullNames\P01.1.MatchFullNames.csproj", "{A6E33ACC-102D-42ED-9707-F91D2E00F44C}"
EndProject
Project("{FAE04EC0-301F-11D3-BF4B-00C04F79EFBC}") = "P02.MatchPhoneNumber", "P02.MatchPhoneNumber\P02.MatchPhoneNumber.csproj", "{9C8AB5E0-5A9B-4F57-9E8E-E9D789900AC8}"
EndProject
Project("{FAE04EC0-301F-11D3-BF4B-00C04F79EFBC}") = "P02.1.MatchPhoneNumber", "P02.1.MatchPhoneNumber\P02.1.MatchPhoneNumber.csproj", "{C25A2ECE-87FC-4621-B46E-49D59669CAFB}"
EndProject
Project("{FAE04EC0-301F-11D3-BF4B-00C04F79EFBC}") = "P03.MatchHexadecimalNumbers", "P03.MatchHexadecimalNumbers\P03.MatchHexadecimalNumbers.csproj", "{F3886931-C9CB-42D5-8F7E-FD44F1D2AA93}"
EndProject
Project("{FAE04EC0-301F-11D3-BF4B-00C04F79EFBC}") = "P04.MatchDates", "P04.MatchDates\P04.MatchDates.csproj", "{260084BD-4EEE-4761-B81D-197CB049B1C7}"
EndProject
Project("{FAE04EC0-301F-11D3-BF4B-00C04F79EFBC}") = "P05.MatchNumbers", "P05.MatchNumbers\P05.MatchNumbers.csproj", "{76BB94A3-CFBC-4DD5-B179-195C03AF1687}"
EndProject
Project("{FAE04EC0-301F-11D3-BF4B-00C04F79EFBC}") = "P06.ReplaceATag", "P06.ReplaceATag\P06.ReplaceATag.csproj", "{2918730C-8EDE-49B8-9FBB-6E1AEE60FC9C}"
EndProject
Global
	GlobalSection(SolutionConfigurationPlatforms) = preSolution
		Debug|Any CPU = Debug|Any CPU
		Release|Any CPU = Release|Any CPU
	EndGlobalSection
	GlobalSection(ProjectConfigurationPlatforms) = postSolution
		{807FED59-54A9-4060-B859-0B172758FD1F}.Debug|Any CPU.ActiveCfg = Debug|Any CPU
		{807FED59-54A9-4060-B859-0B172758FD1F}.Debug|Any CPU.Build.0 = Debug|Any CPU
		{807FED59-54A9-4060-B859-0B172758FD1F}.Release|Any CPU.ActiveCfg = Release|Any CPU
		{807FED59-54A9-4060-B859-0B172758FD1F}.Release|Any CPU.Build.0 = Release|Any CPU
		{6651CDE5-B176-45FE-97C6-D319D9B3103D}.Debug|Any CPU.ActiveCfg = Debug|Any CPU
		{6651CDE5-B176-45FE-97C6-D319D9B3103D}.Debug|Any CPU.Build.0 = Debug|Any CPU
		{6651CDE5-B176-45FE-97C6-D319D9B3103D}.Release|Any CPU.ActiveCfg = Release|Any CPU
		{6651CDE5-B176-45FE-97C6-D319D9B3103D}.Release|Any CPU.Build.0 = Release|Any CPU
		{A6E33ACC-102D-42ED-9707-F91D2E00F44C}.Debug|Any CPU.ActiveCfg = Debug|Any CPU
		{A6E33ACC-102D-42ED-9707-F91D2E00F44C}.Debug|Any CPU.Build.0 = Debug|Any CPU
		{A6E33ACC-102D-42ED-9707-F91D2E00F44C}.Release|Any CPU.ActiveCfg = Release|Any CPU
		{A6E33ACC-102D-42ED-9707-F91D2E00F44C}.Release|Any CPU.Build.0 = Release|Any CPU
		{9C8AB5E0-5A9B-4F57-9E8E-E9D789900AC8}.Debug|Any CPU.ActiveCfg = Debug|Any CPU
		{9C8AB5E0-5A9B-4F57-9E8E-E9D789900AC8}.Debug|Any CPU.Build.0 = Debug|Any CPU
		{9C8AB5E0-5A9B-4F57-9E8E-E9D789900AC8}.Release|Any CPU.ActiveCfg = Release|Any CPU
		{9C8AB5E0-5A9B-4F57-9E8E-E9D789900AC8}.Release|Any CPU.Build.0 = Release|Any CPU
		{C25A2ECE-87FC-4621-B46E-49D59669CAFB}.Debug|Any CPU.ActiveCfg = Debug|Any CPU
		{C25A2ECE-87FC-4621-B46E-49D59669CAFB}.Debug|Any CPU.Build.0 = Debug|Any CPU
		{C25A2ECE-87FC-4621-B46E-49D59669CAFB}.Release|Any CPU.ActiveCfg = Release|Any CPU
		{C25A2ECE-87FC-4621-B46E-49D59669CAFB}.Release|Any CPU.Build.0 = Release|Any CPU
		{F3886931-C9CB-42D5-8F7E-FD44F1D2AA93}.Debug|Any CPU.ActiveCfg = Debug|Any CPU
		{F3886931-C9CB-42D5-8F7E-FD44F1D2AA93}.Debug|Any CPU.Build.0 = Debug|Any CPU
		{F3886931-C9CB-42D5-8F7E-FD44F1D2AA93}.Release|Any CPU.ActiveCfg = Release|Any CPU
		{F3886931-C9CB-42D5-8F7E-FD44F1D2AA93}.Release|Any CPU.Build.0 = Release|Any CPU
		{260084BD-4EEE-4761-B81D-197CB049B1C7}.Debug|Any CPU.ActiveCfg = Debug|Any CPU
		{260084BD-4EEE-4761-B81D-197CB049B1C7}.Debug|Any CPU.Build.0 = Debug|Any CPU
		{260084BD-4EEE-4761-B81D-197CB049B1C7}.Release|Any CPU.ActiveCfg = Release|Any CPU
		{260084BD-4EEE-4761-B81D-197CB049B1C7}.Release|Any CPU.Build.0 = Release|Any CPU
		{76BB94A3-CFBC-4DD5-B179-195C03AF1687}.Debug|Any CPU.ActiveCfg = Debug|Any CPU
		{76BB94A3-CFBC-4DD5-B179-195C03AF1687}.Debug|Any CPU.Build.0 = Debug|Any CPU
		{76BB94A3-CFBC-4DD5-B179-195C03AF1687}.Release|Any CPU.ActiveCfg = Release|Any CPU
		{76BB94A3-CFBC-4DD5-B179-195C03AF1687}.Release|Any CPU.Build.0 = Release|Any CPU
		{2918730C-8EDE-49B8-9FBB-6E1AEE60FC9C}.Debug|Any CPU.ActiveCfg = Debug|Any CPU
		{2918730C-8EDE-49B8-9FBB-6E1AEE60FC9C}.Debug|Any CPU.Build.0 = Debug|Any CPU
		{2918730C-8EDE-49B8-9FBB-6E1AEE60FC9C}.Release|Any CPU.ActiveCfg = Release|Any CPU
		{2918730C-8EDE-49B8-9FBB-6E1AEE60FC9C}.Release|Any CPU.Build.0 = Release|Any CPU
	EndGlobalSection
	GlobalSection(SolutionProperties) = preSolution
		HideSolutionNode = FALSE
	EndGlobalSection
EndGlobal
