
Microsoft Visual Studio Solution File, Format Version 12.00
# Visual Studio 15
VisualStudioVersion = 15.0.27130.2024
MinimumVisualStudioVersion = 10.0.40219.1
Project("{9A19103F-16F7-4668-BE54-9A1E7A4F7556}") = "P01_ListyIterator", "P01_ListyIterator\P01_ListyIterator.csproj", "{B67EE977-4BB4-4630-AE74-E08DB3AA6929}"
EndProject
Project("{9A19103F-16F7-4668-BE54-9A1E7A4F7556}") = "P02_Collection", "P02_Collection\P02_Collection.csproj", "{07B904CF-EC0E-4305-8638-3AFEEC894E6A}"
EndProject
Project("{9A19103F-16F7-4668-BE54-9A1E7A4F7556}") = "P03_Stack", "P03_Stack\P03_Stack.csproj", "{53900E98-6E5A-4E91-AAC3-9ACEF232D6FA}"
EndProject
Project("{9A19103F-16F7-4668-BE54-9A1E7A4F7556}") = "P04_Froggy", "P04_Froggy\P04_Froggy.csproj", "{1BFFBF36-8E2D-44D0-B187-B22C43B648B0}"
EndProject
Project("{9A19103F-16F7-4668-BE54-9A1E7A4F7556}") = "P05_ComparingObjects", "P05_ComparingObjects\P05_ComparingObjects.csproj", "{98C123D1-0364-40C2-8999-4B6046D88E44}"
EndProject
Project("{9A19103F-16F7-4668-BE54-9A1E7A4F7556}") = "P06_StrategyPattern", "StrategyPattern\P06_StrategyPattern.csproj", "{2FDBE26B-05BF-4D93-8541-C3FB9BF53D89}"
EndProject
Project("{9A19103F-16F7-4668-BE54-9A1E7A4F7556}") = "P07_EqualityLogic", "EqualityLogic\P07_EqualityLogic.csproj", "{F057E035-7AA6-480A-9FCE-158EADEC5D33}"
EndProject
Project("{FAE04EC0-301F-11D3-BF4B-00C04F79EFBC}") = "P09_PetClinics", "P09_PetClinics\P09_PetClinics.csproj", "{E0F9398A-DD5C-46FB-88D0-520DC9131A5A}"
EndProject
Global
	GlobalSection(SolutionConfigurationPlatforms) = preSolution
		Debug|Any CPU = Debug|Any CPU
		Release|Any CPU = Release|Any CPU
	EndGlobalSection
	GlobalSection(ProjectConfigurationPlatforms) = postSolution
		{B67EE977-4BB4-4630-AE74-E08DB3AA6929}.Debug|Any CPU.ActiveCfg = Debug|Any CPU
		{B67EE977-4BB4-4630-AE74-E08DB3AA6929}.Debug|Any CPU.Build.0 = Debug|Any CPU
		{B67EE977-4BB4-4630-AE74-E08DB3AA6929}.Release|Any CPU.ActiveCfg = Release|Any CPU
		{B67EE977-4BB4-4630-AE74-E08DB3AA6929}.Release|Any CPU.Build.0 = Release|Any CPU
		{07B904CF-EC0E-4305-8638-3AFEEC894E6A}.Debug|Any CPU.ActiveCfg = Debug|Any CPU
		{07B904CF-EC0E-4305-8638-3AFEEC894E6A}.Debug|Any CPU.Build.0 = Debug|Any CPU
		{07B904CF-EC0E-4305-8638-3AFEEC894E6A}.Release|Any CPU.ActiveCfg = Release|Any CPU
		{07B904CF-EC0E-4305-8638-3AFEEC894E6A}.Release|Any CPU.Build.0 = Release|Any CPU
		{53900E98-6E5A-4E91-AAC3-9ACEF232D6FA}.Debug|Any CPU.ActiveCfg = Debug|Any CPU
		{53900E98-6E5A-4E91-AAC3-9ACEF232D6FA}.Debug|Any CPU.Build.0 = Debug|Any CPU
		{53900E98-6E5A-4E91-AAC3-9ACEF232D6FA}.Release|Any CPU.ActiveCfg = Release|Any CPU
		{53900E98-6E5A-4E91-AAC3-9ACEF232D6FA}.Release|Any CPU.Build.0 = Release|Any CPU
		{1BFFBF36-8E2D-44D0-B187-B22C43B648B0}.Debug|Any CPU.ActiveCfg = Debug|Any CPU
		{1BFFBF36-8E2D-44D0-B187-B22C43B648B0}.Debug|Any CPU.Build.0 = Debug|Any CPU
		{1BFFBF36-8E2D-44D0-B187-B22C43B648B0}.Release|Any CPU.ActiveCfg = Release|Any CPU
		{1BFFBF36-8E2D-44D0-B187-B22C43B648B0}.Release|Any CPU.Build.0 = Release|Any CPU
		{98C123D1-0364-40C2-8999-4B6046D88E44}.Debug|Any CPU.ActiveCfg = Debug|Any CPU
		{98C123D1-0364-40C2-8999-4B6046D88E44}.Debug|Any CPU.Build.0 = Debug|Any CPU
		{98C123D1-0364-40C2-8999-4B6046D88E44}.Release|Any CPU.ActiveCfg = Release|Any CPU
		{98C123D1-0364-40C2-8999-4B6046D88E44}.Release|Any CPU.Build.0 = Release|Any CPU
		{2FDBE26B-05BF-4D93-8541-C3FB9BF53D89}.Debug|Any CPU.ActiveCfg = Debug|Any CPU
		{2FDBE26B-05BF-4D93-8541-C3FB9BF53D89}.Debug|Any CPU.Build.0 = Debug|Any CPU
		{2FDBE26B-05BF-4D93-8541-C3FB9BF53D89}.Release|Any CPU.ActiveCfg = Release|Any CPU
		{2FDBE26B-05BF-4D93-8541-C3FB9BF53D89}.Release|Any CPU.Build.0 = Release|Any CPU
		{F057E035-7AA6-480A-9FCE-158EADEC5D33}.Debug|Any CPU.ActiveCfg = Debug|Any CPU
		{F057E035-7AA6-480A-9FCE-158EADEC5D33}.Debug|Any CPU.Build.0 = Debug|Any CPU
		{F057E035-7AA6-480A-9FCE-158EADEC5D33}.Release|Any CPU.ActiveCfg = Release|Any CPU
		{F057E035-7AA6-480A-9FCE-158EADEC5D33}.Release|Any CPU.Build.0 = Release|Any CPU
		{E0F9398A-DD5C-46FB-88D0-520DC9131A5A}.Debug|Any CPU.ActiveCfg = Debug|Any CPU
		{E0F9398A-DD5C-46FB-88D0-520DC9131A5A}.Debug|Any CPU.Build.0 = Debug|Any CPU
		{E0F9398A-DD5C-46FB-88D0-520DC9131A5A}.Release|Any CPU.ActiveCfg = Release|Any CPU
		{E0F9398A-DD5C-46FB-88D0-520DC9131A5A}.Release|Any CPU.Build.0 = Release|Any CPU
	EndGlobalSection
	GlobalSection(SolutionProperties) = preSolution
		HideSolutionNode = FALSE
	EndGlobalSection
	GlobalSection(ExtensibilityGlobals) = postSolution
		SolutionGuid = {9B829A96-986A-42E1-BA6F-C67B0D9F2DA9}
	EndGlobalSection
EndGlobal
