
Microsoft Visual Studio Solution File, Format Version 12.00
# Visual Studio 15
VisualStudioVersion = 15.0.26228.12
MinimumVisualStudioVersion = 10.0.40219.1
Project("{FAE04EC0-301F-11D3-BF4B-00C04F79EFBC}") = "HelloName", "HelloName\HelloName.csproj", "{597CA1FA-AF89-49C0-8213-44FFA187B3CA}"
EndProject
Project("{FAE04EC0-301F-11D3-BF4B-00C04F79EFBC}") = "MaxMethod", "MaxMethod\MaxMethod.csproj", "{DE1A91C3-BBB0-47EC-8B67-5442B1EA1F6D}"
EndProject
Project("{FAE04EC0-301F-11D3-BF4B-00C04F79EFBC}") = "EnglishNameOfLastDigit", "EnglishNameOfLastDigit\EnglishNameOfLastDigit.csproj", "{F3453A11-29BB-4886-9115-378EB0F506C2}"
EndProject
Project("{FAE04EC0-301F-11D3-BF4B-00C04F79EFBC}") = "NumberInReversedOrder", "NumberInReversedOrder\NumberInReversedOrder.csproj", "{A52D8714-E0BB-43D8-9BB8-00A4F23B256A}"
EndProject
Project("{FAE04EC0-301F-11D3-BF4B-00C04F79EFBC}") = "FibonacciNumbers", "FibonacciNumbers\FibonacciNumbers.csproj", "{DC526D24-F532-4A8A-96B3-859CCCF3507A}"
EndProject
Project("{FAE04EC0-301F-11D3-BF4B-00C04F79EFBC}") = "PrimeChecker", "PrimeChecker\PrimeChecker.csproj", "{234AF005-4D7B-4278-935C-E15BA66B1E89}"
EndProject
Project("{FAE04EC0-301F-11D3-BF4B-00C04F79EFBC}") = "PrimesInGivenRange", "PrimesInGivenRange\PrimesInGivenRange.csproj", "{FBCDD73A-5A9C-4B93-816F-AAA8BD6A6BAE}"
EndProject
Project("{FAE04EC0-301F-11D3-BF4B-00C04F79EFBC}") = "CenterPoint", "CenterPoint\CenterPoint.csproj", "{1E254A73-07BE-4AD8-8C06-A05FA7ACB2C9}"
EndProject
Project("{FAE04EC0-301F-11D3-BF4B-00C04F79EFBC}") = "CubeProperties", "CubeProperties\CubeProperties.csproj", "{75D2DBD6-0940-4936-BEF7-9B7B51D5B471}"
EndProject
Project("{FAE04EC0-301F-11D3-BF4B-00C04F79EFBC}") = "GeometryCalculator", "GeometryCalculator\GeometryCalculator.csproj", "{EB1ED5A1-88EE-4678-A28E-EFA4E3D9AD30}"
EndProject
Project("{FAE04EC0-301F-11D3-BF4B-00C04F79EFBC}") = "MasterNumbers", "MasterNumbers\MasterNumbers.csproj", "{7D6C0A37-E03F-43BD-9AE1-BDA07C9FED7E}"
EndProject
Project("{FAE04EC0-301F-11D3-BF4B-00C04F79EFBC}") = "ReversedNumbersIvanov", "ReversedNumbersIvanov\ReversedNumbersIvanov.csproj", "{885BF2C1-3439-4171-80D2-8DC71091691A}"
EndProject
Project("{FAE04EC0-301F-11D3-BF4B-00C04F79EFBC}") = "LongerLine", "LongerLine\LongerLine.csproj", "{3481DBA7-508C-488A-979A-D902F826CCAB}"
EndProject
Project("{FAE04EC0-301F-11D3-BF4B-00C04F79EFBC}") = "PrimesInGinfenRange", "PrimesInGinfenRange\PrimesInGinfenRange.csproj", "{B3FEA10B-B930-4E25-BEBB-2CF1A93CDAC8}"
EndProject
Project("{FAE04EC0-301F-11D3-BF4B-00C04F79EFBC}") = "Factorial", "Factorial\Factorial.csproj", "{6358B208-3FD7-4274-91AF-E7CA3F10AE56}"
EndProject
Project("{FAE04EC0-301F-11D3-BF4B-00C04F79EFBC}") = "FactorialTrailingZeroes", "FactorialTrailingZeroes\FactorialTrailingZeroes.csproj", "{5AEC84FE-3936-4565-93EC-CA001805783D}"
EndProject
Project("{FAE04EC0-301F-11D3-BF4B-00C04F79EFBC}") = "Substring", "Substring\Substring.csproj", "{5106F608-FA07-4D20-9E93-C269FCB4D817}"
EndProject
Project("{FAE04EC0-301F-11D3-BF4B-00C04F79EFBC}") = "DebuggingInstructionSet", "DebuggingInstructionSet\DebuggingInstructionSet.csproj", "{36A79C58-1DC3-485F-B583-1FF65D5BABD2}"
EndProject
Project("{FAE04EC0-301F-11D3-BF4B-00C04F79EFBC}") = "DebuggingBePossitive", "DebuggingBePossitive\DebuggingBePossitive.csproj", "{4344DCC3-3C15-4E92-BF43-AF4008F20975}"
EndProject
Project("{FAE04EC0-301F-11D3-BF4B-00C04F79EFBC}") = "DebuggingSequenceOfCommandss", "DebuggingSequenceOfCommandss\DebuggingSequenceOfCommandss.csproj", "{89747EA9-31F5-452B-B277-6E37A87CAB92}"
EndProject
Global
	GlobalSection(SolutionConfigurationPlatforms) = preSolution
		Debug|Any CPU = Debug|Any CPU
		Release|Any CPU = Release|Any CPU
	EndGlobalSection
	GlobalSection(ProjectConfigurationPlatforms) = postSolution
		{597CA1FA-AF89-49C0-8213-44FFA187B3CA}.Debug|Any CPU.ActiveCfg = Debug|Any CPU
		{597CA1FA-AF89-49C0-8213-44FFA187B3CA}.Debug|Any CPU.Build.0 = Debug|Any CPU
		{597CA1FA-AF89-49C0-8213-44FFA187B3CA}.Release|Any CPU.ActiveCfg = Release|Any CPU
		{597CA1FA-AF89-49C0-8213-44FFA187B3CA}.Release|Any CPU.Build.0 = Release|Any CPU
		{DE1A91C3-BBB0-47EC-8B67-5442B1EA1F6D}.Debug|Any CPU.ActiveCfg = Debug|Any CPU
		{DE1A91C3-BBB0-47EC-8B67-5442B1EA1F6D}.Debug|Any CPU.Build.0 = Debug|Any CPU
		{DE1A91C3-BBB0-47EC-8B67-5442B1EA1F6D}.Release|Any CPU.ActiveCfg = Release|Any CPU
		{DE1A91C3-BBB0-47EC-8B67-5442B1EA1F6D}.Release|Any CPU.Build.0 = Release|Any CPU
		{F3453A11-29BB-4886-9115-378EB0F506C2}.Debug|Any CPU.ActiveCfg = Debug|Any CPU
		{F3453A11-29BB-4886-9115-378EB0F506C2}.Debug|Any CPU.Build.0 = Debug|Any CPU
		{F3453A11-29BB-4886-9115-378EB0F506C2}.Release|Any CPU.ActiveCfg = Release|Any CPU
		{F3453A11-29BB-4886-9115-378EB0F506C2}.Release|Any CPU.Build.0 = Release|Any CPU
		{A52D8714-E0BB-43D8-9BB8-00A4F23B256A}.Debug|Any CPU.ActiveCfg = Debug|Any CPU
		{A52D8714-E0BB-43D8-9BB8-00A4F23B256A}.Debug|Any CPU.Build.0 = Debug|Any CPU
		{A52D8714-E0BB-43D8-9BB8-00A4F23B256A}.Release|Any CPU.ActiveCfg = Release|Any CPU
		{A52D8714-E0BB-43D8-9BB8-00A4F23B256A}.Release|Any CPU.Build.0 = Release|Any CPU
		{DC526D24-F532-4A8A-96B3-859CCCF3507A}.Debug|Any CPU.ActiveCfg = Debug|Any CPU
		{DC526D24-F532-4A8A-96B3-859CCCF3507A}.Debug|Any CPU.Build.0 = Debug|Any CPU
		{DC526D24-F532-4A8A-96B3-859CCCF3507A}.Release|Any CPU.ActiveCfg = Release|Any CPU
		{DC526D24-F532-4A8A-96B3-859CCCF3507A}.Release|Any CPU.Build.0 = Release|Any CPU
		{234AF005-4D7B-4278-935C-E15BA66B1E89}.Debug|Any CPU.ActiveCfg = Debug|Any CPU
		{234AF005-4D7B-4278-935C-E15BA66B1E89}.Debug|Any CPU.Build.0 = Debug|Any CPU
		{234AF005-4D7B-4278-935C-E15BA66B1E89}.Release|Any CPU.ActiveCfg = Release|Any CPU
		{234AF005-4D7B-4278-935C-E15BA66B1E89}.Release|Any CPU.Build.0 = Release|Any CPU
		{FBCDD73A-5A9C-4B93-816F-AAA8BD6A6BAE}.Debug|Any CPU.ActiveCfg = Debug|Any CPU
		{FBCDD73A-5A9C-4B93-816F-AAA8BD6A6BAE}.Debug|Any CPU.Build.0 = Debug|Any CPU
		{FBCDD73A-5A9C-4B93-816F-AAA8BD6A6BAE}.Release|Any CPU.ActiveCfg = Release|Any CPU
		{FBCDD73A-5A9C-4B93-816F-AAA8BD6A6BAE}.Release|Any CPU.Build.0 = Release|Any CPU
		{1E254A73-07BE-4AD8-8C06-A05FA7ACB2C9}.Debug|Any CPU.ActiveCfg = Debug|Any CPU
		{1E254A73-07BE-4AD8-8C06-A05FA7ACB2C9}.Debug|Any CPU.Build.0 = Debug|Any CPU
		{1E254A73-07BE-4AD8-8C06-A05FA7ACB2C9}.Release|Any CPU.ActiveCfg = Release|Any CPU
		{1E254A73-07BE-4AD8-8C06-A05FA7ACB2C9}.Release|Any CPU.Build.0 = Release|Any CPU
		{75D2DBD6-0940-4936-BEF7-9B7B51D5B471}.Debug|Any CPU.ActiveCfg = Debug|Any CPU
		{75D2DBD6-0940-4936-BEF7-9B7B51D5B471}.Debug|Any CPU.Build.0 = Debug|Any CPU
		{75D2DBD6-0940-4936-BEF7-9B7B51D5B471}.Release|Any CPU.ActiveCfg = Release|Any CPU
		{75D2DBD6-0940-4936-BEF7-9B7B51D5B471}.Release|Any CPU.Build.0 = Release|Any CPU
		{EB1ED5A1-88EE-4678-A28E-EFA4E3D9AD30}.Debug|Any CPU.ActiveCfg = Debug|Any CPU
		{EB1ED5A1-88EE-4678-A28E-EFA4E3D9AD30}.Debug|Any CPU.Build.0 = Debug|Any CPU
		{EB1ED5A1-88EE-4678-A28E-EFA4E3D9AD30}.Release|Any CPU.ActiveCfg = Release|Any CPU
		{EB1ED5A1-88EE-4678-A28E-EFA4E3D9AD30}.Release|Any CPU.Build.0 = Release|Any CPU
		{7D6C0A37-E03F-43BD-9AE1-BDA07C9FED7E}.Debug|Any CPU.ActiveCfg = Debug|Any CPU
		{7D6C0A37-E03F-43BD-9AE1-BDA07C9FED7E}.Debug|Any CPU.Build.0 = Debug|Any CPU
		{7D6C0A37-E03F-43BD-9AE1-BDA07C9FED7E}.Release|Any CPU.ActiveCfg = Release|Any CPU
		{7D6C0A37-E03F-43BD-9AE1-BDA07C9FED7E}.Release|Any CPU.Build.0 = Release|Any CPU
		{885BF2C1-3439-4171-80D2-8DC71091691A}.Debug|Any CPU.ActiveCfg = Debug|Any CPU
		{885BF2C1-3439-4171-80D2-8DC71091691A}.Debug|Any CPU.Build.0 = Debug|Any CPU
		{885BF2C1-3439-4171-80D2-8DC71091691A}.Release|Any CPU.ActiveCfg = Release|Any CPU
		{885BF2C1-3439-4171-80D2-8DC71091691A}.Release|Any CPU.Build.0 = Release|Any CPU
		{3481DBA7-508C-488A-979A-D902F826CCAB}.Debug|Any CPU.ActiveCfg = Debug|Any CPU
		{3481DBA7-508C-488A-979A-D902F826CCAB}.Debug|Any CPU.Build.0 = Debug|Any CPU
		{3481DBA7-508C-488A-979A-D902F826CCAB}.Release|Any CPU.ActiveCfg = Release|Any CPU
		{3481DBA7-508C-488A-979A-D902F826CCAB}.Release|Any CPU.Build.0 = Release|Any CPU
		{B3FEA10B-B930-4E25-BEBB-2CF1A93CDAC8}.Debug|Any CPU.ActiveCfg = Debug|Any CPU
		{B3FEA10B-B930-4E25-BEBB-2CF1A93CDAC8}.Debug|Any CPU.Build.0 = Debug|Any CPU
		{B3FEA10B-B930-4E25-BEBB-2CF1A93CDAC8}.Release|Any CPU.ActiveCfg = Release|Any CPU
		{B3FEA10B-B930-4E25-BEBB-2CF1A93CDAC8}.Release|Any CPU.Build.0 = Release|Any CPU
		{6358B208-3FD7-4274-91AF-E7CA3F10AE56}.Debug|Any CPU.ActiveCfg = Debug|Any CPU
		{6358B208-3FD7-4274-91AF-E7CA3F10AE56}.Debug|Any CPU.Build.0 = Debug|Any CPU
		{6358B208-3FD7-4274-91AF-E7CA3F10AE56}.Release|Any CPU.ActiveCfg = Release|Any CPU
		{6358B208-3FD7-4274-91AF-E7CA3F10AE56}.Release|Any CPU.Build.0 = Release|Any CPU
		{5AEC84FE-3936-4565-93EC-CA001805783D}.Debug|Any CPU.ActiveCfg = Debug|Any CPU
		{5AEC84FE-3936-4565-93EC-CA001805783D}.Debug|Any CPU.Build.0 = Debug|Any CPU
		{5AEC84FE-3936-4565-93EC-CA001805783D}.Release|Any CPU.ActiveCfg = Release|Any CPU
		{5AEC84FE-3936-4565-93EC-CA001805783D}.Release|Any CPU.Build.0 = Release|Any CPU
		{5106F608-FA07-4D20-9E93-C269FCB4D817}.Debug|Any CPU.ActiveCfg = Debug|Any CPU
		{5106F608-FA07-4D20-9E93-C269FCB4D817}.Debug|Any CPU.Build.0 = Debug|Any CPU
		{5106F608-FA07-4D20-9E93-C269FCB4D817}.Release|Any CPU.ActiveCfg = Release|Any CPU
		{5106F608-FA07-4D20-9E93-C269FCB4D817}.Release|Any CPU.Build.0 = Release|Any CPU
		{36A79C58-1DC3-485F-B583-1FF65D5BABD2}.Debug|Any CPU.ActiveCfg = Debug|Any CPU
		{36A79C58-1DC3-485F-B583-1FF65D5BABD2}.Debug|Any CPU.Build.0 = Debug|Any CPU
		{36A79C58-1DC3-485F-B583-1FF65D5BABD2}.Release|Any CPU.ActiveCfg = Release|Any CPU
		{36A79C58-1DC3-485F-B583-1FF65D5BABD2}.Release|Any CPU.Build.0 = Release|Any CPU
		{4344DCC3-3C15-4E92-BF43-AF4008F20975}.Debug|Any CPU.ActiveCfg = Debug|Any CPU
		{4344DCC3-3C15-4E92-BF43-AF4008F20975}.Debug|Any CPU.Build.0 = Debug|Any CPU
		{4344DCC3-3C15-4E92-BF43-AF4008F20975}.Release|Any CPU.ActiveCfg = Release|Any CPU
		{4344DCC3-3C15-4E92-BF43-AF4008F20975}.Release|Any CPU.Build.0 = Release|Any CPU
		{89747EA9-31F5-452B-B277-6E37A87CAB92}.Debug|Any CPU.ActiveCfg = Debug|Any CPU
		{89747EA9-31F5-452B-B277-6E37A87CAB92}.Debug|Any CPU.Build.0 = Debug|Any CPU
		{89747EA9-31F5-452B-B277-6E37A87CAB92}.Release|Any CPU.ActiveCfg = Release|Any CPU
		{89747EA9-31F5-452B-B277-6E37A87CAB92}.Release|Any CPU.Build.0 = Release|Any CPU
	EndGlobalSection
	GlobalSection(SolutionProperties) = preSolution
		HideSolutionNode = FALSE
	EndGlobalSection
EndGlobal
