
Microsoft Visual Studio Solution File, Format Version 12.00
# Visual Studio 15
VisualStudioVersion = 15.0.26228.12
MinimumVisualStudioVersion = 10.0.40219.1
Project("{FAE04EC0-301F-11D3-BF4B-00C04F79EFBC}") = "LiveDemo", "LiveDemo\LiveDemo.csproj", "{6F131505-74BA-4188-87F6-106D481DB6B2}"
EndProject
Project("{FAE04EC0-301F-11D3-BF4B-00C04F79EFBC}") = "Debit Card Number", "Debit Card Number\Debit Card Number.csproj", "{BFB2238C-91FC-4AC8-A9A9-326929181B14}"
EndProject
Project("{FAE04EC0-301F-11D3-BF4B-00C04F79EFBC}") = "RectangleArea", "RectangleArea\RectangleArea.csproj", "{6DB41719-0F53-4DA6-AC32-56D72DF743C0}"
EndProject
Project("{FAE04EC0-301F-11D3-BF4B-00C04F79EFBC}") = "MilesToKm", "MilesToKm\MilesToKm.csproj", "{6520560F-3586-4622-8949-F254A8AFBCEB}"
EndProject
Project("{FAE04EC0-301F-11D3-BF4B-00C04F79EFBC}") = "Beverage Labes", "Beverage Labes\Beverage Labes.csproj", "{6896FC30-0E1C-4753-A1D2-05A11A36BB7A}"
EndProject
Project("{FAE04EC0-301F-11D3-BF4B-00C04F79EFBC}") = "Character Stats", "Character Stats\Character Stats.csproj", "{FA76B759-A886-4E70-BF14-ED01B8C129C4}"
EndProject
Global
	GlobalSection(SolutionConfigurationPlatforms) = preSolution
		Debug|Any CPU = Debug|Any CPU
		Release|Any CPU = Release|Any CPU
	EndGlobalSection
	GlobalSection(ProjectConfigurationPlatforms) = postSolution
		{6F131505-74BA-4188-87F6-106D481DB6B2}.Debug|Any CPU.ActiveCfg = Debug|Any CPU
		{6F131505-74BA-4188-87F6-106D481DB6B2}.Debug|Any CPU.Build.0 = Debug|Any CPU
		{6F131505-74BA-4188-87F6-106D481DB6B2}.Release|Any CPU.ActiveCfg = Release|Any CPU
		{6F131505-74BA-4188-87F6-106D481DB6B2}.Release|Any CPU.Build.0 = Release|Any CPU
		{BFB2238C-91FC-4AC8-A9A9-326929181B14}.Debug|Any CPU.ActiveCfg = Debug|Any CPU
		{BFB2238C-91FC-4AC8-A9A9-326929181B14}.Debug|Any CPU.Build.0 = Debug|Any CPU
		{BFB2238C-91FC-4AC8-A9A9-326929181B14}.Release|Any CPU.ActiveCfg = Release|Any CPU
		{BFB2238C-91FC-4AC8-A9A9-326929181B14}.Release|Any CPU.Build.0 = Release|Any CPU
		{6DB41719-0F53-4DA6-AC32-56D72DF743C0}.Debug|Any CPU.ActiveCfg = Debug|Any CPU
		{6DB41719-0F53-4DA6-AC32-56D72DF743C0}.Debug|Any CPU.Build.0 = Debug|Any CPU
		{6DB41719-0F53-4DA6-AC32-56D72DF743C0}.Release|Any CPU.ActiveCfg = Release|Any CPU
		{6DB41719-0F53-4DA6-AC32-56D72DF743C0}.Release|Any CPU.Build.0 = Release|Any CPU
		{6520560F-3586-4622-8949-F254A8AFBCEB}.Debug|Any CPU.ActiveCfg = Debug|Any CPU
		{6520560F-3586-4622-8949-F254A8AFBCEB}.Debug|Any CPU.Build.0 = Debug|Any CPU
		{6520560F-3586-4622-8949-F254A8AFBCEB}.Release|Any CPU.ActiveCfg = Release|Any CPU
		{6520560F-3586-4622-8949-F254A8AFBCEB}.Release|Any CPU.Build.0 = Release|Any CPU
		{6896FC30-0E1C-4753-A1D2-05A11A36BB7A}.Debug|Any CPU.ActiveCfg = Debug|Any CPU
		{6896FC30-0E1C-4753-A1D2-05A11A36BB7A}.Debug|Any CPU.Build.0 = Debug|Any CPU
		{6896FC30-0E1C-4753-A1D2-05A11A36BB7A}.Release|Any CPU.ActiveCfg = Release|Any CPU
		{6896FC30-0E1C-4753-A1D2-05A11A36BB7A}.Release|Any CPU.Build.0 = Release|Any CPU
		{FA76B759-A886-4E70-BF14-ED01B8C129C4}.Debug|Any CPU.ActiveCfg = Debug|Any CPU
		{FA76B759-A886-4E70-BF14-ED01B8C129C4}.Debug|Any CPU.Build.0 = Debug|Any CPU
		{FA76B759-A886-4E70-BF14-ED01B8C129C4}.Release|Any CPU.ActiveCfg = Release|Any CPU
		{FA76B759-A886-4E70-BF14-ED01B8C129C4}.Release|Any CPU.Build.0 = Release|Any CPU
	EndGlobalSection
	GlobalSection(SolutionProperties) = preSolution
		HideSolutionNode = FALSE
	EndGlobalSection
EndGlobal
