
Microsoft Visual Studio Solution File, Format Version 12.00
# Visual Studio 15
VisualStudioVersion = 15.0.27130.2024
MinimumVisualStudioVersion = 10.0.40219.1
Project("{9A19103F-16F7-4668-BE54-9A1E7A4F7556}") = "BasicsExam_16July2017", "BasicsExam_16July2017\BasicsExam_16July2017.csproj", "{611166B5-3E9A-407A-9B80-763F3B9C7DC8}"
EndProject
Project("{FAE04EC0-301F-11D3-BF4B-00C04F79EFBC}") = "MySolution", "MySolution\MySolution.csproj", "{36B210A9-E2E4-4BA4-ACBB-4745F40906E8}"
EndProject
Global
	GlobalSection(SolutionConfigurationPlatforms) = preSolution
		Debug|Any CPU = Debug|Any CPU
		Release|Any CPU = Release|Any CPU
	EndGlobalSection
	GlobalSection(ProjectConfigurationPlatforms) = postSolution
		{611166B5-3E9A-407A-9B80-763F3B9C7DC8}.Debug|Any CPU.ActiveCfg = Debug|Any CPU
		{611166B5-3E9A-407A-9B80-763F3B9C7DC8}.Debug|Any CPU.Build.0 = Debug|Any CPU
		{611166B5-3E9A-407A-9B80-763F3B9C7DC8}.Release|Any CPU.ActiveCfg = Release|Any CPU
		{611166B5-3E9A-407A-9B80-763F3B9C7DC8}.Release|Any CPU.Build.0 = Release|Any CPU
		{36B210A9-E2E4-4BA4-ACBB-4745F40906E8}.Debug|Any CPU.ActiveCfg = Debug|Any CPU
		{36B210A9-E2E4-4BA4-ACBB-4745F40906E8}.Debug|Any CPU.Build.0 = Debug|Any CPU
		{36B210A9-E2E4-4BA4-ACBB-4745F40906E8}.Release|Any CPU.ActiveCfg = Release|Any CPU
		{36B210A9-E2E4-4BA4-ACBB-4745F40906E8}.Release|Any CPU.Build.0 = Release|Any CPU
	EndGlobalSection
	GlobalSection(SolutionProperties) = preSolution
		HideSolutionNode = FALSE
	EndGlobalSection
	GlobalSection(ExtensibilityGlobals) = postSolution
		SolutionGuid = {028A326F-4989-46C8-B96C-566E6AE725A3}
	EndGlobalSection
EndGlobal
