
Microsoft Visual Studio Solution File, Format Version 12.00
# Visual Studio 15
VisualStudioVersion = 15.0.26228.12
MinimumVisualStudioVersion = 10.0.40219.1
Project("{FAE04EC0-301F-11D3-BF4B-00C04F79EFBC}") = "LiveDemo", "LiveDemo\LiveDemo.csproj", "{7C5036AB-94A2-46A3-985D-7D403728C76E}"
EndProject
Project("{FAE04EC0-301F-11D3-BF4B-00C04F79EFBC}") = "P01.ReverseString", "P01.ReverseString\P01.ReverseString.csproj", "{FB9C3B02-297F-454A-B6AD-48125CA1F70B}"
EndProject
Project("{FAE04EC0-301F-11D3-BF4B-00C04F79EFBC}") = "P02.CountSubstringOccurrences", "P02.CountSubstringOccurrences\P02.CountSubstringOccurrences.csproj", "{08D52F14-EEBE-4D25-AD80-91AD05912976}"
EndProject
Project("{FAE04EC0-301F-11D3-BF4B-00C04F79EFBC}") = "P03.TextFilter", "P03.TextFilter\P03.TextFilter.csproj", "{23E07824-30D6-4E8A-8C78-5D5B96095A97}"
EndProject
Project("{FAE04EC0-301F-11D3-BF4B-00C04F79EFBC}") = "P04.Palindromes", "P04.Palindromes\P04.Palindromes.csproj", "{80935A7E-FCFC-48D1-B179-9E9B126789EB}"
EndProject
Global
	GlobalSection(SolutionConfigurationPlatforms) = preSolution
		Debug|Any CPU = Debug|Any CPU
		Release|Any CPU = Release|Any CPU
	EndGlobalSection
	GlobalSection(ProjectConfigurationPlatforms) = postSolution
		{7C5036AB-94A2-46A3-985D-7D403728C76E}.Debug|Any CPU.ActiveCfg = Debug|Any CPU
		{7C5036AB-94A2-46A3-985D-7D403728C76E}.Debug|Any CPU.Build.0 = Debug|Any CPU
		{7C5036AB-94A2-46A3-985D-7D403728C76E}.Release|Any CPU.ActiveCfg = Release|Any CPU
		{7C5036AB-94A2-46A3-985D-7D403728C76E}.Release|Any CPU.Build.0 = Release|Any CPU
		{FB9C3B02-297F-454A-B6AD-48125CA1F70B}.Debug|Any CPU.ActiveCfg = Debug|Any CPU
		{FB9C3B02-297F-454A-B6AD-48125CA1F70B}.Debug|Any CPU.Build.0 = Debug|Any CPU
		{FB9C3B02-297F-454A-B6AD-48125CA1F70B}.Release|Any CPU.ActiveCfg = Release|Any CPU
		{FB9C3B02-297F-454A-B6AD-48125CA1F70B}.Release|Any CPU.Build.0 = Release|Any CPU
		{08D52F14-EEBE-4D25-AD80-91AD05912976}.Debug|Any CPU.ActiveCfg = Debug|Any CPU
		{08D52F14-EEBE-4D25-AD80-91AD05912976}.Debug|Any CPU.Build.0 = Debug|Any CPU
		{08D52F14-EEBE-4D25-AD80-91AD05912976}.Release|Any CPU.ActiveCfg = Release|Any CPU
		{08D52F14-EEBE-4D25-AD80-91AD05912976}.Release|Any CPU.Build.0 = Release|Any CPU
		{23E07824-30D6-4E8A-8C78-5D5B96095A97}.Debug|Any CPU.ActiveCfg = Debug|Any CPU
		{23E07824-30D6-4E8A-8C78-5D5B96095A97}.Debug|Any CPU.Build.0 = Debug|Any CPU
		{23E07824-30D6-4E8A-8C78-5D5B96095A97}.Release|Any CPU.ActiveCfg = Release|Any CPU
		{23E07824-30D6-4E8A-8C78-5D5B96095A97}.Release|Any CPU.Build.0 = Release|Any CPU
		{80935A7E-FCFC-48D1-B179-9E9B126789EB}.Debug|Any CPU.ActiveCfg = Debug|Any CPU
		{80935A7E-FCFC-48D1-B179-9E9B126789EB}.Debug|Any CPU.Build.0 = Debug|Any CPU
		{80935A7E-FCFC-48D1-B179-9E9B126789EB}.Release|Any CPU.ActiveCfg = Release|Any CPU
		{80935A7E-FCFC-48D1-B179-9E9B126789EB}.Release|Any CPU.Build.0 = Release|Any CPU
	EndGlobalSection
	GlobalSection(SolutionProperties) = preSolution
		HideSolutionNode = FALSE
	EndGlobalSection
EndGlobal
