
Microsoft Visual Studio Solution File, Format Version 12.00
# Visual Studio 15
VisualStudioVersion = 15.0.26228.12
MinimumVisualStudioVersion = 10.0.40219.1
Project("{FAE04EC0-301F-11D3-BF4B-00C04F79EFBC}") = "P01.PokeMon", "P01.PokeMon\P01.PokeMon.csproj", "{D0C45E1C-5BB5-4CBD-A218-912603102D43}"
EndProject
Project("{FAE04EC0-301F-11D3-BF4B-00C04F79EFBC}") = "P02.PokemonDontGo", "P02.PokemonDontGo\P02.PokemonDontGo.csproj", "{D5784BE4-6861-49F5-8AF8-5392F2EDB191}"
EndProject
Project("{FAE04EC0-301F-11D3-BF4B-00C04F79EFBC}") = "P02.1.PokemonDontGo", "P02.1.PokemonDontGo\P02.1.PokemonDontGo.csproj", "{36ED65A0-0310-4D33-BAF3-505B092A1912}"
EndProject
Project("{FAE04EC0-301F-11D3-BF4B-00C04F79EFBC}") = "Solution", "Solution\Solution.csproj", "{313D341A-7806-40A8-9294-F5B767A41360}"
EndProject
Global
	GlobalSection(SolutionConfigurationPlatforms) = preSolution
		Debug|Any CPU = Debug|Any CPU
		Release|Any CPU = Release|Any CPU
	EndGlobalSection
	GlobalSection(ProjectConfigurationPlatforms) = postSolution
		{D0C45E1C-5BB5-4CBD-A218-912603102D43}.Debug|Any CPU.ActiveCfg = Debug|Any CPU
		{D0C45E1C-5BB5-4CBD-A218-912603102D43}.Debug|Any CPU.Build.0 = Debug|Any CPU
		{D0C45E1C-5BB5-4CBD-A218-912603102D43}.Release|Any CPU.ActiveCfg = Release|Any CPU
		{D0C45E1C-5BB5-4CBD-A218-912603102D43}.Release|Any CPU.Build.0 = Release|Any CPU
		{D5784BE4-6861-49F5-8AF8-5392F2EDB191}.Debug|Any CPU.ActiveCfg = Debug|Any CPU
		{D5784BE4-6861-49F5-8AF8-5392F2EDB191}.Debug|Any CPU.Build.0 = Debug|Any CPU
		{D5784BE4-6861-49F5-8AF8-5392F2EDB191}.Release|Any CPU.ActiveCfg = Release|Any CPU
		{D5784BE4-6861-49F5-8AF8-5392F2EDB191}.Release|Any CPU.Build.0 = Release|Any CPU
		{36ED65A0-0310-4D33-BAF3-505B092A1912}.Debug|Any CPU.ActiveCfg = Debug|Any CPU
		{36ED65A0-0310-4D33-BAF3-505B092A1912}.Debug|Any CPU.Build.0 = Debug|Any CPU
		{36ED65A0-0310-4D33-BAF3-505B092A1912}.Release|Any CPU.ActiveCfg = Release|Any CPU
		{36ED65A0-0310-4D33-BAF3-505B092A1912}.Release|Any CPU.Build.0 = Release|Any CPU
		{313D341A-7806-40A8-9294-F5B767A41360}.Debug|Any CPU.ActiveCfg = Debug|Any CPU
		{313D341A-7806-40A8-9294-F5B767A41360}.Debug|Any CPU.Build.0 = Debug|Any CPU
		{313D341A-7806-40A8-9294-F5B767A41360}.Release|Any CPU.ActiveCfg = Release|Any CPU
		{313D341A-7806-40A8-9294-F5B767A41360}.Release|Any CPU.Build.0 = Release|Any CPU
	EndGlobalSection
	GlobalSection(SolutionProperties) = preSolution
		HideSolutionNode = FALSE
	EndGlobalSection
EndGlobal
