
Microsoft Visual Studio Solution File, Format Version 12.00
# Visual Studio 15
VisualStudioVersion = 15.0.27130.2024
MinimumVisualStudioVersion = 10.0.40219.1
Project("{9A19103F-16F7-4668-BE54-9A1E7A4F7556}") = "P01_Regex", "P01_Regex\P01_Regex.csproj", "{99302716-6C2D-4E23-AC22-A0B9013EFE49}"
EndProject
Project("{9A19103F-16F7-4668-BE54-9A1E7A4F7556}") = "P02_KnightGame", "P02_KnightGame\P02_KnightGame.csproj", "{3D4D17AB-5045-4996-AA1F-E7186A9267FB}"
EndProject
Project("{9A19103F-16F7-4668-BE54-9A1E7A4F7556}") = "P04_Hospital", "P04_Hospital\P04_Hospital.csproj", "{9936BB95-4B2B-40CA-B420-E18377886CAE}"
EndProject
Project("{FAE04EC0-301F-11D3-BF4B-00C04F79EFBC}") = "P01_1Regex", "P01_1Regex\P01_1Regex.csproj", "{B920FE5B-3F9D-4004-BA7A-51EE3BCF0038}"
EndProject
Project("{FAE04EC0-301F-11D3-BF4B-00C04F79EFBC}") = "P02_1KnightGame", "P02_1KnightGame\P02_1KnightGame.csproj", "{C11DB99E-EB6B-4B06-B0A1-B8676BCAB255}"
EndProject
Project("{FAE04EC0-301F-11D3-BF4B-00C04F79EFBC}") = "P03_NumberWars", "P03_NumberWars\P03_NumberWars.csproj", "{6206E52E-EFD1-4E57-8C8C-121040E6B764}"
EndProject
Project("{FAE04EC0-301F-11D3-BF4B-00C04F79EFBC}") = "P04_1Hospital", "P04_1Hospital\P04_1Hospital.csproj", "{F644C719-6A5F-4E04-974D-18B559424057}"
EndProject
Global
	GlobalSection(SolutionConfigurationPlatforms) = preSolution
		Debug|Any CPU = Debug|Any CPU
		Release|Any CPU = Release|Any CPU
	EndGlobalSection
	GlobalSection(ProjectConfigurationPlatforms) = postSolution
		{99302716-6C2D-4E23-AC22-A0B9013EFE49}.Debug|Any CPU.ActiveCfg = Debug|Any CPU
		{99302716-6C2D-4E23-AC22-A0B9013EFE49}.Debug|Any CPU.Build.0 = Debug|Any CPU
		{99302716-6C2D-4E23-AC22-A0B9013EFE49}.Release|Any CPU.ActiveCfg = Release|Any CPU
		{99302716-6C2D-4E23-AC22-A0B9013EFE49}.Release|Any CPU.Build.0 = Release|Any CPU
		{3D4D17AB-5045-4996-AA1F-E7186A9267FB}.Debug|Any CPU.ActiveCfg = Debug|Any CPU
		{3D4D17AB-5045-4996-AA1F-E7186A9267FB}.Debug|Any CPU.Build.0 = Debug|Any CPU
		{3D4D17AB-5045-4996-AA1F-E7186A9267FB}.Release|Any CPU.ActiveCfg = Release|Any CPU
		{3D4D17AB-5045-4996-AA1F-E7186A9267FB}.Release|Any CPU.Build.0 = Release|Any CPU
		{9936BB95-4B2B-40CA-B420-E18377886CAE}.Debug|Any CPU.ActiveCfg = Debug|Any CPU
		{9936BB95-4B2B-40CA-B420-E18377886CAE}.Debug|Any CPU.Build.0 = Debug|Any CPU
		{9936BB95-4B2B-40CA-B420-E18377886CAE}.Release|Any CPU.ActiveCfg = Release|Any CPU
		{9936BB95-4B2B-40CA-B420-E18377886CAE}.Release|Any CPU.Build.0 = Release|Any CPU
		{B920FE5B-3F9D-4004-BA7A-51EE3BCF0038}.Debug|Any CPU.ActiveCfg = Debug|Any CPU
		{B920FE5B-3F9D-4004-BA7A-51EE3BCF0038}.Debug|Any CPU.Build.0 = Debug|Any CPU
		{B920FE5B-3F9D-4004-BA7A-51EE3BCF0038}.Release|Any CPU.ActiveCfg = Release|Any CPU
		{B920FE5B-3F9D-4004-BA7A-51EE3BCF0038}.Release|Any CPU.Build.0 = Release|Any CPU
		{C11DB99E-EB6B-4B06-B0A1-B8676BCAB255}.Debug|Any CPU.ActiveCfg = Debug|Any CPU
		{C11DB99E-EB6B-4B06-B0A1-B8676BCAB255}.Debug|Any CPU.Build.0 = Debug|Any CPU
		{C11DB99E-EB6B-4B06-B0A1-B8676BCAB255}.Release|Any CPU.ActiveCfg = Release|Any CPU
		{C11DB99E-EB6B-4B06-B0A1-B8676BCAB255}.Release|Any CPU.Build.0 = Release|Any CPU
		{6206E52E-EFD1-4E57-8C8C-121040E6B764}.Debug|Any CPU.ActiveCfg = Debug|Any CPU
		{6206E52E-EFD1-4E57-8C8C-121040E6B764}.Debug|Any CPU.Build.0 = Debug|Any CPU
		{6206E52E-EFD1-4E57-8C8C-121040E6B764}.Release|Any CPU.ActiveCfg = Release|Any CPU
		{6206E52E-EFD1-4E57-8C8C-121040E6B764}.Release|Any CPU.Build.0 = Release|Any CPU
		{F644C719-6A5F-4E04-974D-18B559424057}.Debug|Any CPU.ActiveCfg = Debug|Any CPU
		{F644C719-6A5F-4E04-974D-18B559424057}.Debug|Any CPU.Build.0 = Debug|Any CPU
		{F644C719-6A5F-4E04-974D-18B559424057}.Release|Any CPU.ActiveCfg = Release|Any CPU
		{F644C719-6A5F-4E04-974D-18B559424057}.Release|Any CPU.Build.0 = Release|Any CPU
	EndGlobalSection
	GlobalSection(SolutionProperties) = preSolution
		HideSolutionNode = FALSE
	EndGlobalSection
	GlobalSection(ExtensibilityGlobals) = postSolution
		SolutionGuid = {A790EE63-4829-43F0-B3BF-ACB012DD4A37}
	EndGlobalSection
EndGlobal
