
Microsoft Visual Studio Solution File, Format Version 12.00
# Visual Studio 15
VisualStudioVersion = 15.0.27130.2024
MinimumVisualStudioVersion = 10.0.40219.1
Project("{9A19103F-16F7-4668-BE54-9A1E7A4F7556}") = "Lab", "Lab\Lab.csproj", "{10B6A24E-54B3-4B97-8146-7AD7F55C6727}"
EndProject
Project("{FAE04EC0-301F-11D3-BF4B-00C04F79EFBC}") = "P01_SortPersonsByNameAndAge", "P01_SortPersonsByNameAndAge\P01_SortPersonsByNameAndAge.csproj", "{248E0CC5-65AD-43A0-B084-7D6F0C7E220B}"
EndProject
Project("{FAE04EC0-301F-11D3-BF4B-00C04F79EFBC}") = "P02_FirstAndReserveTeam", "P02_FirstAndReserveTeam\P02_FirstAndReserveTeam.csproj", "{E690B715-085A-4C62-A8EA-A9BF32B0CE9C}"
EndProject
Global
	GlobalSection(SolutionConfigurationPlatforms) = preSolution
		Debug|Any CPU = Debug|Any CPU
		Release|Any CPU = Release|Any CPU
	EndGlobalSection
	GlobalSection(ProjectConfigurationPlatforms) = postSolution
		{10B6A24E-54B3-4B97-8146-7AD7F55C6727}.Debug|Any CPU.ActiveCfg = Debug|Any CPU
		{10B6A24E-54B3-4B97-8146-7AD7F55C6727}.Debug|Any CPU.Build.0 = Debug|Any CPU
		{10B6A24E-54B3-4B97-8146-7AD7F55C6727}.Release|Any CPU.ActiveCfg = Release|Any CPU
		{10B6A24E-54B3-4B97-8146-7AD7F55C6727}.Release|Any CPU.Build.0 = Release|Any CPU
		{248E0CC5-65AD-43A0-B084-7D6F0C7E220B}.Debug|Any CPU.ActiveCfg = Debug|Any CPU
		{248E0CC5-65AD-43A0-B084-7D6F0C7E220B}.Debug|Any CPU.Build.0 = Debug|Any CPU
		{248E0CC5-65AD-43A0-B084-7D6F0C7E220B}.Release|Any CPU.ActiveCfg = Release|Any CPU
		{248E0CC5-65AD-43A0-B084-7D6F0C7E220B}.Release|Any CPU.Build.0 = Release|Any CPU
		{E690B715-085A-4C62-A8EA-A9BF32B0CE9C}.Debug|Any CPU.ActiveCfg = Debug|Any CPU
		{E690B715-085A-4C62-A8EA-A9BF32B0CE9C}.Debug|Any CPU.Build.0 = Debug|Any CPU
		{E690B715-085A-4C62-A8EA-A9BF32B0CE9C}.Release|Any CPU.ActiveCfg = Release|Any CPU
		{E690B715-085A-4C62-A8EA-A9BF32B0CE9C}.Release|Any CPU.Build.0 = Release|Any CPU
	EndGlobalSection
	GlobalSection(SolutionProperties) = preSolution
		HideSolutionNode = FALSE
	EndGlobalSection
	GlobalSection(ExtensibilityGlobals) = postSolution
		SolutionGuid = {DAF4ACE6-8EEE-48F3-B338-28EB1BAA2811}
	EndGlobalSection
EndGlobal
