
Microsoft Visual Studio Solution File, Format Version 12.00
# Visual Studio 15
VisualStudioVersion = 15.0.26228.12
MinimumVisualStudioVersion = 10.0.40219.1
Project("{FAE04EC0-301F-11D3-BF4B-00C04F79EFBC}") = "P01.MostFrequentNumber", "P01.MostFrequentNumber\P01.MostFrequentNumber.csproj", "{2263AC25-3023-4BD3-BD1A-C88BB0D672F0}"
EndProject
Project("{FAE04EC0-301F-11D3-BF4B-00C04F79EFBC}") = "P02.IndexOfLetters", "P02.IndexOfLetters\P02.IndexOfLetters.csproj", "{E9F350EC-0CEC-4D6C-8826-E2BE88697FDA}"
EndProject
Project("{FAE04EC0-301F-11D3-BF4B-00C04F79EFBC}") = "P03.EqualSums", "P03.EqualSums\P03.EqualSums.csproj", "{89B68880-6563-4AC3-8695-3C2020A08474}"
EndProject
Project("{FAE04EC0-301F-11D3-BF4B-00C04F79EFBC}") = "P04.MaxSequenceOfEqualElements", "P04.MaxSequenceOfEqualElements\P04.MaxSequenceOfEqualElements.csproj", "{24B68BC2-1CAD-41E4-925E-DE1A231EB7B4}"
EndProject
Project("{FAE04EC0-301F-11D3-BF4B-00C04F79EFBC}") = "P05.AMinerTask", "P05.AMinerTask\P05.AMinerTask.csproj", "{57ABB5BB-063C-474B-B8EA-2E9F16F7DB01}"
EndProject
Project("{FAE04EC0-301F-11D3-BF4B-00C04F79EFBC}") = "P06.FixEmails", "P06.FixEmails\P06.FixEmails.csproj", "{ADA98E78-C364-4FCB-9F5A-5514AF7D6657}"
EndProject
Project("{FAE04EC0-301F-11D3-BF4B-00C04F79EFBC}") = "P07.AdvertisementMessage", "P07.AdvertisementMessage\P07.AdvertisementMessage.csproj", "{F734D5D8-77FC-42E8-A709-58C9DED01471}"
EndProject
Project("{FAE04EC0-301F-11D3-BF4B-00C04F79EFBC}") = "P08.AverageGrades", "P08.AverageGrades\P08.AverageGrades.csproj", "{0E91680C-31D0-4CE3-AC64-02900D4D653E}"
EndProject
Project("{FAE04EC0-301F-11D3-BF4B-00C04F79EFBC}") = "P09.BookLibrary", "P09.BookLibrary\P09.BookLibrary.csproj", "{1597AFC2-5B27-4AB3-AC29-1CEB8E000589}"
EndProject
Project("{FAE04EC0-301F-11D3-BF4B-00C04F79EFBC}") = "P10.BookLibraryModification", "P10.BookLibraryModification\P10.BookLibraryModification.csproj", "{1ED8B5BC-1188-47AE-B774-729AB065CE54}"
EndProject
Global
	GlobalSection(SolutionConfigurationPlatforms) = preSolution
		Debug|Any CPU = Debug|Any CPU
		Release|Any CPU = Release|Any CPU
	EndGlobalSection
	GlobalSection(ProjectConfigurationPlatforms) = postSolution
		{2263AC25-3023-4BD3-BD1A-C88BB0D672F0}.Debug|Any CPU.ActiveCfg = Debug|Any CPU
		{2263AC25-3023-4BD3-BD1A-C88BB0D672F0}.Debug|Any CPU.Build.0 = Debug|Any CPU
		{2263AC25-3023-4BD3-BD1A-C88BB0D672F0}.Release|Any CPU.ActiveCfg = Release|Any CPU
		{2263AC25-3023-4BD3-BD1A-C88BB0D672F0}.Release|Any CPU.Build.0 = Release|Any CPU
		{E9F350EC-0CEC-4D6C-8826-E2BE88697FDA}.Debug|Any CPU.ActiveCfg = Debug|Any CPU
		{E9F350EC-0CEC-4D6C-8826-E2BE88697FDA}.Debug|Any CPU.Build.0 = Debug|Any CPU
		{E9F350EC-0CEC-4D6C-8826-E2BE88697FDA}.Release|Any CPU.ActiveCfg = Release|Any CPU
		{E9F350EC-0CEC-4D6C-8826-E2BE88697FDA}.Release|Any CPU.Build.0 = Release|Any CPU
		{89B68880-6563-4AC3-8695-3C2020A08474}.Debug|Any CPU.ActiveCfg = Debug|Any CPU
		{89B68880-6563-4AC3-8695-3C2020A08474}.Debug|Any CPU.Build.0 = Debug|Any CPU
		{89B68880-6563-4AC3-8695-3C2020A08474}.Release|Any CPU.ActiveCfg = Release|Any CPU
		{89B68880-6563-4AC3-8695-3C2020A08474}.Release|Any CPU.Build.0 = Release|Any CPU
		{24B68BC2-1CAD-41E4-925E-DE1A231EB7B4}.Debug|Any CPU.ActiveCfg = Debug|Any CPU
		{24B68BC2-1CAD-41E4-925E-DE1A231EB7B4}.Debug|Any CPU.Build.0 = Debug|Any CPU
		{24B68BC2-1CAD-41E4-925E-DE1A231EB7B4}.Release|Any CPU.ActiveCfg = Release|Any CPU
		{24B68BC2-1CAD-41E4-925E-DE1A231EB7B4}.Release|Any CPU.Build.0 = Release|Any CPU
		{57ABB5BB-063C-474B-B8EA-2E9F16F7DB01}.Debug|Any CPU.ActiveCfg = Debug|Any CPU
		{57ABB5BB-063C-474B-B8EA-2E9F16F7DB01}.Debug|Any CPU.Build.0 = Debug|Any CPU
		{57ABB5BB-063C-474B-B8EA-2E9F16F7DB01}.Release|Any CPU.ActiveCfg = Release|Any CPU
		{57ABB5BB-063C-474B-B8EA-2E9F16F7DB01}.Release|Any CPU.Build.0 = Release|Any CPU
		{ADA98E78-C364-4FCB-9F5A-5514AF7D6657}.Debug|Any CPU.ActiveCfg = Debug|Any CPU
		{ADA98E78-C364-4FCB-9F5A-5514AF7D6657}.Debug|Any CPU.Build.0 = Debug|Any CPU
		{ADA98E78-C364-4FCB-9F5A-5514AF7D6657}.Release|Any CPU.ActiveCfg = Release|Any CPU
		{ADA98E78-C364-4FCB-9F5A-5514AF7D6657}.Release|Any CPU.Build.0 = Release|Any CPU
		{F734D5D8-77FC-42E8-A709-58C9DED01471}.Debug|Any CPU.ActiveCfg = Debug|Any CPU
		{F734D5D8-77FC-42E8-A709-58C9DED01471}.Debug|Any CPU.Build.0 = Debug|Any CPU
		{F734D5D8-77FC-42E8-A709-58C9DED01471}.Release|Any CPU.ActiveCfg = Release|Any CPU
		{F734D5D8-77FC-42E8-A709-58C9DED01471}.Release|Any CPU.Build.0 = Release|Any CPU
		{0E91680C-31D0-4CE3-AC64-02900D4D653E}.Debug|Any CPU.ActiveCfg = Debug|Any CPU
		{0E91680C-31D0-4CE3-AC64-02900D4D653E}.Debug|Any CPU.Build.0 = Debug|Any CPU
		{0E91680C-31D0-4CE3-AC64-02900D4D653E}.Release|Any CPU.ActiveCfg = Release|Any CPU
		{0E91680C-31D0-4CE3-AC64-02900D4D653E}.Release|Any CPU.Build.0 = Release|Any CPU
		{1597AFC2-5B27-4AB3-AC29-1CEB8E000589}.Debug|Any CPU.ActiveCfg = Debug|Any CPU
		{1597AFC2-5B27-4AB3-AC29-1CEB8E000589}.Debug|Any CPU.Build.0 = Debug|Any CPU
		{1597AFC2-5B27-4AB3-AC29-1CEB8E000589}.Release|Any CPU.ActiveCfg = Release|Any CPU
		{1597AFC2-5B27-4AB3-AC29-1CEB8E000589}.Release|Any CPU.Build.0 = Release|Any CPU
		{1ED8B5BC-1188-47AE-B774-729AB065CE54}.Debug|Any CPU.ActiveCfg = Debug|Any CPU
		{1ED8B5BC-1188-47AE-B774-729AB065CE54}.Debug|Any CPU.Build.0 = Debug|Any CPU
		{1ED8B5BC-1188-47AE-B774-729AB065CE54}.Release|Any CPU.ActiveCfg = Release|Any CPU
		{1ED8B5BC-1188-47AE-B774-729AB065CE54}.Release|Any CPU.Build.0 = Release|Any CPU
	EndGlobalSection
	GlobalSection(SolutionProperties) = preSolution
		HideSolutionNode = FALSE
	EndGlobalSection
EndGlobal
