
Microsoft Visual Studio Solution File, Format Version 12.00
# Visual Studio 15
VisualStudioVersion = 15.0.27130.2024
MinimumVisualStudioVersion = 10.0.40219.1
Project("{9A19103F-16F7-4668-BE54-9A1E7A4F7556}") = "GrandPrix_20180315", "GrandPrix_20180315.csproj", "{FB00A3DB-55B2-4BA7-A53C-7B5603DF4404}"
EndProject
Project("{FAE04EC0-301F-11D3-BF4B-00C04F79EFBC}") = "Bojo_GrdanPrix", "..\Bojo_GrdanPrix\Bojo_GrdanPrix.csproj", "{2677D8D9-AA0A-4769-B54B-AFFCB8DD4DA2}"
EndProject
Global
	GlobalSection(SolutionConfigurationPlatforms) = preSolution
		Debug|Any CPU = Debug|Any CPU
		Release|Any CPU = Release|Any CPU
	EndGlobalSection
	GlobalSection(ProjectConfigurationPlatforms) = postSolution
		{FB00A3DB-55B2-4BA7-A53C-7B5603DF4404}.Debug|Any CPU.ActiveCfg = Debug|Any CPU
		{FB00A3DB-55B2-4BA7-A53C-7B5603DF4404}.Debug|Any CPU.Build.0 = Debug|Any CPU
		{FB00A3DB-55B2-4BA7-A53C-7B5603DF4404}.Release|Any CPU.ActiveCfg = Release|Any CPU
		{FB00A3DB-55B2-4BA7-A53C-7B5603DF4404}.Release|Any CPU.Build.0 = Release|Any CPU
		{2677D8D9-AA0A-4769-B54B-AFFCB8DD4DA2}.Debug|Any CPU.ActiveCfg = Debug|Any CPU
		{2677D8D9-AA0A-4769-B54B-AFFCB8DD4DA2}.Debug|Any CPU.Build.0 = Debug|Any CPU
		{2677D8D9-AA0A-4769-B54B-AFFCB8DD4DA2}.Release|Any CPU.ActiveCfg = Release|Any CPU
		{2677D8D9-AA0A-4769-B54B-AFFCB8DD4DA2}.Release|Any CPU.Build.0 = Release|Any CPU
	EndGlobalSection
	GlobalSection(SolutionProperties) = preSolution
		HideSolutionNode = FALSE
	EndGlobalSection
	GlobalSection(ExtensibilityGlobals) = postSolution
		SolutionGuid = {86BF483E-5170-41AF-8A28-31EBC104C575}
	EndGlobalSection
EndGlobal
