
Microsoft Visual Studio Solution File, Format Version 12.00
# Visual Studio 15
VisualStudioVersion = 15.0.27130.2024
MinimumVisualStudioVersion = 10.0.40219.1
Project("{9A19103F-16F7-4668-BE54-9A1E7A4F7556}") = "P01_Vehicles", "P01_Vehicles\P01_Vehicles.csproj", "{513BC5D2-F468-4841-82F6-49E0CEDE79E2}"
EndProject
Project("{FAE04EC0-301F-11D3-BF4B-00C04F79EFBC}") = "P02_WildFarm", "P02_WildFarm\P02_WildFarm.csproj", "{03CE4316-1BF6-4503-8D2D-90881520CDCA}"
EndProject
Global
	GlobalSection(SolutionConfigurationPlatforms) = preSolution
		Debug|Any CPU = Debug|Any CPU
		Release|Any CPU = Release|Any CPU
	EndGlobalSection
	GlobalSection(ProjectConfigurationPlatforms) = postSolution
		{513BC5D2-F468-4841-82F6-49E0CEDE79E2}.Debug|Any CPU.ActiveCfg = Debug|Any CPU
		{513BC5D2-F468-4841-82F6-49E0CEDE79E2}.Debug|Any CPU.Build.0 = Debug|Any CPU
		{513BC5D2-F468-4841-82F6-49E0CEDE79E2}.Release|Any CPU.ActiveCfg = Release|Any CPU
		{513BC5D2-F468-4841-82F6-49E0CEDE79E2}.Release|Any CPU.Build.0 = Release|Any CPU
		{03CE4316-1BF6-4503-8D2D-90881520CDCA}.Debug|Any CPU.ActiveCfg = Debug|Any CPU
		{03CE4316-1BF6-4503-8D2D-90881520CDCA}.Debug|Any CPU.Build.0 = Debug|Any CPU
		{03CE4316-1BF6-4503-8D2D-90881520CDCA}.Release|Any CPU.ActiveCfg = Release|Any CPU
		{03CE4316-1BF6-4503-8D2D-90881520CDCA}.Release|Any CPU.Build.0 = Release|Any CPU
	EndGlobalSection
	GlobalSection(SolutionProperties) = preSolution
		HideSolutionNode = FALSE
	EndGlobalSection
	GlobalSection(ExtensibilityGlobals) = postSolution
		SolutionGuid = {2BBE50AA-CA1E-49C4-8227-9D7248D98957}
	EndGlobalSection
EndGlobal
