
Microsoft Visual Studio Solution File, Format Version 12.00
# Visual Studio 15
VisualStudioVersion = 15.0.27130.2024
MinimumVisualStudioVersion = 10.0.40219.1
Project("{9A19103F-16F7-4668-BE54-9A1E7A4F7556}") = "P01_ActionPoint", "P01_ActionPoint\P01_ActionPoint.csproj", "{C4B98150-E5A1-420D-A5F4-122759647A05}"
EndProject
Project("{9A19103F-16F7-4668-BE54-9A1E7A4F7556}") = "P02_KnightsOfHonor", "P02_KnightsOfHonor\P02_KnightsOfHonor.csproj", "{E45500B4-C1A3-4535-B5E9-A463A334E3A8}"
EndProject
Project("{9A19103F-16F7-4668-BE54-9A1E7A4F7556}") = "P03_CustomMinFunction", "P03_CustomMinFunction\P03_CustomMinFunction.csproj", "{A7170240-2B49-4854-B0BE-F6B6171B26DC}"
EndProject
Project("{9A19103F-16F7-4668-BE54-9A1E7A4F7556}") = "P04_FindEvensOrOdds", "P04_FindEvensOrOdds\P04_FindEvensOrOdds.csproj", "{921B379C-CDF7-48EE-9F93-7F501DB92223}"
EndProject
Project("{9A19103F-16F7-4668-BE54-9A1E7A4F7556}") = "P05_AppliedArithmetics", "P05_AppliedArithmetics\P05_AppliedArithmetics.csproj", "{6EF6C894-3D3B-4B3E-B575-2CE635156C12}"
EndProject
Project("{9A19103F-16F7-4668-BE54-9A1E7A4F7556}") = "P06_ReverseAndExclude", "P06_ReverseAndExclude\P06_ReverseAndExclude.csproj", "{93AE36BD-0BB8-4DC2-9852-5131DEFC35E5}"
EndProject
Project("{9A19103F-16F7-4668-BE54-9A1E7A4F7556}") = "P08_CustomComparator", "P08_CustomComparator\P08_CustomComparator.csproj", "{18271807-E420-4964-ACDD-935678D6BE20}"
EndProject
Project("{9A19103F-16F7-4668-BE54-9A1E7A4F7556}") = "P09_ListOfPredicates", "P09_ListOfPredicates\P09_ListOfPredicates.csproj", "{EA88AC66-4EB1-48C1-A638-583233876E82}"
EndProject
Project("{FAE04EC0-301F-11D3-BF4B-00C04F79EFBC}") = "P12_InfernoIII", "P12_InfernoIII\P12_InfernoIII.csproj", "{F9E6014B-690D-4D4D-B746-2BACB2B24337}"
EndProject
Project("{FAE04EC0-301F-11D3-BF4B-00C04F79EFBC}") = "P13_TriFunction", "P13_TriFunction\P13_TriFunction.csproj", "{DE7B68BF-AAB6-45F8-BFCD-F1DEF0DD113E}"
EndProject
Project("{FAE04EC0-301F-11D3-BF4B-00C04F79EFBC}") = "P13_1TriFunction", "P13_1TriFunction\P13_1TriFunction.csproj", "{11C7A0D9-E010-442F-8A9E-B2C3F3C6B1F1}"
EndProject
Project("{FAE04EC0-301F-11D3-BF4B-00C04F79EFBC}") = "P08_1CustomComparator", "P08_1CustomComparator\P08_1CustomComparator.csproj", "{40813314-D1B1-4845-9DCA-C9A20853BA31}"
EndProject
Project("{FAE04EC0-301F-11D3-BF4B-00C04F79EFBC}") = "P09_1ListOfPredicates", "P09_1ListOfPredicates\P09_1ListOfPredicates.csproj", "{A265E006-9B39-4915-8912-2035EECE0076}"
EndProject
Project("{FAE04EC0-301F-11D3-BF4B-00C04F79EFBC}") = "P10_PredicateParty", "P10_PredicateParty\P10_PredicateParty.csproj", "{BC4A1721-435B-4143-82A8-7D9F0CBC94D6}"
EndProject
Project("{FAE04EC0-301F-11D3-BF4B-00C04F79EFBC}") = "P11_PartyReservationFilterModule", "P11_PartyReservationFilterModule\P11_PartyReservationFilterModule.csproj", "{FD0649F4-2E89-48C1-8578-6199163190A7}"
EndProject
Project("{FAE04EC0-301F-11D3-BF4B-00C04F79EFBC}") = "P14_ReverseAndExclude", "P14_ReverseAndExclude\P14_ReverseAndExclude.csproj", "{73CC6E8D-4A00-426C-B2BA-0898F90EF9B6}"
EndProject
Global
	GlobalSection(SolutionConfigurationPlatforms) = preSolution
		Debug|Any CPU = Debug|Any CPU
		Release|Any CPU = Release|Any CPU
	EndGlobalSection
	GlobalSection(ProjectConfigurationPlatforms) = postSolution
		{C4B98150-E5A1-420D-A5F4-122759647A05}.Debug|Any CPU.ActiveCfg = Debug|Any CPU
		{C4B98150-E5A1-420D-A5F4-122759647A05}.Debug|Any CPU.Build.0 = Debug|Any CPU
		{C4B98150-E5A1-420D-A5F4-122759647A05}.Release|Any CPU.ActiveCfg = Release|Any CPU
		{C4B98150-E5A1-420D-A5F4-122759647A05}.Release|Any CPU.Build.0 = Release|Any CPU
		{E45500B4-C1A3-4535-B5E9-A463A334E3A8}.Debug|Any CPU.ActiveCfg = Debug|Any CPU
		{E45500B4-C1A3-4535-B5E9-A463A334E3A8}.Debug|Any CPU.Build.0 = Debug|Any CPU
		{E45500B4-C1A3-4535-B5E9-A463A334E3A8}.Release|Any CPU.ActiveCfg = Release|Any CPU
		{E45500B4-C1A3-4535-B5E9-A463A334E3A8}.Release|Any CPU.Build.0 = Release|Any CPU
		{A7170240-2B49-4854-B0BE-F6B6171B26DC}.Debug|Any CPU.ActiveCfg = Debug|Any CPU
		{A7170240-2B49-4854-B0BE-F6B6171B26DC}.Debug|Any CPU.Build.0 = Debug|Any CPU
		{A7170240-2B49-4854-B0BE-F6B6171B26DC}.Release|Any CPU.ActiveCfg = Release|Any CPU
		{A7170240-2B49-4854-B0BE-F6B6171B26DC}.Release|Any CPU.Build.0 = Release|Any CPU
		{921B379C-CDF7-48EE-9F93-7F501DB92223}.Debug|Any CPU.ActiveCfg = Debug|Any CPU
		{921B379C-CDF7-48EE-9F93-7F501DB92223}.Debug|Any CPU.Build.0 = Debug|Any CPU
		{921B379C-CDF7-48EE-9F93-7F501DB92223}.Release|Any CPU.ActiveCfg = Release|Any CPU
		{921B379C-CDF7-48EE-9F93-7F501DB92223}.Release|Any CPU.Build.0 = Release|Any CPU
		{6EF6C894-3D3B-4B3E-B575-2CE635156C12}.Debug|Any CPU.ActiveCfg = Debug|Any CPU
		{6EF6C894-3D3B-4B3E-B575-2CE635156C12}.Debug|Any CPU.Build.0 = Debug|Any CPU
		{6EF6C894-3D3B-4B3E-B575-2CE635156C12}.Release|Any CPU.ActiveCfg = Release|Any CPU
		{6EF6C894-3D3B-4B3E-B575-2CE635156C12}.Release|Any CPU.Build.0 = Release|Any CPU
		{93AE36BD-0BB8-4DC2-9852-5131DEFC35E5}.Debug|Any CPU.ActiveCfg = Debug|Any CPU
		{93AE36BD-0BB8-4DC2-9852-5131DEFC35E5}.Debug|Any CPU.Build.0 = Debug|Any CPU
		{93AE36BD-0BB8-4DC2-9852-5131DEFC35E5}.Release|Any CPU.ActiveCfg = Release|Any CPU
		{93AE36BD-0BB8-4DC2-9852-5131DEFC35E5}.Release|Any CPU.Build.0 = Release|Any CPU
		{18271807-E420-4964-ACDD-935678D6BE20}.Debug|Any CPU.ActiveCfg = Debug|Any CPU
		{18271807-E420-4964-ACDD-935678D6BE20}.Debug|Any CPU.Build.0 = Debug|Any CPU
		{18271807-E420-4964-ACDD-935678D6BE20}.Release|Any CPU.ActiveCfg = Release|Any CPU
		{18271807-E420-4964-ACDD-935678D6BE20}.Release|Any CPU.Build.0 = Release|Any CPU
		{EA88AC66-4EB1-48C1-A638-583233876E82}.Debug|Any CPU.ActiveCfg = Debug|Any CPU
		{EA88AC66-4EB1-48C1-A638-583233876E82}.Debug|Any CPU.Build.0 = Debug|Any CPU
		{EA88AC66-4EB1-48C1-A638-583233876E82}.Release|Any CPU.ActiveCfg = Release|Any CPU
		{EA88AC66-4EB1-48C1-A638-583233876E82}.Release|Any CPU.Build.0 = Release|Any CPU
		{F9E6014B-690D-4D4D-B746-2BACB2B24337}.Debug|Any CPU.ActiveCfg = Debug|Any CPU
		{F9E6014B-690D-4D4D-B746-2BACB2B24337}.Debug|Any CPU.Build.0 = Debug|Any CPU
		{F9E6014B-690D-4D4D-B746-2BACB2B24337}.Release|Any CPU.ActiveCfg = Release|Any CPU
		{F9E6014B-690D-4D4D-B746-2BACB2B24337}.Release|Any CPU.Build.0 = Release|Any CPU
		{DE7B68BF-AAB6-45F8-BFCD-F1DEF0DD113E}.Debug|Any CPU.ActiveCfg = Debug|Any CPU
		{DE7B68BF-AAB6-45F8-BFCD-F1DEF0DD113E}.Debug|Any CPU.Build.0 = Debug|Any CPU
		{DE7B68BF-AAB6-45F8-BFCD-F1DEF0DD113E}.Release|Any CPU.ActiveCfg = Release|Any CPU
		{DE7B68BF-AAB6-45F8-BFCD-F1DEF0DD113E}.Release|Any CPU.Build.0 = Release|Any CPU
		{11C7A0D9-E010-442F-8A9E-B2C3F3C6B1F1}.Debug|Any CPU.ActiveCfg = Debug|Any CPU
		{11C7A0D9-E010-442F-8A9E-B2C3F3C6B1F1}.Debug|Any CPU.Build.0 = Debug|Any CPU
		{11C7A0D9-E010-442F-8A9E-B2C3F3C6B1F1}.Release|Any CPU.ActiveCfg = Release|Any CPU
		{11C7A0D9-E010-442F-8A9E-B2C3F3C6B1F1}.Release|Any CPU.Build.0 = Release|Any CPU
		{40813314-D1B1-4845-9DCA-C9A20853BA31}.Debug|Any CPU.ActiveCfg = Debug|Any CPU
		{40813314-D1B1-4845-9DCA-C9A20853BA31}.Debug|Any CPU.Build.0 = Debug|Any CPU
		{40813314-D1B1-4845-9DCA-C9A20853BA31}.Release|Any CPU.ActiveCfg = Release|Any CPU
		{40813314-D1B1-4845-9DCA-C9A20853BA31}.Release|Any CPU.Build.0 = Release|Any CPU
		{A265E006-9B39-4915-8912-2035EECE0076}.Debug|Any CPU.ActiveCfg = Debug|Any CPU
		{A265E006-9B39-4915-8912-2035EECE0076}.Debug|Any CPU.Build.0 = Debug|Any CPU
		{A265E006-9B39-4915-8912-2035EECE0076}.Release|Any CPU.ActiveCfg = Release|Any CPU
		{A265E006-9B39-4915-8912-2035EECE0076}.Release|Any CPU.Build.0 = Release|Any CPU
		{BC4A1721-435B-4143-82A8-7D9F0CBC94D6}.Debug|Any CPU.ActiveCfg = Debug|Any CPU
		{BC4A1721-435B-4143-82A8-7D9F0CBC94D6}.Debug|Any CPU.Build.0 = Debug|Any CPU
		{BC4A1721-435B-4143-82A8-7D9F0CBC94D6}.Release|Any CPU.ActiveCfg = Release|Any CPU
		{BC4A1721-435B-4143-82A8-7D9F0CBC94D6}.Release|Any CPU.Build.0 = Release|Any CPU
		{FD0649F4-2E89-48C1-8578-6199163190A7}.Debug|Any CPU.ActiveCfg = Debug|Any CPU
		{FD0649F4-2E89-48C1-8578-6199163190A7}.Debug|Any CPU.Build.0 = Debug|Any CPU
		{FD0649F4-2E89-48C1-8578-6199163190A7}.Release|Any CPU.ActiveCfg = Release|Any CPU
		{FD0649F4-2E89-48C1-8578-6199163190A7}.Release|Any CPU.Build.0 = Release|Any CPU
		{73CC6E8D-4A00-426C-B2BA-0898F90EF9B6}.Debug|Any CPU.ActiveCfg = Debug|Any CPU
		{73CC6E8D-4A00-426C-B2BA-0898F90EF9B6}.Debug|Any CPU.Build.0 = Debug|Any CPU
		{73CC6E8D-4A00-426C-B2BA-0898F90EF9B6}.Release|Any CPU.ActiveCfg = Release|Any CPU
		{73CC6E8D-4A00-426C-B2BA-0898F90EF9B6}.Release|Any CPU.Build.0 = Release|Any CPU
	EndGlobalSection
	GlobalSection(SolutionProperties) = preSolution
		HideSolutionNode = FALSE
	EndGlobalSection
	GlobalSection(ExtensibilityGlobals) = postSolution
		SolutionGuid = {CD1C0AF3-2962-41CD-B9E0-14200820FCA7}
	EndGlobalSection
EndGlobal
