
Microsoft Visual Studio Solution File, Format Version 12.00
# Visual Studio 15
VisualStudioVersion = 15.0.26228.12
MinimumVisualStudioVersion = 10.0.40219.1
Project("{FAE04EC0-301F-11D3-BF4B-00C04F79EFBC}") = "Passed", "Passed\Passed.csproj", "{285070C3-6B96-4552-8702-91288EDA3AA2}"
EndProject
Project("{FAE04EC0-301F-11D3-BF4B-00C04F79EFBC}") = "PassedOrFailed", "PassedOrFailed\PassedOrFailed.csproj", "{75494F8F-E919-4C27-9683-41C7C131B57C}"
EndProject
Project("{FAE04EC0-301F-11D3-BF4B-00C04F79EFBC}") = "BackIn30Minutes", "BackIn30Minutes\BackIn30Minutes.csproj", "{362E4571-505F-49CE-89BA-8296367B95D9}"
EndProject
Project("{FAE04EC0-301F-11D3-BF4B-00C04F79EFBC}") = "OddNumber", "OddNumber\OddNumber.csproj", "{D6F9BE63-335E-4FB2-A616-35C6BC596310}"
EndProject
Project("{FAE04EC0-301F-11D3-BF4B-00C04F79EFBC}") = "NumberChecker", "NumberChecker\NumberChecker.csproj", "{010D1C06-43F3-47C2-9856-C7BDC3D7AA70}"
EndProject
Global
	GlobalSection(SolutionConfigurationPlatforms) = preSolution
		Debug|Any CPU = Debug|Any CPU
		Release|Any CPU = Release|Any CPU
	EndGlobalSection
	GlobalSection(ProjectConfigurationPlatforms) = postSolution
		{285070C3-6B96-4552-8702-91288EDA3AA2}.Debug|Any CPU.ActiveCfg = Debug|Any CPU
		{285070C3-6B96-4552-8702-91288EDA3AA2}.Debug|Any CPU.Build.0 = Debug|Any CPU
		{285070C3-6B96-4552-8702-91288EDA3AA2}.Release|Any CPU.ActiveCfg = Release|Any CPU
		{285070C3-6B96-4552-8702-91288EDA3AA2}.Release|Any CPU.Build.0 = Release|Any CPU
		{75494F8F-E919-4C27-9683-41C7C131B57C}.Debug|Any CPU.ActiveCfg = Debug|Any CPU
		{75494F8F-E919-4C27-9683-41C7C131B57C}.Debug|Any CPU.Build.0 = Debug|Any CPU
		{75494F8F-E919-4C27-9683-41C7C131B57C}.Release|Any CPU.ActiveCfg = Release|Any CPU
		{75494F8F-E919-4C27-9683-41C7C131B57C}.Release|Any CPU.Build.0 = Release|Any CPU
		{362E4571-505F-49CE-89BA-8296367B95D9}.Debug|Any CPU.ActiveCfg = Debug|Any CPU
		{362E4571-505F-49CE-89BA-8296367B95D9}.Debug|Any CPU.Build.0 = Debug|Any CPU
		{362E4571-505F-49CE-89BA-8296367B95D9}.Release|Any CPU.ActiveCfg = Release|Any CPU
		{362E4571-505F-49CE-89BA-8296367B95D9}.Release|Any CPU.Build.0 = Release|Any CPU
		{D6F9BE63-335E-4FB2-A616-35C6BC596310}.Debug|Any CPU.ActiveCfg = Debug|Any CPU
		{D6F9BE63-335E-4FB2-A616-35C6BC596310}.Debug|Any CPU.Build.0 = Debug|Any CPU
		{D6F9BE63-335E-4FB2-A616-35C6BC596310}.Release|Any CPU.ActiveCfg = Release|Any CPU
		{D6F9BE63-335E-4FB2-A616-35C6BC596310}.Release|Any CPU.Build.0 = Release|Any CPU
		{010D1C06-43F3-47C2-9856-C7BDC3D7AA70}.Debug|Any CPU.ActiveCfg = Debug|Any CPU
		{010D1C06-43F3-47C2-9856-C7BDC3D7AA70}.Debug|Any CPU.Build.0 = Debug|Any CPU
		{010D1C06-43F3-47C2-9856-C7BDC3D7AA70}.Release|Any CPU.ActiveCfg = Release|Any CPU
		{010D1C06-43F3-47C2-9856-C7BDC3D7AA70}.Release|Any CPU.Build.0 = Release|Any CPU
	EndGlobalSection
	GlobalSection(SolutionProperties) = preSolution
		HideSolutionNode = FALSE
	EndGlobalSection
EndGlobal
