
Microsoft Visual Studio Solution File, Format Version 12.00
# Visual Studio 15
VisualStudioVersion = 15.0.26228.12
MinimumVisualStudioVersion = 10.0.40219.1
Project("{FAE04EC0-301F-11D3-BF4B-00C04F79EFBC}") = "P03.PhoenixGrid", "P03.PhoenixGrid\P03.PhoenixGrid.csproj", "{572A9C08-7685-4D65-9815-9760F0EEE28C}"
EndProject
Project("{FAE04EC0-301F-11D3-BF4B-00C04F79EFBC}") = "P03.1.PhoenixGrid", "P03.1.PhoenixGrid\P03.1.PhoenixGrid.csproj", "{4BE90A95-97CE-4665-AA23-257603CEA4A9}"
EndProject
Project("{FAE04EC0-301F-11D3-BF4B-00C04F79EFBC}") = "P04.CodePhoenixRomeo", "P04.CodePhoenixRomeo\P04.CodePhoenixRomeo.csproj", "{63719A03-B9C5-4B91-99EE-9CED567BB203}"
EndProject
Global
	GlobalSection(SolutionConfigurationPlatforms) = preSolution
		Debug|Any CPU = Debug|Any CPU
		Release|Any CPU = Release|Any CPU
	EndGlobalSection
	GlobalSection(ProjectConfigurationPlatforms) = postSolution
		{572A9C08-7685-4D65-9815-9760F0EEE28C}.Debug|Any CPU.ActiveCfg = Debug|Any CPU
		{572A9C08-7685-4D65-9815-9760F0EEE28C}.Debug|Any CPU.Build.0 = Debug|Any CPU
		{572A9C08-7685-4D65-9815-9760F0EEE28C}.Release|Any CPU.ActiveCfg = Release|Any CPU
		{572A9C08-7685-4D65-9815-9760F0EEE28C}.Release|Any CPU.Build.0 = Release|Any CPU
		{4BE90A95-97CE-4665-AA23-257603CEA4A9}.Debug|Any CPU.ActiveCfg = Debug|Any CPU
		{4BE90A95-97CE-4665-AA23-257603CEA4A9}.Debug|Any CPU.Build.0 = Debug|Any CPU
		{4BE90A95-97CE-4665-AA23-257603CEA4A9}.Release|Any CPU.ActiveCfg = Release|Any CPU
		{4BE90A95-97CE-4665-AA23-257603CEA4A9}.Release|Any CPU.Build.0 = Release|Any CPU
		{63719A03-B9C5-4B91-99EE-9CED567BB203}.Debug|Any CPU.ActiveCfg = Debug|Any CPU
		{63719A03-B9C5-4B91-99EE-9CED567BB203}.Debug|Any CPU.Build.0 = Debug|Any CPU
		{63719A03-B9C5-4B91-99EE-9CED567BB203}.Release|Any CPU.ActiveCfg = Release|Any CPU
		{63719A03-B9C5-4B91-99EE-9CED567BB203}.Release|Any CPU.Build.0 = Release|Any CPU
	EndGlobalSection
	GlobalSection(SolutionProperties) = preSolution
		HideSolutionNode = FALSE
	EndGlobalSection
EndGlobal
