
Microsoft Visual Studio Solution File, Format Version 12.00
# Visual Studio 15
VisualStudioVersion = 15.0.26228.12
MinimumVisualStudioVersion = 10.0.40219.1
Project("{FAE04EC0-301F-11D3-BF4B-00C04F79EFBC}") = "P01.LargestCommonEnd", "P01.LargestCommonEnd\P01.LargestCommonEnd.csproj", "{F84A2B0A-7A93-45E8-9407-4D2C810F099A}"
EndProject
Project("{FAE04EC0-301F-11D3-BF4B-00C04F79EFBC}") = "P01.1.LargestCommonEnd", "P01.1.LargestCommonEnd\P01.1.LargestCommonEnd.csproj", "{AFACAED2-956F-4616-B61D-8AEEFEA33430}"
EndProject
Project("{FAE04EC0-301F-11D3-BF4B-00C04F79EFBC}") = "P02.RotateAndSum", "P02.RotateAndSum\P02.RotateAndSum.csproj", "{CC9C2592-0B7E-43F0-AB75-F9BABA646897}"
EndProject
Project("{FAE04EC0-301F-11D3-BF4B-00C04F79EFBC}") = "P03.FoldAndSum", "P03.FoldAndSum\P03.FoldAndSum.csproj", "{D6BC92B6-6AE1-4ED4-8E17-C075514E64A3}"
EndProject
Project("{FAE04EC0-301F-11D3-BF4B-00C04F79EFBC}") = "P03.1.FoldAndSum", "P03.1.FoldAndSum\P03.1.FoldAndSum.csproj", "{ADDB0080-8D0F-4A2E-8DBE-239D25867443}"
EndProject
Project("{FAE04EC0-301F-11D3-BF4B-00C04F79EFBC}") = "P02.1.RotateAndSum", "P02.1.RotateAndSum\P02.1.RotateAndSum.csproj", "{212D35F1-3407-4ED2-9E20-290B5CB10F1A}"
EndProject
Project("{FAE04EC0-301F-11D3-BF4B-00C04F79EFBC}") = "P04.SieveOfEratosthenes", "P04.SieveOfEratosthenes\P04.SieveOfEratosthenes.csproj", "{C870A1F7-25FD-4C22-A399-A978346F3D3E}"
EndProject
Project("{FAE04EC0-301F-11D3-BF4B-00C04F79EFBC}") = "P05.CompareCharArrays", "P05.CompareCharArrays\P05.CompareCharArrays.csproj", "{924CC289-F7A4-420B-9FB4-B83DDE686A93}"
EndProject
Project("{FAE04EC0-301F-11D3-BF4B-00C04F79EFBC}") = "P06.MaxSequenceOfEqualElements", "P06.MaxSequenceOfEqualElements\P06.MaxSequenceOfEqualElements.csproj", "{08C83CC7-0285-473E-ADCE-E3E60AD10F44}"
EndProject
Project("{FAE04EC0-301F-11D3-BF4B-00C04F79EFBC}") = "P07.MaxSequenceOfIncreasingElements", "P07.MaxSequenceOfIncreasingElements\P07.MaxSequenceOfIncreasingElements.csproj", "{8FF3CB61-9A19-47A3-AECF-279D1A8EF95F}"
EndProject
Project("{FAE04EC0-301F-11D3-BF4B-00C04F79EFBC}") = "P08.MostFrequentNumber", "P08.MostFrequentNumber\P08.MostFrequentNumber.csproj", "{E564123E-6F90-4841-AFB4-8D0BE1116E60}"
EndProject
Project("{FAE04EC0-301F-11D3-BF4B-00C04F79EFBC}") = "P09.IndexOfletters", "P09.IndexOfletters\P09.IndexOfletters.csproj", "{67050628-5BB6-438D-AC3D-534CE2707B95}"
EndProject
Project("{FAE04EC0-301F-11D3-BF4B-00C04F79EFBC}") = "P10.PairsByDifference", "P10.PairsByDifference\P10.PairsByDifference.csproj", "{72AC44C6-4F7E-4B10-BA9E-B6A718BE895F}"
EndProject
Project("{FAE04EC0-301F-11D3-BF4B-00C04F79EFBC}") = "P11.EqualSums", "P11.EqualSums\P11.EqualSums.csproj", "{44080D5B-8113-4BA7-9C52-9847843B78CA}"
EndProject
Global
	GlobalSection(SolutionConfigurationPlatforms) = preSolution
		Debug|Any CPU = Debug|Any CPU
		Release|Any CPU = Release|Any CPU
	EndGlobalSection
	GlobalSection(ProjectConfigurationPlatforms) = postSolution
		{F84A2B0A-7A93-45E8-9407-4D2C810F099A}.Debug|Any CPU.ActiveCfg = Debug|Any CPU
		{F84A2B0A-7A93-45E8-9407-4D2C810F099A}.Debug|Any CPU.Build.0 = Debug|Any CPU
		{F84A2B0A-7A93-45E8-9407-4D2C810F099A}.Release|Any CPU.ActiveCfg = Release|Any CPU
		{F84A2B0A-7A93-45E8-9407-4D2C810F099A}.Release|Any CPU.Build.0 = Release|Any CPU
		{AFACAED2-956F-4616-B61D-8AEEFEA33430}.Debug|Any CPU.ActiveCfg = Debug|Any CPU
		{AFACAED2-956F-4616-B61D-8AEEFEA33430}.Debug|Any CPU.Build.0 = Debug|Any CPU
		{AFACAED2-956F-4616-B61D-8AEEFEA33430}.Release|Any CPU.ActiveCfg = Release|Any CPU
		{AFACAED2-956F-4616-B61D-8AEEFEA33430}.Release|Any CPU.Build.0 = Release|Any CPU
		{CC9C2592-0B7E-43F0-AB75-F9BABA646897}.Debug|Any CPU.ActiveCfg = Debug|Any CPU
		{CC9C2592-0B7E-43F0-AB75-F9BABA646897}.Debug|Any CPU.Build.0 = Debug|Any CPU
		{CC9C2592-0B7E-43F0-AB75-F9BABA646897}.Release|Any CPU.ActiveCfg = Release|Any CPU
		{CC9C2592-0B7E-43F0-AB75-F9BABA646897}.Release|Any CPU.Build.0 = Release|Any CPU
		{D6BC92B6-6AE1-4ED4-8E17-C075514E64A3}.Debug|Any CPU.ActiveCfg = Debug|Any CPU
		{D6BC92B6-6AE1-4ED4-8E17-C075514E64A3}.Debug|Any CPU.Build.0 = Debug|Any CPU
		{D6BC92B6-6AE1-4ED4-8E17-C075514E64A3}.Release|Any CPU.ActiveCfg = Release|Any CPU
		{D6BC92B6-6AE1-4ED4-8E17-C075514E64A3}.Release|Any CPU.Build.0 = Release|Any CPU
		{ADDB0080-8D0F-4A2E-8DBE-239D25867443}.Debug|Any CPU.ActiveCfg = Debug|Any CPU
		{ADDB0080-8D0F-4A2E-8DBE-239D25867443}.Debug|Any CPU.Build.0 = Debug|Any CPU
		{ADDB0080-8D0F-4A2E-8DBE-239D25867443}.Release|Any CPU.ActiveCfg = Release|Any CPU
		{ADDB0080-8D0F-4A2E-8DBE-239D25867443}.Release|Any CPU.Build.0 = Release|Any CPU
		{212D35F1-3407-4ED2-9E20-290B5CB10F1A}.Debug|Any CPU.ActiveCfg = Debug|Any CPU
		{212D35F1-3407-4ED2-9E20-290B5CB10F1A}.Debug|Any CPU.Build.0 = Debug|Any CPU
		{212D35F1-3407-4ED2-9E20-290B5CB10F1A}.Release|Any CPU.ActiveCfg = Release|Any CPU
		{212D35F1-3407-4ED2-9E20-290B5CB10F1A}.Release|Any CPU.Build.0 = Release|Any CPU
		{C870A1F7-25FD-4C22-A399-A978346F3D3E}.Debug|Any CPU.ActiveCfg = Debug|Any CPU
		{C870A1F7-25FD-4C22-A399-A978346F3D3E}.Debug|Any CPU.Build.0 = Debug|Any CPU
		{C870A1F7-25FD-4C22-A399-A978346F3D3E}.Release|Any CPU.ActiveCfg = Release|Any CPU
		{C870A1F7-25FD-4C22-A399-A978346F3D3E}.Release|Any CPU.Build.0 = Release|Any CPU
		{924CC289-F7A4-420B-9FB4-B83DDE686A93}.Debug|Any CPU.ActiveCfg = Debug|Any CPU
		{924CC289-F7A4-420B-9FB4-B83DDE686A93}.Debug|Any CPU.Build.0 = Debug|Any CPU
		{924CC289-F7A4-420B-9FB4-B83DDE686A93}.Release|Any CPU.ActiveCfg = Release|Any CPU
		{924CC289-F7A4-420B-9FB4-B83DDE686A93}.Release|Any CPU.Build.0 = Release|Any CPU
		{08C83CC7-0285-473E-ADCE-E3E60AD10F44}.Debug|Any CPU.ActiveCfg = Debug|Any CPU
		{08C83CC7-0285-473E-ADCE-E3E60AD10F44}.Debug|Any CPU.Build.0 = Debug|Any CPU
		{08C83CC7-0285-473E-ADCE-E3E60AD10F44}.Release|Any CPU.ActiveCfg = Release|Any CPU
		{08C83CC7-0285-473E-ADCE-E3E60AD10F44}.Release|Any CPU.Build.0 = Release|Any CPU
		{8FF3CB61-9A19-47A3-AECF-279D1A8EF95F}.Debug|Any CPU.ActiveCfg = Debug|Any CPU
		{8FF3CB61-9A19-47A3-AECF-279D1A8EF95F}.Debug|Any CPU.Build.0 = Debug|Any CPU
		{8FF3CB61-9A19-47A3-AECF-279D1A8EF95F}.Release|Any CPU.ActiveCfg = Release|Any CPU
		{8FF3CB61-9A19-47A3-AECF-279D1A8EF95F}.Release|Any CPU.Build.0 = Release|Any CPU
		{E564123E-6F90-4841-AFB4-8D0BE1116E60}.Debug|Any CPU.ActiveCfg = Debug|Any CPU
		{E564123E-6F90-4841-AFB4-8D0BE1116E60}.Debug|Any CPU.Build.0 = Debug|Any CPU
		{E564123E-6F90-4841-AFB4-8D0BE1116E60}.Release|Any CPU.ActiveCfg = Release|Any CPU
		{E564123E-6F90-4841-AFB4-8D0BE1116E60}.Release|Any CPU.Build.0 = Release|Any CPU
		{67050628-5BB6-438D-AC3D-534CE2707B95}.Debug|Any CPU.ActiveCfg = Debug|Any CPU
		{67050628-5BB6-438D-AC3D-534CE2707B95}.Debug|Any CPU.Build.0 = Debug|Any CPU
		{67050628-5BB6-438D-AC3D-534CE2707B95}.Release|Any CPU.ActiveCfg = Release|Any CPU
		{67050628-5BB6-438D-AC3D-534CE2707B95}.Release|Any CPU.Build.0 = Release|Any CPU
		{72AC44C6-4F7E-4B10-BA9E-B6A718BE895F}.Debug|Any CPU.ActiveCfg = Debug|Any CPU
		{72AC44C6-4F7E-4B10-BA9E-B6A718BE895F}.Debug|Any CPU.Build.0 = Debug|Any CPU
		{72AC44C6-4F7E-4B10-BA9E-B6A718BE895F}.Release|Any CPU.ActiveCfg = Release|Any CPU
		{72AC44C6-4F7E-4B10-BA9E-B6A718BE895F}.Release|Any CPU.Build.0 = Release|Any CPU
		{44080D5B-8113-4BA7-9C52-9847843B78CA}.Debug|Any CPU.ActiveCfg = Debug|Any CPU
		{44080D5B-8113-4BA7-9C52-9847843B78CA}.Debug|Any CPU.Build.0 = Debug|Any CPU
		{44080D5B-8113-4BA7-9C52-9847843B78CA}.Release|Any CPU.ActiveCfg = Release|Any CPU
		{44080D5B-8113-4BA7-9C52-9847843B78CA}.Release|Any CPU.Build.0 = Release|Any CPU
	EndGlobalSection
	GlobalSection(SolutionProperties) = preSolution
		HideSolutionNode = FALSE
	EndGlobalSection
EndGlobal
