
Microsoft Visual Studio Solution File, Format Version 12.00
# Visual Studio 15
VisualStudioVersion = 15.0.27130.2024
MinimumVisualStudioVersion = 10.0.40219.1
Project("{9A19103F-16F7-4668-BE54-9A1E7A4F7556}") = "P01_InterfaceIPerson", "P01_InterfaceIPerson\P01_InterfaceIPerson.csproj", "{C675F4EF-2F3D-4C27-869C-7AE56260C3F4}"
EndProject
Project("{9A19103F-16F7-4668-BE54-9A1E7A4F7556}") = "P02_MultipleImplementation", "P02_MultipleImplementation\P02_MultipleImplementation.csproj", "{C78BDA87-6DA1-4854-87CA-770C051DCE08}"
EndProject
Project("{9A19103F-16F7-4668-BE54-9A1E7A4F7556}") = "P03_Ferrari", "P03_Ferrari\P03_Ferrari.csproj", "{627C3998-9CD6-4087-8B15-F9908F03ADDE}"
EndProject
Project("{9A19103F-16F7-4668-BE54-9A1E7A4F7556}") = "P04_Telephony", "P04_Telephony\P04_Telephony.csproj", "{3EC0F5DB-80CE-451E-B808-82EC2B97E47F}"
EndProject
Project("{9A19103F-16F7-4668-BE54-9A1E7A4F7556}") = "P05_BorderControl", "P05_BorderControl\P05_BorderControl.csproj", "{CA4DAE88-2CDC-4584-BB08-CA91AE9001D5}"
EndProject
Project("{9A19103F-16F7-4668-BE54-9A1E7A4F7556}") = "P07_FoodStorage", "P07_FoodStorage\P07_FoodStorage.csproj", "{51D16D43-268D-4A64-8C62-D5025F6ABEEC}"
EndProject
Project("{FAE04EC0-301F-11D3-BF4B-00C04F79EFBC}") = "P10_ExplicitInterfaces", "P10_ExplicitInterfaces\P10_ExplicitInterfaces.csproj", "{68B6E60E-CA52-4E5F-8E45-725C3249D723}"
EndProject
Project("{FAE04EC0-301F-11D3-BF4B-00C04F79EFBC}") = "P08_MilitaryElite", "P08_MilitaryElite\P08_MilitaryElite.csproj", "{D392FD43-ADB7-4CC4-B2C7-41F4BF9B8FA5}"
EndProject
Global
	GlobalSection(SolutionConfigurationPlatforms) = preSolution
		Debug|Any CPU = Debug|Any CPU
		Release|Any CPU = Release|Any CPU
	EndGlobalSection
	GlobalSection(ProjectConfigurationPlatforms) = postSolution
		{C675F4EF-2F3D-4C27-869C-7AE56260C3F4}.Debug|Any CPU.ActiveCfg = Debug|Any CPU
		{C675F4EF-2F3D-4C27-869C-7AE56260C3F4}.Debug|Any CPU.Build.0 = Debug|Any CPU
		{C675F4EF-2F3D-4C27-869C-7AE56260C3F4}.Release|Any CPU.ActiveCfg = Release|Any CPU
		{C675F4EF-2F3D-4C27-869C-7AE56260C3F4}.Release|Any CPU.Build.0 = Release|Any CPU
		{C78BDA87-6DA1-4854-87CA-770C051DCE08}.Debug|Any CPU.ActiveCfg = Debug|Any CPU
		{C78BDA87-6DA1-4854-87CA-770C051DCE08}.Debug|Any CPU.Build.0 = Debug|Any CPU
		{C78BDA87-6DA1-4854-87CA-770C051DCE08}.Release|Any CPU.ActiveCfg = Release|Any CPU
		{C78BDA87-6DA1-4854-87CA-770C051DCE08}.Release|Any CPU.Build.0 = Release|Any CPU
		{627C3998-9CD6-4087-8B15-F9908F03ADDE}.Debug|Any CPU.ActiveCfg = Debug|Any CPU
		{627C3998-9CD6-4087-8B15-F9908F03ADDE}.Debug|Any CPU.Build.0 = Debug|Any CPU
		{627C3998-9CD6-4087-8B15-F9908F03ADDE}.Release|Any CPU.ActiveCfg = Release|Any CPU
		{627C3998-9CD6-4087-8B15-F9908F03ADDE}.Release|Any CPU.Build.0 = Release|Any CPU
		{3EC0F5DB-80CE-451E-B808-82EC2B97E47F}.Debug|Any CPU.ActiveCfg = Debug|Any CPU
		{3EC0F5DB-80CE-451E-B808-82EC2B97E47F}.Debug|Any CPU.Build.0 = Debug|Any CPU
		{3EC0F5DB-80CE-451E-B808-82EC2B97E47F}.Release|Any CPU.ActiveCfg = Release|Any CPU
		{3EC0F5DB-80CE-451E-B808-82EC2B97E47F}.Release|Any CPU.Build.0 = Release|Any CPU
		{CA4DAE88-2CDC-4584-BB08-CA91AE9001D5}.Debug|Any CPU.ActiveCfg = Debug|Any CPU
		{CA4DAE88-2CDC-4584-BB08-CA91AE9001D5}.Debug|Any CPU.Build.0 = Debug|Any CPU
		{CA4DAE88-2CDC-4584-BB08-CA91AE9001D5}.Release|Any CPU.ActiveCfg = Release|Any CPU
		{CA4DAE88-2CDC-4584-BB08-CA91AE9001D5}.Release|Any CPU.Build.0 = Release|Any CPU
		{51D16D43-268D-4A64-8C62-D5025F6ABEEC}.Debug|Any CPU.ActiveCfg = Debug|Any CPU
		{51D16D43-268D-4A64-8C62-D5025F6ABEEC}.Debug|Any CPU.Build.0 = Debug|Any CPU
		{51D16D43-268D-4A64-8C62-D5025F6ABEEC}.Release|Any CPU.ActiveCfg = Release|Any CPU
		{51D16D43-268D-4A64-8C62-D5025F6ABEEC}.Release|Any CPU.Build.0 = Release|Any CPU
		{68B6E60E-CA52-4E5F-8E45-725C3249D723}.Debug|Any CPU.ActiveCfg = Debug|Any CPU
		{68B6E60E-CA52-4E5F-8E45-725C3249D723}.Debug|Any CPU.Build.0 = Debug|Any CPU
		{68B6E60E-CA52-4E5F-8E45-725C3249D723}.Release|Any CPU.ActiveCfg = Release|Any CPU
		{68B6E60E-CA52-4E5F-8E45-725C3249D723}.Release|Any CPU.Build.0 = Release|Any CPU
		{D392FD43-ADB7-4CC4-B2C7-41F4BF9B8FA5}.Debug|Any CPU.ActiveCfg = Debug|Any CPU
		{D392FD43-ADB7-4CC4-B2C7-41F4BF9B8FA5}.Debug|Any CPU.Build.0 = Debug|Any CPU
		{D392FD43-ADB7-4CC4-B2C7-41F4BF9B8FA5}.Release|Any CPU.ActiveCfg = Release|Any CPU
		{D392FD43-ADB7-4CC4-B2C7-41F4BF9B8FA5}.Release|Any CPU.Build.0 = Release|Any CPU
	EndGlobalSection
	GlobalSection(SolutionProperties) = preSolution
		HideSolutionNode = FALSE
	EndGlobalSection
	GlobalSection(ExtensibilityGlobals) = postSolution
		SolutionGuid = {F43D51AB-EE6E-4E3B-9283-9F61279DBE15}
	EndGlobalSection
EndGlobal
