
Microsoft Visual Studio Solution File, Format Version 12.00
# Visual Studio 15
VisualStudioVersion = 15.0.26228.12
MinimumVisualStudioVersion = 10.0.40219.1
Project("{FAE04EC0-301F-11D3-BF4B-00C04F79EFBC}") = "P01.AnonymousDownsite", "P01.AnonymousDownsite\P01.AnonymousDownsite.csproj", "{7E0307F8-17F5-4A21-B6C9-295687C7AB0E}"
EndProject
Project("{FAE04EC0-301F-11D3-BF4B-00C04F79EFBC}") = "P02.AnonymousThreat", "P02.AnonymousThreat\P02.AnonymousThreat.csproj", "{BF5F3DCB-D0A4-4C02-A5E1-0CBEFB80D229}"
EndProject
Project("{FAE04EC0-301F-11D3-BF4B-00C04F79EFBC}") = "P02.1.AnonumousThreat", "P02.1.AnonumousThreat\P02.1.AnonumousThreat.csproj", "{3743E9CD-4E69-47FE-8662-972CB1CAD6A2}"
EndProject
Project("{FAE04EC0-301F-11D3-BF4B-00C04F79EFBC}") = "P03.AnonymousVox", "P03.AnonymousVox\P03.AnonymousVox.csproj", "{664070BF-DCE5-4CC2-A5B4-B6C9B4038395}"
EndProject
Project("{FAE04EC0-301F-11D3-BF4B-00C04F79EFBC}") = "P04.AnonymousCashe", "P04.AnonymousCashe\P04.AnonymousCashe.csproj", "{24C6FC2A-378A-46C5-AB51-5B66212CFE7C}"
EndProject
Project("{FAE04EC0-301F-11D3-BF4B-00C04F79EFBC}") = "P04.Any", "P04.Any\P04.Any.csproj", "{D1E80215-8FA3-4EA6-A8DB-AA552D5644CB}"
EndProject
Global
	GlobalSection(SolutionConfigurationPlatforms) = preSolution
		Debug|Any CPU = Debug|Any CPU
		Release|Any CPU = Release|Any CPU
	EndGlobalSection
	GlobalSection(ProjectConfigurationPlatforms) = postSolution
		{7E0307F8-17F5-4A21-B6C9-295687C7AB0E}.Debug|Any CPU.ActiveCfg = Debug|Any CPU
		{7E0307F8-17F5-4A21-B6C9-295687C7AB0E}.Debug|Any CPU.Build.0 = Debug|Any CPU
		{7E0307F8-17F5-4A21-B6C9-295687C7AB0E}.Release|Any CPU.ActiveCfg = Release|Any CPU
		{7E0307F8-17F5-4A21-B6C9-295687C7AB0E}.Release|Any CPU.Build.0 = Release|Any CPU
		{BF5F3DCB-D0A4-4C02-A5E1-0CBEFB80D229}.Debug|Any CPU.ActiveCfg = Debug|Any CPU
		{BF5F3DCB-D0A4-4C02-A5E1-0CBEFB80D229}.Debug|Any CPU.Build.0 = Debug|Any CPU
		{BF5F3DCB-D0A4-4C02-A5E1-0CBEFB80D229}.Release|Any CPU.ActiveCfg = Release|Any CPU
		{BF5F3DCB-D0A4-4C02-A5E1-0CBEFB80D229}.Release|Any CPU.Build.0 = Release|Any CPU
		{3743E9CD-4E69-47FE-8662-972CB1CAD6A2}.Debug|Any CPU.ActiveCfg = Debug|Any CPU
		{3743E9CD-4E69-47FE-8662-972CB1CAD6A2}.Debug|Any CPU.Build.0 = Debug|Any CPU
		{3743E9CD-4E69-47FE-8662-972CB1CAD6A2}.Release|Any CPU.ActiveCfg = Release|Any CPU
		{3743E9CD-4E69-47FE-8662-972CB1CAD6A2}.Release|Any CPU.Build.0 = Release|Any CPU
		{664070BF-DCE5-4CC2-A5B4-B6C9B4038395}.Debug|Any CPU.ActiveCfg = Debug|Any CPU
		{664070BF-DCE5-4CC2-A5B4-B6C9B4038395}.Debug|Any CPU.Build.0 = Debug|Any CPU
		{664070BF-DCE5-4CC2-A5B4-B6C9B4038395}.Release|Any CPU.ActiveCfg = Release|Any CPU
		{664070BF-DCE5-4CC2-A5B4-B6C9B4038395}.Release|Any CPU.Build.0 = Release|Any CPU
		{24C6FC2A-378A-46C5-AB51-5B66212CFE7C}.Debug|Any CPU.ActiveCfg = Debug|Any CPU
		{24C6FC2A-378A-46C5-AB51-5B66212CFE7C}.Debug|Any CPU.Build.0 = Debug|Any CPU
		{24C6FC2A-378A-46C5-AB51-5B66212CFE7C}.Release|Any CPU.ActiveCfg = Release|Any CPU
		{24C6FC2A-378A-46C5-AB51-5B66212CFE7C}.Release|Any CPU.Build.0 = Release|Any CPU
		{D1E80215-8FA3-4EA6-A8DB-AA552D5644CB}.Debug|Any CPU.ActiveCfg = Debug|Any CPU
		{D1E80215-8FA3-4EA6-A8DB-AA552D5644CB}.Debug|Any CPU.Build.0 = Debug|Any CPU
		{D1E80215-8FA3-4EA6-A8DB-AA552D5644CB}.Release|Any CPU.ActiveCfg = Release|Any CPU
		{D1E80215-8FA3-4EA6-A8DB-AA552D5644CB}.Release|Any CPU.Build.0 = Release|Any CPU
	EndGlobalSection
	GlobalSection(SolutionProperties) = preSolution
		HideSolutionNode = FALSE
	EndGlobalSection
EndGlobal
