
Microsoft Visual Studio Solution File, Format Version 12.00
# Visual Studio 15
VisualStudioVersion = 15.0.26228.12
MinimumVisualStudioVersion = 10.0.40219.1
Project("{FAE04EC0-301F-11D3-BF4B-00C04F79EFBC}") = "P01.HornetWings", "P01.HornetWings\P01.HornetWings.csproj", "{E644F705-490A-4B1D-A46A-1694C22A9114}"
EndProject
Project("{FAE04EC0-301F-11D3-BF4B-00C04F79EFBC}") = "P01.1.HornetWings", "P01.1.HornetWings\P01.1.HornetWings.csproj", "{50AB9882-CF31-4F53-A092-CB1F6CF8E71F}"
EndProject
Project("{FAE04EC0-301F-11D3-BF4B-00C04F79EFBC}") = "P02.HornetComm", "P02.HornetComm\P02.HornetComm.csproj", "{B4E20528-36F7-434D-9F6A-DAD3F29A37DA}"
EndProject
Project("{FAE04EC0-301F-11D3-BF4B-00C04F79EFBC}") = "P02.1.HornetComm", "P02.1.HornetComm\P02.1.HornetComm.csproj", "{2DC8FF9C-2644-4AF6-828B-62E01CA31E96}"
EndProject
Project("{FAE04EC0-301F-11D3-BF4B-00C04F79EFBC}") = "P03.HornetAssault", "P03.HornetAssault\P03.HornetAssault.csproj", "{2E04E944-D338-4EBF-B518-A9DDAE29952D}"
EndProject
Project("{FAE04EC0-301F-11D3-BF4B-00C04F79EFBC}") = "P03.1.HornetAssault", "P03.1.HornetAssault\P03.1.HornetAssault.csproj", "{0B588B6D-8686-44EF-A0F6-7C3C81995346}"
EndProject
Project("{FAE04EC0-301F-11D3-BF4B-00C04F79EFBC}") = "P04.HornetArmada", "P04.HornetArmada\P04.HornetArmada.csproj", "{1D3027B5-9A06-4EA8-926F-E257E8194890}"
EndProject
Project("{FAE04EC0-301F-11D3-BF4B-00C04F79EFBC}") = "P02.3HornetComm", "P02.3HornetComm\P02.3HornetComm.csproj", "{6EACD3EB-2F00-4789-8862-225FFAFA8814}"
EndProject
Project("{FAE04EC0-301F-11D3-BF4B-00C04F79EFBC}") = "P04.1.HotnetArmadaClass", "P04.1.HotnetArmadaClass\P04.1.HotnetArmadaClass.csproj", "{9C7454FD-51D8-48FE-AC55-86F8E9DBD0AE}"
EndProject
Global
	GlobalSection(SolutionConfigurationPlatforms) = preSolution
		Debug|Any CPU = Debug|Any CPU
		Release|Any CPU = Release|Any CPU
	EndGlobalSection
	GlobalSection(ProjectConfigurationPlatforms) = postSolution
		{E644F705-490A-4B1D-A46A-1694C22A9114}.Debug|Any CPU.ActiveCfg = Debug|Any CPU
		{E644F705-490A-4B1D-A46A-1694C22A9114}.Debug|Any CPU.Build.0 = Debug|Any CPU
		{E644F705-490A-4B1D-A46A-1694C22A9114}.Release|Any CPU.ActiveCfg = Release|Any CPU
		{E644F705-490A-4B1D-A46A-1694C22A9114}.Release|Any CPU.Build.0 = Release|Any CPU
		{50AB9882-CF31-4F53-A092-CB1F6CF8E71F}.Debug|Any CPU.ActiveCfg = Debug|Any CPU
		{50AB9882-CF31-4F53-A092-CB1F6CF8E71F}.Debug|Any CPU.Build.0 = Debug|Any CPU
		{50AB9882-CF31-4F53-A092-CB1F6CF8E71F}.Release|Any CPU.ActiveCfg = Release|Any CPU
		{50AB9882-CF31-4F53-A092-CB1F6CF8E71F}.Release|Any CPU.Build.0 = Release|Any CPU
		{B4E20528-36F7-434D-9F6A-DAD3F29A37DA}.Debug|Any CPU.ActiveCfg = Debug|Any CPU
		{B4E20528-36F7-434D-9F6A-DAD3F29A37DA}.Debug|Any CPU.Build.0 = Debug|Any CPU
		{B4E20528-36F7-434D-9F6A-DAD3F29A37DA}.Release|Any CPU.ActiveCfg = Release|Any CPU
		{B4E20528-36F7-434D-9F6A-DAD3F29A37DA}.Release|Any CPU.Build.0 = Release|Any CPU
		{2DC8FF9C-2644-4AF6-828B-62E01CA31E96}.Debug|Any CPU.ActiveCfg = Debug|Any CPU
		{2DC8FF9C-2644-4AF6-828B-62E01CA31E96}.Debug|Any CPU.Build.0 = Debug|Any CPU
		{2DC8FF9C-2644-4AF6-828B-62E01CA31E96}.Release|Any CPU.ActiveCfg = Release|Any CPU
		{2DC8FF9C-2644-4AF6-828B-62E01CA31E96}.Release|Any CPU.Build.0 = Release|Any CPU
		{2E04E944-D338-4EBF-B518-A9DDAE29952D}.Debug|Any CPU.ActiveCfg = Debug|Any CPU
		{2E04E944-D338-4EBF-B518-A9DDAE29952D}.Debug|Any CPU.Build.0 = Debug|Any CPU
		{2E04E944-D338-4EBF-B518-A9DDAE29952D}.Release|Any CPU.ActiveCfg = Release|Any CPU
		{2E04E944-D338-4EBF-B518-A9DDAE29952D}.Release|Any CPU.Build.0 = Release|Any CPU
		{0B588B6D-8686-44EF-A0F6-7C3C81995346}.Debug|Any CPU.ActiveCfg = Debug|Any CPU
		{0B588B6D-8686-44EF-A0F6-7C3C81995346}.Debug|Any CPU.Build.0 = Debug|Any CPU
		{0B588B6D-8686-44EF-A0F6-7C3C81995346}.Release|Any CPU.ActiveCfg = Release|Any CPU
		{0B588B6D-8686-44EF-A0F6-7C3C81995346}.Release|Any CPU.Build.0 = Release|Any CPU
		{1D3027B5-9A06-4EA8-926F-E257E8194890}.Debug|Any CPU.ActiveCfg = Debug|Any CPU
		{1D3027B5-9A06-4EA8-926F-E257E8194890}.Debug|Any CPU.Build.0 = Debug|Any CPU
		{1D3027B5-9A06-4EA8-926F-E257E8194890}.Release|Any CPU.ActiveCfg = Release|Any CPU
		{1D3027B5-9A06-4EA8-926F-E257E8194890}.Release|Any CPU.Build.0 = Release|Any CPU
		{6EACD3EB-2F00-4789-8862-225FFAFA8814}.Debug|Any CPU.ActiveCfg = Debug|Any CPU
		{6EACD3EB-2F00-4789-8862-225FFAFA8814}.Debug|Any CPU.Build.0 = Debug|Any CPU
		{6EACD3EB-2F00-4789-8862-225FFAFA8814}.Release|Any CPU.ActiveCfg = Release|Any CPU
		{6EACD3EB-2F00-4789-8862-225FFAFA8814}.Release|Any CPU.Build.0 = Release|Any CPU
		{9C7454FD-51D8-48FE-AC55-86F8E9DBD0AE}.Debug|Any CPU.ActiveCfg = Debug|Any CPU
		{9C7454FD-51D8-48FE-AC55-86F8E9DBD0AE}.Debug|Any CPU.Build.0 = Debug|Any CPU
		{9C7454FD-51D8-48FE-AC55-86F8E9DBD0AE}.Release|Any CPU.ActiveCfg = Release|Any CPU
		{9C7454FD-51D8-48FE-AC55-86F8E9DBD0AE}.Release|Any CPU.Build.0 = Release|Any CPU
	EndGlobalSection
	GlobalSection(SolutionProperties) = preSolution
		HideSolutionNode = FALSE
	EndGlobalSection
EndGlobal
