
Microsoft Visual Studio Solution File, Format Version 12.00
# Visual Studio 15
VisualStudioVersion = 15.0.27130.2024
MinimumVisualStudioVersion = 10.0.40219.1
Project("{9A19103F-16F7-4668-BE54-9A1E7A4F7556}") = "P01_OddLies", "P01_OddLies\P01_OddLies.csproj", "{7BD2EF25-7230-4947-A626-BAE5550BE7FD}"
EndProject
Project("{9A19103F-16F7-4668-BE54-9A1E7A4F7556}") = "P02_LineNumbers", "P02_LineNumbers\P02_LineNumbers.csproj", "{8343CCB4-5AC7-4C07-91C0-6CA80CAEDCA4}"
EndProject
Project("{9A19103F-16F7-4668-BE54-9A1E7A4F7556}") = "P03_WordCount", "P03_WordCount\P03_WordCount.csproj", "{29651FAB-A160-4801-9D27-29CC99AA27BE}"
EndProject
Project("{9A19103F-16F7-4668-BE54-9A1E7A4F7556}") = "P04_CopyBinaryFile", "P04_CopyBinaryFile\P04_CopyBinaryFile.csproj", "{D62AF678-6607-411F-9877-619E379FCAFE}"
EndProject
Project("{FAE04EC0-301F-11D3-BF4B-00C04F79EFBC}") = "P05_SlicingFile", "P05_SlicingFile\P05_SlicingFile.csproj", "{3CAD4C75-1B4B-44A9-A24D-02774722FAD2}"
EndProject
Project("{FAE04EC0-301F-11D3-BF4B-00C04F79EFBC}") = "P06_ZippingSlicedFiles", "P06_ZippingSlicedFiles\P06_ZippingSlicedFiles.csproj", "{84AA5AF3-CC95-4320-8A4D-82D0130720F9}"
EndProject
Project("{FAE04EC0-301F-11D3-BF4B-00C04F79EFBC}") = "P07_ DirectoryTraversal", "P07_ DirectoryTraversal\P07_ DirectoryTraversal.csproj", "{0A242D0A-F520-4DC1-94C4-C54E79B689C8}"
EndProject
Project("{FAE04EC0-301F-11D3-BF4B-00C04F79EFBC}") = "P08_FullDirectoryTraversal", "P08_FullDirectoryTraversal\P08_FullDirectoryTraversal.csproj", "{4ACD4671-0245-4D2F-92CE-FC8581B8EBAF}"
EndProject
Global
	GlobalSection(SolutionConfigurationPlatforms) = preSolution
		Debug|Any CPU = Debug|Any CPU
		Release|Any CPU = Release|Any CPU
	EndGlobalSection
	GlobalSection(ProjectConfigurationPlatforms) = postSolution
		{7BD2EF25-7230-4947-A626-BAE5550BE7FD}.Debug|Any CPU.ActiveCfg = Debug|Any CPU
		{7BD2EF25-7230-4947-A626-BAE5550BE7FD}.Debug|Any CPU.Build.0 = Debug|Any CPU
		{7BD2EF25-7230-4947-A626-BAE5550BE7FD}.Release|Any CPU.ActiveCfg = Release|Any CPU
		{7BD2EF25-7230-4947-A626-BAE5550BE7FD}.Release|Any CPU.Build.0 = Release|Any CPU
		{8343CCB4-5AC7-4C07-91C0-6CA80CAEDCA4}.Debug|Any CPU.ActiveCfg = Debug|Any CPU
		{8343CCB4-5AC7-4C07-91C0-6CA80CAEDCA4}.Debug|Any CPU.Build.0 = Debug|Any CPU
		{8343CCB4-5AC7-4C07-91C0-6CA80CAEDCA4}.Release|Any CPU.ActiveCfg = Release|Any CPU
		{8343CCB4-5AC7-4C07-91C0-6CA80CAEDCA4}.Release|Any CPU.Build.0 = Release|Any CPU
		{29651FAB-A160-4801-9D27-29CC99AA27BE}.Debug|Any CPU.ActiveCfg = Debug|Any CPU
		{29651FAB-A160-4801-9D27-29CC99AA27BE}.Debug|Any CPU.Build.0 = Debug|Any CPU
		{29651FAB-A160-4801-9D27-29CC99AA27BE}.Release|Any CPU.ActiveCfg = Release|Any CPU
		{29651FAB-A160-4801-9D27-29CC99AA27BE}.Release|Any CPU.Build.0 = Release|Any CPU
		{D62AF678-6607-411F-9877-619E379FCAFE}.Debug|Any CPU.ActiveCfg = Debug|Any CPU
		{D62AF678-6607-411F-9877-619E379FCAFE}.Debug|Any CPU.Build.0 = Debug|Any CPU
		{D62AF678-6607-411F-9877-619E379FCAFE}.Release|Any CPU.ActiveCfg = Release|Any CPU
		{D62AF678-6607-411F-9877-619E379FCAFE}.Release|Any CPU.Build.0 = Release|Any CPU
		{3CAD4C75-1B4B-44A9-A24D-02774722FAD2}.Debug|Any CPU.ActiveCfg = Debug|Any CPU
		{3CAD4C75-1B4B-44A9-A24D-02774722FAD2}.Debug|Any CPU.Build.0 = Debug|Any CPU
		{3CAD4C75-1B4B-44A9-A24D-02774722FAD2}.Release|Any CPU.ActiveCfg = Release|Any CPU
		{3CAD4C75-1B4B-44A9-A24D-02774722FAD2}.Release|Any CPU.Build.0 = Release|Any CPU
		{84AA5AF3-CC95-4320-8A4D-82D0130720F9}.Debug|Any CPU.ActiveCfg = Debug|Any CPU
		{84AA5AF3-CC95-4320-8A4D-82D0130720F9}.Debug|Any CPU.Build.0 = Debug|Any CPU
		{84AA5AF3-CC95-4320-8A4D-82D0130720F9}.Release|Any CPU.ActiveCfg = Release|Any CPU
		{84AA5AF3-CC95-4320-8A4D-82D0130720F9}.Release|Any CPU.Build.0 = Release|Any CPU
		{0A242D0A-F520-4DC1-94C4-C54E79B689C8}.Debug|Any CPU.ActiveCfg = Debug|Any CPU
		{0A242D0A-F520-4DC1-94C4-C54E79B689C8}.Debug|Any CPU.Build.0 = Debug|Any CPU
		{0A242D0A-F520-4DC1-94C4-C54E79B689C8}.Release|Any CPU.ActiveCfg = Release|Any CPU
		{0A242D0A-F520-4DC1-94C4-C54E79B689C8}.Release|Any CPU.Build.0 = Release|Any CPU
		{4ACD4671-0245-4D2F-92CE-FC8581B8EBAF}.Debug|Any CPU.ActiveCfg = Debug|Any CPU
		{4ACD4671-0245-4D2F-92CE-FC8581B8EBAF}.Debug|Any CPU.Build.0 = Debug|Any CPU
		{4ACD4671-0245-4D2F-92CE-FC8581B8EBAF}.Release|Any CPU.ActiveCfg = Release|Any CPU
		{4ACD4671-0245-4D2F-92CE-FC8581B8EBAF}.Release|Any CPU.Build.0 = Release|Any CPU
	EndGlobalSection
	GlobalSection(SolutionProperties) = preSolution
		HideSolutionNode = FALSE
	EndGlobalSection
	GlobalSection(ExtensibilityGlobals) = postSolution
		SolutionGuid = {19E66C00-244E-4AEA-A4DA-ABCDC8E9FA15}
	EndGlobalSection
EndGlobal
