
Microsoft Visual Studio Solution File, Format Version 12.00
# Visual Studio 15
VisualStudioVersion = 15.0.27130.2024
MinimumVisualStudioVersion = 10.0.40219.1
Project("{9A19103F-16F7-4668-BE54-9A1E7A4F7556}") = "DefineAClass", "P01_DefineAClass\DefineAClass.csproj", "{3D62F832-D2DD-4BA9-ABF9-86CAAF88C175}"
EndProject
Project("{9A19103F-16F7-4668-BE54-9A1E7A4F7556}") = "OpinionPoll", "OpinionPoll\OpinionPoll.csproj", "{A822B2A2-2B9B-4107-ADED-541DFBC96519}"
EndProject
Project("{9A19103F-16F7-4668-BE54-9A1E7A4F7556}") = "Date", "Date\Date.csproj", "{CF360DB4-C55A-4E74-A550-70AD2C7A6411}"
EndProject
Project("{9A19103F-16F7-4668-BE54-9A1E7A4F7556}") = "CompanuRoster", "CompanuRoster\CompanuRoster.csproj", "{A1630474-CF43-455B-B364-4C00009FFDA2}"
EndProject
Project("{9A19103F-16F7-4668-BE54-9A1E7A4F7556}") = "SpeedRacing", "SpeedRacing\SpeedRacing.csproj", "{7797D03D-B8E7-4D90-B74D-B98EDA0B36F4}"
EndProject
Project("{9A19103F-16F7-4668-BE54-9A1E7A4F7556}") = "RawData", "RawData\RawData.csproj", "{1B107E6E-86CA-4489-B394-62C377B0EE2C}"
EndProject
Project("{9A19103F-16F7-4668-BE54-9A1E7A4F7556}") = "CarSaleman", "CarSaleman\CarSaleman.csproj", "{65B3AF26-2DE5-4F50-980C-BC29DD686B0E}"
EndProject
Project("{9A19103F-16F7-4668-BE54-9A1E7A4F7556}") = "Bojo_FamilyTree", "Bojo_FamilyTree\Bojo_FamilyTree.csproj", "{81814B04-B61A-4BDE-958F-EAA61C3D2E2A}"
EndProject
Project("{9A19103F-16F7-4668-BE54-9A1E7A4F7556}") = "PokemonTrainer", "PokemonTrainer\PokemonTrainer.csproj", "{08181919-D5CF-4AFE-9C68-5C3AAE4429E8}"
EndProject
Project("{9A19103F-16F7-4668-BE54-9A1E7A4F7556}") = "Google", "Google\Google.csproj", "{F001E44A-A372-4376-B998-6023CA8FFB90}"
EndProject
Project("{9A19103F-16F7-4668-BE54-9A1E7A4F7556}") = "RectangleIntersection", "RectangleIntersection\RectangleIntersection.csproj", "{26DE453E-44C9-49D4-B6E2-3241228AEA4D}"
EndProject
Project("{9A19103F-16F7-4668-BE54-9A1E7A4F7556}") = "CatLady", "CatLady\CatLady.csproj", "{642A9634-116A-4D83-949C-DCEA7B1ADBF7}"
EndProject
Project("{FAE04EC0-301F-11D3-BF4B-00C04F79EFBC}") = "FamilyTree", "FamilyTree\FamilyTree.csproj", "{77EBEA57-B36F-41C6-8DBA-FC0328BBD124}"
EndProject
Project("{FAE04EC0-301F-11D3-BF4B-00C04F79EFBC}") = "Other_CarSalesMan", "Other_CarSalesMan\Other_CarSalesMan.csproj", "{B3E31BB4-26E6-465C-B548-B27398688038}"
EndProject
Global
	GlobalSection(SolutionConfigurationPlatforms) = preSolution
		Debug|Any CPU = Debug|Any CPU
		Release|Any CPU = Release|Any CPU
	EndGlobalSection
	GlobalSection(ProjectConfigurationPlatforms) = postSolution
		{3D62F832-D2DD-4BA9-ABF9-86CAAF88C175}.Debug|Any CPU.ActiveCfg = Debug|Any CPU
		{3D62F832-D2DD-4BA9-ABF9-86CAAF88C175}.Debug|Any CPU.Build.0 = Debug|Any CPU
		{3D62F832-D2DD-4BA9-ABF9-86CAAF88C175}.Release|Any CPU.ActiveCfg = Release|Any CPU
		{3D62F832-D2DD-4BA9-ABF9-86CAAF88C175}.Release|Any CPU.Build.0 = Release|Any CPU
		{A822B2A2-2B9B-4107-ADED-541DFBC96519}.Debug|Any CPU.ActiveCfg = Debug|Any CPU
		{A822B2A2-2B9B-4107-ADED-541DFBC96519}.Debug|Any CPU.Build.0 = Debug|Any CPU
		{A822B2A2-2B9B-4107-ADED-541DFBC96519}.Release|Any CPU.ActiveCfg = Release|Any CPU
		{A822B2A2-2B9B-4107-ADED-541DFBC96519}.Release|Any CPU.Build.0 = Release|Any CPU
		{CF360DB4-C55A-4E74-A550-70AD2C7A6411}.Debug|Any CPU.ActiveCfg = Debug|Any CPU
		{CF360DB4-C55A-4E74-A550-70AD2C7A6411}.Debug|Any CPU.Build.0 = Debug|Any CPU
		{CF360DB4-C55A-4E74-A550-70AD2C7A6411}.Release|Any CPU.ActiveCfg = Release|Any CPU
		{CF360DB4-C55A-4E74-A550-70AD2C7A6411}.Release|Any CPU.Build.0 = Release|Any CPU
		{A1630474-CF43-455B-B364-4C00009FFDA2}.Debug|Any CPU.ActiveCfg = Debug|Any CPU
		{A1630474-CF43-455B-B364-4C00009FFDA2}.Debug|Any CPU.Build.0 = Debug|Any CPU
		{A1630474-CF43-455B-B364-4C00009FFDA2}.Release|Any CPU.ActiveCfg = Release|Any CPU
		{A1630474-CF43-455B-B364-4C00009FFDA2}.Release|Any CPU.Build.0 = Release|Any CPU
		{7797D03D-B8E7-4D90-B74D-B98EDA0B36F4}.Debug|Any CPU.ActiveCfg = Debug|Any CPU
		{7797D03D-B8E7-4D90-B74D-B98EDA0B36F4}.Debug|Any CPU.Build.0 = Debug|Any CPU
		{7797D03D-B8E7-4D90-B74D-B98EDA0B36F4}.Release|Any CPU.ActiveCfg = Release|Any CPU
		{7797D03D-B8E7-4D90-B74D-B98EDA0B36F4}.Release|Any CPU.Build.0 = Release|Any CPU
		{1B107E6E-86CA-4489-B394-62C377B0EE2C}.Debug|Any CPU.ActiveCfg = Debug|Any CPU
		{1B107E6E-86CA-4489-B394-62C377B0EE2C}.Debug|Any CPU.Build.0 = Debug|Any CPU
		{1B107E6E-86CA-4489-B394-62C377B0EE2C}.Release|Any CPU.ActiveCfg = Release|Any CPU
		{1B107E6E-86CA-4489-B394-62C377B0EE2C}.Release|Any CPU.Build.0 = Release|Any CPU
		{65B3AF26-2DE5-4F50-980C-BC29DD686B0E}.Debug|Any CPU.ActiveCfg = Debug|Any CPU
		{65B3AF26-2DE5-4F50-980C-BC29DD686B0E}.Debug|Any CPU.Build.0 = Debug|Any CPU
		{65B3AF26-2DE5-4F50-980C-BC29DD686B0E}.Release|Any CPU.ActiveCfg = Release|Any CPU
		{65B3AF26-2DE5-4F50-980C-BC29DD686B0E}.Release|Any CPU.Build.0 = Release|Any CPU
		{81814B04-B61A-4BDE-958F-EAA61C3D2E2A}.Debug|Any CPU.ActiveCfg = Debug|Any CPU
		{81814B04-B61A-4BDE-958F-EAA61C3D2E2A}.Debug|Any CPU.Build.0 = Debug|Any CPU
		{81814B04-B61A-4BDE-958F-EAA61C3D2E2A}.Release|Any CPU.ActiveCfg = Release|Any CPU
		{81814B04-B61A-4BDE-958F-EAA61C3D2E2A}.Release|Any CPU.Build.0 = Release|Any CPU
		{08181919-D5CF-4AFE-9C68-5C3AAE4429E8}.Debug|Any CPU.ActiveCfg = Debug|Any CPU
		{08181919-D5CF-4AFE-9C68-5C3AAE4429E8}.Debug|Any CPU.Build.0 = Debug|Any CPU
		{08181919-D5CF-4AFE-9C68-5C3AAE4429E8}.Release|Any CPU.ActiveCfg = Release|Any CPU
		{08181919-D5CF-4AFE-9C68-5C3AAE4429E8}.Release|Any CPU.Build.0 = Release|Any CPU
		{F001E44A-A372-4376-B998-6023CA8FFB90}.Debug|Any CPU.ActiveCfg = Debug|Any CPU
		{F001E44A-A372-4376-B998-6023CA8FFB90}.Debug|Any CPU.Build.0 = Debug|Any CPU
		{F001E44A-A372-4376-B998-6023CA8FFB90}.Release|Any CPU.ActiveCfg = Release|Any CPU
		{F001E44A-A372-4376-B998-6023CA8FFB90}.Release|Any CPU.Build.0 = Release|Any CPU
		{26DE453E-44C9-49D4-B6E2-3241228AEA4D}.Debug|Any CPU.ActiveCfg = Debug|Any CPU
		{26DE453E-44C9-49D4-B6E2-3241228AEA4D}.Debug|Any CPU.Build.0 = Debug|Any CPU
		{26DE453E-44C9-49D4-B6E2-3241228AEA4D}.Release|Any CPU.ActiveCfg = Release|Any CPU
		{26DE453E-44C9-49D4-B6E2-3241228AEA4D}.Release|Any CPU.Build.0 = Release|Any CPU
		{642A9634-116A-4D83-949C-DCEA7B1ADBF7}.Debug|Any CPU.ActiveCfg = Debug|Any CPU
		{642A9634-116A-4D83-949C-DCEA7B1ADBF7}.Debug|Any CPU.Build.0 = Debug|Any CPU
		{642A9634-116A-4D83-949C-DCEA7B1ADBF7}.Release|Any CPU.ActiveCfg = Release|Any CPU
		{642A9634-116A-4D83-949C-DCEA7B1ADBF7}.Release|Any CPU.Build.0 = Release|Any CPU
		{77EBEA57-B36F-41C6-8DBA-FC0328BBD124}.Debug|Any CPU.ActiveCfg = Debug|Any CPU
		{77EBEA57-B36F-41C6-8DBA-FC0328BBD124}.Debug|Any CPU.Build.0 = Debug|Any CPU
		{77EBEA57-B36F-41C6-8DBA-FC0328BBD124}.Release|Any CPU.ActiveCfg = Release|Any CPU
		{77EBEA57-B36F-41C6-8DBA-FC0328BBD124}.Release|Any CPU.Build.0 = Release|Any CPU
		{B3E31BB4-26E6-465C-B548-B27398688038}.Debug|Any CPU.ActiveCfg = Debug|Any CPU
		{B3E31BB4-26E6-465C-B548-B27398688038}.Debug|Any CPU.Build.0 = Debug|Any CPU
		{B3E31BB4-26E6-465C-B548-B27398688038}.Release|Any CPU.ActiveCfg = Release|Any CPU
		{B3E31BB4-26E6-465C-B548-B27398688038}.Release|Any CPU.Build.0 = Release|Any CPU
	EndGlobalSection
	GlobalSection(SolutionProperties) = preSolution
		HideSolutionNode = FALSE
	EndGlobalSection
	GlobalSection(ExtensibilityGlobals) = postSolution
		SolutionGuid = {FE40DE3E-DE0F-413E-A9DB-845510036EED}
	EndGlobalSection
EndGlobal
