
Microsoft Visual Studio Solution File, Format Version 12.00
# Visual Studio 15
VisualStudioVersion = 15.0.27130.2024
MinimumVisualStudioVersion = 10.0.40219.1
Project("{FAE04EC0-301F-11D3-BF4B-00C04F79EFBC}") = "P01_GenericBox", "P01_GenericBox\P01_GenericBox.csproj", "{E361ED0D-BEF3-498E-9007-FD2444427F78}"
EndProject
Project("{FAE04EC0-301F-11D3-BF4B-00C04F79EFBC}") = "P07_CustomList", "P07_CustomList\P07_CustomList.csproj", "{38A95EA6-58E3-4E4C-A372-DF15387AE3C7}"
EndProject
Project("{FAE04EC0-301F-11D3-BF4B-00C04F79EFBC}") = "P07_BojoCustomList", "P07_BojoCustomList\P07_BojoCustomList.csproj", "{248D980C-F8C6-4D21-9D77-3D9A875C69B8}"
EndProject
Project("{FAE04EC0-301F-11D3-BF4B-00C04F79EFBC}") = "P05_GenericCountMEthodString", "P05_GenericCountMEthodString\P05_GenericCountMEthodString.csproj", "{0447F27E-00B0-4741-A7AA-0946C1ADF720}"
EndProject
Project("{FAE04EC0-301F-11D3-BF4B-00C04F79EFBC}") = "P10_Tuple", "P10_Tuple\P10_Tuple.csproj", "{DBC877CB-A869-4F98-99BE-A3D23B653B22}"
EndProject
Global
	GlobalSection(SolutionConfigurationPlatforms) = preSolution
		Debug|Any CPU = Debug|Any CPU
		Release|Any CPU = Release|Any CPU
	EndGlobalSection
	GlobalSection(ProjectConfigurationPlatforms) = postSolution
		{E361ED0D-BEF3-498E-9007-FD2444427F78}.Debug|Any CPU.ActiveCfg = Debug|Any CPU
		{E361ED0D-BEF3-498E-9007-FD2444427F78}.Debug|Any CPU.Build.0 = Debug|Any CPU
		{E361ED0D-BEF3-498E-9007-FD2444427F78}.Release|Any CPU.ActiveCfg = Release|Any CPU
		{E361ED0D-BEF3-498E-9007-FD2444427F78}.Release|Any CPU.Build.0 = Release|Any CPU
		{38A95EA6-58E3-4E4C-A372-DF15387AE3C7}.Debug|Any CPU.ActiveCfg = Debug|Any CPU
		{38A95EA6-58E3-4E4C-A372-DF15387AE3C7}.Debug|Any CPU.Build.0 = Debug|Any CPU
		{38A95EA6-58E3-4E4C-A372-DF15387AE3C7}.Release|Any CPU.ActiveCfg = Release|Any CPU
		{38A95EA6-58E3-4E4C-A372-DF15387AE3C7}.Release|Any CPU.Build.0 = Release|Any CPU
		{248D980C-F8C6-4D21-9D77-3D9A875C69B8}.Debug|Any CPU.ActiveCfg = Debug|Any CPU
		{248D980C-F8C6-4D21-9D77-3D9A875C69B8}.Debug|Any CPU.Build.0 = Debug|Any CPU
		{248D980C-F8C6-4D21-9D77-3D9A875C69B8}.Release|Any CPU.ActiveCfg = Release|Any CPU
		{248D980C-F8C6-4D21-9D77-3D9A875C69B8}.Release|Any CPU.Build.0 = Release|Any CPU
		{0447F27E-00B0-4741-A7AA-0946C1ADF720}.Debug|Any CPU.ActiveCfg = Debug|Any CPU
		{0447F27E-00B0-4741-A7AA-0946C1ADF720}.Debug|Any CPU.Build.0 = Debug|Any CPU
		{0447F27E-00B0-4741-A7AA-0946C1ADF720}.Release|Any CPU.ActiveCfg = Release|Any CPU
		{0447F27E-00B0-4741-A7AA-0946C1ADF720}.Release|Any CPU.Build.0 = Release|Any CPU
		{DBC877CB-A869-4F98-99BE-A3D23B653B22}.Debug|Any CPU.ActiveCfg = Debug|Any CPU
		{DBC877CB-A869-4F98-99BE-A3D23B653B22}.Debug|Any CPU.Build.0 = Debug|Any CPU
		{DBC877CB-A869-4F98-99BE-A3D23B653B22}.Release|Any CPU.ActiveCfg = Release|Any CPU
		{DBC877CB-A869-4F98-99BE-A3D23B653B22}.Release|Any CPU.Build.0 = Release|Any CPU
	EndGlobalSection
	GlobalSection(SolutionProperties) = preSolution
		HideSolutionNode = FALSE
	EndGlobalSection
	GlobalSection(ExtensibilityGlobals) = postSolution
		SolutionGuid = {8C69037F-8ABF-455E-A83C-56A03A9FAF0E}
	EndGlobalSection
EndGlobal
