
Microsoft Visual Studio Solution File, Format Version 12.00
# Visual Studio 15
VisualStudioVersion = 15.0.26228.12
MinimumVisualStudioVersion = 10.0.40219.1
Project("{FAE04EC0-301F-11D3-BF4B-00C04F79EFBC}") = "LiveDemo", "LiveDemo\LiveDemo.csproj", "{5CFF6282-2D3E-4B89-9BF2-814320C6339C}"
EndProject
Project("{FAE04EC0-301F-11D3-BF4B-00C04F79EFBC}") = "PrintingDictionary", "PrintingDictionary\PrintingDictionary.csproj", "{5DAC262C-50FA-42D5-966D-7AF87C223D34}"
EndProject
Project("{FAE04EC0-301F-11D3-BF4B-00C04F79EFBC}") = "ReadingDictionary", "ReadingDictionary\ReadingDictionary.csproj", "{D9FF1F65-7F2B-4161-B742-5BC56D2029DD}"
EndProject
Project("{FAE04EC0-301F-11D3-BF4B-00C04F79EFBC}") = "P01.CountRealNumbers", "P01.CountRealNumbers\P01.CountRealNumbers.csproj", "{9C4571D6-CBEC-456F-8831-50A5FBA94FBC}"
EndProject
Project("{FAE04EC0-301F-11D3-BF4B-00C04F79EFBC}") = "P02.OddOccurrences", "P02.OddOccurrences\P02.OddOccurrences.csproj", "{5B9D215A-7C68-40BF-825C-9F7B6672D070}"
EndProject
Project("{FAE04EC0-301F-11D3-BF4B-00C04F79EFBC}") = "P03.SumMinMaxAverage", "P03.SumMinMaxAverage\P03.SumMinMaxAverage.csproj", "{32BD2C66-3088-4EA4-B799-F3099C394921}"
EndProject
Project("{FAE04EC0-301F-11D3-BF4B-00C04F79EFBC}") = "P04.Largest3Numbers", "P04.Largest3Numbers\P04.Largest3Numbers.csproj", "{FDBB38DB-2EC8-4FD2-BF04-C65D4F4749DE}"
EndProject
Project("{FAE04EC0-301F-11D3-BF4B-00C04F79EFBC}") = "P05.ShortWordsSorted", "P05.ShortWordsSorted\P05.ShortWordsSorted.csproj", "{34C66465-347A-470F-9E52-BD1A3B7E7286}"
EndProject
Project("{FAE04EC0-301F-11D3-BF4B-00C04F79EFBC}") = "P06.FoldAndSum", "P06.FoldAndSum\P06.FoldAndSum.csproj", "{0A60E1FF-0277-4971-AC9A-32EAC611A184}"
EndProject
Global
	GlobalSection(SolutionConfigurationPlatforms) = preSolution
		Debug|Any CPU = Debug|Any CPU
		Release|Any CPU = Release|Any CPU
	EndGlobalSection
	GlobalSection(ProjectConfigurationPlatforms) = postSolution
		{5CFF6282-2D3E-4B89-9BF2-814320C6339C}.Debug|Any CPU.ActiveCfg = Debug|Any CPU
		{5CFF6282-2D3E-4B89-9BF2-814320C6339C}.Debug|Any CPU.Build.0 = Debug|Any CPU
		{5CFF6282-2D3E-4B89-9BF2-814320C6339C}.Release|Any CPU.ActiveCfg = Release|Any CPU
		{5CFF6282-2D3E-4B89-9BF2-814320C6339C}.Release|Any CPU.Build.0 = Release|Any CPU
		{5DAC262C-50FA-42D5-966D-7AF87C223D34}.Debug|Any CPU.ActiveCfg = Debug|Any CPU
		{5DAC262C-50FA-42D5-966D-7AF87C223D34}.Debug|Any CPU.Build.0 = Debug|Any CPU
		{5DAC262C-50FA-42D5-966D-7AF87C223D34}.Release|Any CPU.ActiveCfg = Release|Any CPU
		{5DAC262C-50FA-42D5-966D-7AF87C223D34}.Release|Any CPU.Build.0 = Release|Any CPU
		{D9FF1F65-7F2B-4161-B742-5BC56D2029DD}.Debug|Any CPU.ActiveCfg = Debug|Any CPU
		{D9FF1F65-7F2B-4161-B742-5BC56D2029DD}.Debug|Any CPU.Build.0 = Debug|Any CPU
		{D9FF1F65-7F2B-4161-B742-5BC56D2029DD}.Release|Any CPU.ActiveCfg = Release|Any CPU
		{D9FF1F65-7F2B-4161-B742-5BC56D2029DD}.Release|Any CPU.Build.0 = Release|Any CPU
		{9C4571D6-CBEC-456F-8831-50A5FBA94FBC}.Debug|Any CPU.ActiveCfg = Debug|Any CPU
		{9C4571D6-CBEC-456F-8831-50A5FBA94FBC}.Debug|Any CPU.Build.0 = Debug|Any CPU
		{9C4571D6-CBEC-456F-8831-50A5FBA94FBC}.Release|Any CPU.ActiveCfg = Release|Any CPU
		{9C4571D6-CBEC-456F-8831-50A5FBA94FBC}.Release|Any CPU.Build.0 = Release|Any CPU
		{5B9D215A-7C68-40BF-825C-9F7B6672D070}.Debug|Any CPU.ActiveCfg = Debug|Any CPU
		{5B9D215A-7C68-40BF-825C-9F7B6672D070}.Debug|Any CPU.Build.0 = Debug|Any CPU
		{5B9D215A-7C68-40BF-825C-9F7B6672D070}.Release|Any CPU.ActiveCfg = Release|Any CPU
		{5B9D215A-7C68-40BF-825C-9F7B6672D070}.Release|Any CPU.Build.0 = Release|Any CPU
		{32BD2C66-3088-4EA4-B799-F3099C394921}.Debug|Any CPU.ActiveCfg = Debug|Any CPU
		{32BD2C66-3088-4EA4-B799-F3099C394921}.Debug|Any CPU.Build.0 = Debug|Any CPU
		{32BD2C66-3088-4EA4-B799-F3099C394921}.Release|Any CPU.ActiveCfg = Release|Any CPU
		{32BD2C66-3088-4EA4-B799-F3099C394921}.Release|Any CPU.Build.0 = Release|Any CPU
		{FDBB38DB-2EC8-4FD2-BF04-C65D4F4749DE}.Debug|Any CPU.ActiveCfg = Debug|Any CPU
		{FDBB38DB-2EC8-4FD2-BF04-C65D4F4749DE}.Debug|Any CPU.Build.0 = Debug|Any CPU
		{FDBB38DB-2EC8-4FD2-BF04-C65D4F4749DE}.Release|Any CPU.ActiveCfg = Release|Any CPU
		{FDBB38DB-2EC8-4FD2-BF04-C65D4F4749DE}.Release|Any CPU.Build.0 = Release|Any CPU
		{34C66465-347A-470F-9E52-BD1A3B7E7286}.Debug|Any CPU.ActiveCfg = Debug|Any CPU
		{34C66465-347A-470F-9E52-BD1A3B7E7286}.Debug|Any CPU.Build.0 = Debug|Any CPU
		{34C66465-347A-470F-9E52-BD1A3B7E7286}.Release|Any CPU.ActiveCfg = Release|Any CPU
		{34C66465-347A-470F-9E52-BD1A3B7E7286}.Release|Any CPU.Build.0 = Release|Any CPU
		{0A60E1FF-0277-4971-AC9A-32EAC611A184}.Debug|Any CPU.ActiveCfg = Debug|Any CPU
		{0A60E1FF-0277-4971-AC9A-32EAC611A184}.Debug|Any CPU.Build.0 = Debug|Any CPU
		{0A60E1FF-0277-4971-AC9A-32EAC611A184}.Release|Any CPU.ActiveCfg = Release|Any CPU
		{0A60E1FF-0277-4971-AC9A-32EAC611A184}.Release|Any CPU.Build.0 = Release|Any CPU
	EndGlobalSection
	GlobalSection(SolutionProperties) = preSolution
		HideSolutionNode = FALSE
	EndGlobalSection
EndGlobal
