
Microsoft Visual Studio Solution File, Format Version 12.00
# Visual Studio 15
VisualStudioVersion = 15.0.27130.2024
MinimumVisualStudioVersion = 10.0.40219.1
Project("{FAE04EC0-301F-11D3-BF4B-00C04F79EFBC}") = "ExamRetake5September2017", "ExamRetake_5September2017\ExamRetake5September2017.csproj", "{17F83F0F-F33F-4EF5-9072-BC02FD9AB1B6}"
EndProject
Global
	GlobalSection(SolutionConfigurationPlatforms) = preSolution
		Debug|Any CPU = Debug|Any CPU
		Release|Any CPU = Release|Any CPU
	EndGlobalSection
	GlobalSection(ProjectConfigurationPlatforms) = postSolution
		{17F83F0F-F33F-4EF5-9072-BC02FD9AB1B6}.Debug|Any CPU.ActiveCfg = Debug|Any CPU
		{17F83F0F-F33F-4EF5-9072-BC02FD9AB1B6}.Debug|Any CPU.Build.0 = Debug|Any CPU
		{17F83F0F-F33F-4EF5-9072-BC02FD9AB1B6}.Release|Any CPU.ActiveCfg = Release|Any CPU
		{17F83F0F-F33F-4EF5-9072-BC02FD9AB1B6}.Release|Any CPU.Build.0 = Release|Any CPU
	EndGlobalSection
	GlobalSection(SolutionProperties) = preSolution
		HideSolutionNode = FALSE
	EndGlobalSection
	GlobalSection(ExtensibilityGlobals) = postSolution
		SolutionGuid = {51EB3DCD-CCB4-4102-8E8F-79D90C7B4A20}
	EndGlobalSection
EndGlobal
