
Microsoft Visual Studio Solution File, Format Version 12.00
# Visual Studio 15
VisualStudioVersion = 15.0.27130.2024
MinimumVisualStudioVersion = 10.0.40219.1
Project("{FAE04EC0-301F-11D3-BF4B-00C04F79EFBC}") = "P01_MathOperations", "P01_MathOperations\P01_MathOperations.csproj", "{C5EF74EA-7783-4F7C-89D2-45487C3DC8AB}"
EndProject
Project("{FAE04EC0-301F-11D3-BF4B-00C04F79EFBC}") = "P02_Animals", "P02_Animals\P02_Animals.csproj", "{D652D668-8718-47E9-B7B2-F321F5ACC161}"
EndProject
Project("{FAE04EC0-301F-11D3-BF4B-00C04F79EFBC}") = "Shapes", "Shapes\Shapes.csproj", "{98CF3217-F831-4E99-8885-9ACBDCB3BEAE}"
EndProject
Global
	GlobalSection(SolutionConfigurationPlatforms) = preSolution
		Debug|Any CPU = Debug|Any CPU
		Release|Any CPU = Release|Any CPU
	EndGlobalSection
	GlobalSection(ProjectConfigurationPlatforms) = postSolution
		{C5EF74EA-7783-4F7C-89D2-45487C3DC8AB}.Debug|Any CPU.ActiveCfg = Debug|Any CPU
		{C5EF74EA-7783-4F7C-89D2-45487C3DC8AB}.Debug|Any CPU.Build.0 = Debug|Any CPU
		{C5EF74EA-7783-4F7C-89D2-45487C3DC8AB}.Release|Any CPU.ActiveCfg = Release|Any CPU
		{C5EF74EA-7783-4F7C-89D2-45487C3DC8AB}.Release|Any CPU.Build.0 = Release|Any CPU
		{D652D668-8718-47E9-B7B2-F321F5ACC161}.Debug|Any CPU.ActiveCfg = Debug|Any CPU
		{D652D668-8718-47E9-B7B2-F321F5ACC161}.Debug|Any CPU.Build.0 = Debug|Any CPU
		{D652D668-8718-47E9-B7B2-F321F5ACC161}.Release|Any CPU.ActiveCfg = Release|Any CPU
		{D652D668-8718-47E9-B7B2-F321F5ACC161}.Release|Any CPU.Build.0 = Release|Any CPU
		{98CF3217-F831-4E99-8885-9ACBDCB3BEAE}.Debug|Any CPU.ActiveCfg = Debug|Any CPU
		{98CF3217-F831-4E99-8885-9ACBDCB3BEAE}.Debug|Any CPU.Build.0 = Debug|Any CPU
		{98CF3217-F831-4E99-8885-9ACBDCB3BEAE}.Release|Any CPU.ActiveCfg = Release|Any CPU
		{98CF3217-F831-4E99-8885-9ACBDCB3BEAE}.Release|Any CPU.Build.0 = Release|Any CPU
	EndGlobalSection
	GlobalSection(SolutionProperties) = preSolution
		HideSolutionNode = FALSE
	EndGlobalSection
	GlobalSection(ExtensibilityGlobals) = postSolution
		SolutionGuid = {EFC894A6-3E08-49DE-A2C6-B5ADB2925AF0}
	EndGlobalSection
EndGlobal
