
Microsoft Visual Studio Solution File, Format Version 12.00
# Visual Studio 15
VisualStudioVersion = 15.0.27130.2024
MinimumVisualStudioVersion = 10.0.40219.1
Project("{9A19103F-16F7-4668-BE54-9A1E7A4F7556}") = "Demo", "Demo\Demo.csproj", "{C15985BB-6E38-4E4C-9BC1-5DF6C8637E96}"
EndProject
Project("{FAE04EC0-301F-11D3-BF4B-00C04F79EFBC}") = "WpfApp1", "WpfApp1\WpfApp1.csproj", "{50B352AE-080A-42CF-9F00-C88BB68BC3FE}"
EndProject
Project("{FAE04EC0-301F-11D3-BF4B-00C04F79EFBC}") = "Lab", "Lab\Lab.csproj", "{0D1AFC0C-2B3B-4B74-ABF4-0D7325D31698}"
EndProject
Project("{FAE04EC0-301F-11D3-BF4B-00C04F79EFBC}") = "LabExercise", "LabExercise\LabExercise.csproj", "{3C2FC797-7BB7-4745-AF8D-CA338200CD29}"
EndProject
Global
	GlobalSection(SolutionConfigurationPlatforms) = preSolution
		Debug|Any CPU = Debug|Any CPU
		Release|Any CPU = Release|Any CPU
	EndGlobalSection
	GlobalSection(ProjectConfigurationPlatforms) = postSolution
		{C15985BB-6E38-4E4C-9BC1-5DF6C8637E96}.Debug|Any CPU.ActiveCfg = Debug|Any CPU
		{C15985BB-6E38-4E4C-9BC1-5DF6C8637E96}.Debug|Any CPU.Build.0 = Debug|Any CPU
		{C15985BB-6E38-4E4C-9BC1-5DF6C8637E96}.Release|Any CPU.ActiveCfg = Release|Any CPU
		{C15985BB-6E38-4E4C-9BC1-5DF6C8637E96}.Release|Any CPU.Build.0 = Release|Any CPU
		{50B352AE-080A-42CF-9F00-C88BB68BC3FE}.Debug|Any CPU.ActiveCfg = Debug|Any CPU
		{50B352AE-080A-42CF-9F00-C88BB68BC3FE}.Debug|Any CPU.Build.0 = Debug|Any CPU
		{50B352AE-080A-42CF-9F00-C88BB68BC3FE}.Release|Any CPU.ActiveCfg = Release|Any CPU
		{50B352AE-080A-42CF-9F00-C88BB68BC3FE}.Release|Any CPU.Build.0 = Release|Any CPU
		{0D1AFC0C-2B3B-4B74-ABF4-0D7325D31698}.Debug|Any CPU.ActiveCfg = Debug|Any CPU
		{0D1AFC0C-2B3B-4B74-ABF4-0D7325D31698}.Debug|Any CPU.Build.0 = Debug|Any CPU
		{0D1AFC0C-2B3B-4B74-ABF4-0D7325D31698}.Release|Any CPU.ActiveCfg = Release|Any CPU
		{0D1AFC0C-2B3B-4B74-ABF4-0D7325D31698}.Release|Any CPU.Build.0 = Release|Any CPU
		{3C2FC797-7BB7-4745-AF8D-CA338200CD29}.Debug|Any CPU.ActiveCfg = Debug|Any CPU
		{3C2FC797-7BB7-4745-AF8D-CA338200CD29}.Debug|Any CPU.Build.0 = Debug|Any CPU
		{3C2FC797-7BB7-4745-AF8D-CA338200CD29}.Release|Any CPU.ActiveCfg = Release|Any CPU
		{3C2FC797-7BB7-4745-AF8D-CA338200CD29}.Release|Any CPU.Build.0 = Release|Any CPU
	EndGlobalSection
	GlobalSection(SolutionProperties) = preSolution
		HideSolutionNode = FALSE
	EndGlobalSection
	GlobalSection(ExtensibilityGlobals) = postSolution
		SolutionGuid = {7E638B83-367C-4B91-9DD1-1F27111B10E2}
	EndGlobalSection
EndGlobal
